
Microsoft Visual Studio Solution File, Format Version 12.00
# Visual Studio Version 16
VisualStudioVersion = 16.0.29728.190
MinimumVisualStudioVersion = 10.0.40219.1
Project("{2150E333-8FDC-42A3-9474-1A3956D46DE8}") = "Solution Items", "Solution Items", "{3B60B280-0CE6-4330-8BED-9C289760D4A7}"
	ProjectSection(SolutionItems) = preProject
		.editorconfig = .editorconfig
		ChangeLog.txt = ChangeLog.txt
	EndProjectSection
EndProject
Project("{2150E333-8FDC-42A3-9474-1A3956D46DE8}") = "Demos", "Demos", "{D9F6B8A1-4B01-4708-8851-741FC19F2440}"
EndProject
Project("{2150E333-8FDC-42A3-9474-1A3956D46DE8}") = "AllOverIt", "AllOverIt", "{0DC79E13-DE7A-417D-8A7B-64ABA3F4E1C8}"
EndProject
Project("{2150E333-8FDC-42A3-9474-1A3956D46DE8}") = "Source", "Source", "{FC8E8DB2-1299-44F4-A233-0EDCE225BB8C}"
EndProject
Project("{2150E333-8FDC-42A3-9474-1A3956D46DE8}") = "Tests", "Tests", "{0C08FAE6-4CD9-4C7B-A849-EB0DB9BD1451}"
EndProject
Project("{9A19103F-16F7-4668-BE54-9A1E7A4F7556}") = "AllOverIt", "Source\AllOverIt\AllOverIt.csproj", "{553E7550-90BD-4DAE-9460-3D5B58BA4E00}"
EndProject
Project("{9A19103F-16F7-4668-BE54-9A1E7A4F7556}") = "AllOverIt.Tests", "Tests\AllOverIt.Tests\AllOverIt.Tests.csproj", "{C167DD2C-B7E8-454E-8F29-05C87D1F6FD0}"
EndProject
Project("{9A19103F-16F7-4668-BE54-9A1E7A4F7556}") = "AllOverIt.Fixture", "Source\AllOverIt.Fixture\AllOverIt.Fixture.csproj", "{19080B7C-ABE3-43FC-A436-BF7BE67FEC20}"
EndProject
Project("{9A19103F-16F7-4668-BE54-9A1E7A4F7556}") = "AllOverIt.Fixture.Tests", "Tests\AllOverIt.Fixture.Tests\AllOverIt.Fixture.Tests.csproj", "{7EE59FE2-C4B7-4A02-B270-DFFE12D80EF8}"
EndProject
Project("{9A19103F-16F7-4668-BE54-9A1E7A4F7556}") = "DirectorySearchDemo", "Demos\AllOverIt\DirectorySearch\DirectorySearchDemo.csproj", "{CAF836AD-A2C8-4C4D-A659-AFD869C12745}"
EndProject
Project("{9A19103F-16F7-4668-BE54-9A1E7A4F7556}") = "FileSearchDemo", "Demos\AllOverIt\FileSearch\FileSearchDemo.csproj", "{F298A0AB-9FD5-46A2-B840-7927B79A722D}"
EndProject
Project("{9A19103F-16F7-4668-BE54-9A1E7A4F7556}") = "RepeatingTaskDemo", "Demos\AllOverIt\RepeatingTask\RepeatingTaskDemo.csproj", "{D31D421B-E4A5-49A4-A9F6-DFA09F0DE7DD}"
EndProject
Project("{9A19103F-16F7-4668-BE54-9A1E7A4F7556}") = "AllOverIt.Evaluator", "Source\AllOverIt.Evaluator\AllOverIt.Evaluator.csproj", "{9EF85E63-53DB-457F-AC54-29B54881F154}"
EndProject
Project("{9A19103F-16F7-4668-BE54-9A1E7A4F7556}") = "AllOverIt.Evaluator.Tests", "Tests\AllOverIt.Evaluator.Tests\AllOverIt.Evaluator.Tests.csproj", "{093073B2-388C-4035-B9DE-38E8B23901E8}"
EndProject
Project("{9A19103F-16F7-4668-BE54-9A1E7A4F7556}") = "AllOverIt.Fixture.FakeItEasy", "Source\AllOverIt.Fixture.FakeItEasy\AllOverIt.Fixture.FakeItEasy.csproj", "{2C8BC761-AE3A-4111-B9FC-3E27D4BB15AA}"
EndProject
Project("{2150E333-8FDC-42A3-9474-1A3956D46DE8}") = "AllOverIt.Evaluator", "AllOverIt.Evaluator", "{E511BE3F-9514-4F49-86D7-1F168A5606A7}"
EndProject
Project("{9A19103F-16F7-4668-BE54-9A1E7A4F7556}") = "BasicEvaluation", "Demos\AllOverIt.Evaluator\BasicEvaluation\BasicEvaluation.csproj", "{5EC2D81B-5B2A-4872-BF22-EE86DF1A1A10}"
EndProject
Project("{9A19103F-16F7-4668-BE54-9A1E7A4F7556}") = "CustomOperation", "Demos\AllOverIt.Evaluator\CustomOperation\CustomOperation.csproj", "{509B48E3-EC0E-4ACF-B070-324C46989013}"
EndProject
Project("{9A19103F-16F7-4668-BE54-9A1E7A4F7556}") = "DelegateEvaluation", "Demos\AllOverIt.Evaluator\DelegateEvaluation\DelegateEvaluation.csproj", "{6EA9DB69-ECC0-49CC-AD4A-A35019653C8C}"
EndProject
Project("{9A19103F-16F7-4668-BE54-9A1E7A4F7556}") = "MixedEvaluation", "Demos\AllOverIt.Evaluator\MixedEvaluation\MixedEvaluation.csproj", "{AA8C4B77-EEA2-48A9-B47F-FD084C90F7D0}"
EndProject
Project("{9A19103F-16F7-4668-BE54-9A1E7A4F7556}") = "ParallelEvaluation", "Demos\AllOverIt.Evaluator\ParallelEvaluation\ParallelEvaluation.csproj", "{9A00711A-36BE-45AF-BE7F-375E2F8D232D}"
EndProject
Project("{9A19103F-16F7-4668-BE54-9A1E7A4F7556}") = "VariableEvaluation", "Demos\AllOverIt.Evaluator\VariableEvaluation\VariableEvaluation.csproj", "{5A2999A6-DD3B-467D-AD9E-9E4019E58A4A}"
EndProject
Project("{9A19103F-16F7-4668-BE54-9A1E7A4F7556}") = "VariableLookup", "Demos\AllOverIt.Evaluator\VariableLookup\VariableLookup.csproj", "{6BA56AF9-795F-4197-9D3B-5F84F203F5D9}"
EndProject
Project("{9A19103F-16F7-4668-BE54-9A1E7A4F7556}") = "AllOverIt.Aws.Cdk.AppSync", "Source\AllOverIt.Aws.Cdk.AppSync\AllOverIt.Aws.Cdk.AppSync.csproj", "{076E55F4-0237-4FE2-9332-7355385E46EE}"
EndProject
Project("{2150E333-8FDC-42A3-9474-1A3956D46DE8}") = "AllOverIt.Aws.Cdk.AppSync", "AllOverIt.Aws.Cdk.AppSync", "{6805597E-F10D-4625-B3DE-88B3A40F8CF1}"
EndProject
Project("{9A19103F-16F7-4668-BE54-9A1E7A4F7556}") = "GraphqlSchema", "Demos\AllOverIt.Aws.Cdk.AppSync\GraphqlSchema\GraphqlSchema.csproj", "{DA3D5D73-0058-484F-9D81-37F896D01FE3}"
EndProject
Project("{9A19103F-16F7-4668-BE54-9A1E7A4F7556}") = "SerializeObjectProperties", "Demos\AllOverIt\SerializeObjectProperties\SerializeObjectProperties.csproj", "{549B6B10-C55D-465F-96BC-D87B0BB72BE5}"
EndProject
Project("{2150E333-8FDC-42A3-9474-1A3956D46DE8}") = "AllOverIt.GenericHost", "AllOverIt.GenericHost", "{CABC42F0-658F-42FF-8FD4-40B7EF8694E3}"
EndProject
Project("{FAE04EC0-301F-11D3-BF4B-00C04F79EFBC}") = "HostedConsoleApp", "Demos\AllOverIt.GenericHost\HostedConsoleApp\HostedConsoleApp.csproj", "{37892CDC-598B-4900-90D2-B1D1F5901AE5}"
EndProject
Project("{9A19103F-16F7-4668-BE54-9A1E7A4F7556}") = "AllOverIt.GenericHost", "Source\AllOverIt.GenericHost\AllOverIt.GenericHost.csproj", "{63B7F68B-46C2-48A0-A4BC-ED38E1751403}"
EndProject
Global
	GlobalSection(SolutionConfigurationPlatforms) = preSolution
		Debug|Any CPU = Debug|Any CPU
		Release|Any CPU = Release|Any CPU
	EndGlobalSection
	GlobalSection(ProjectConfigurationPlatforms) = postSolution
		{553E7550-90BD-4DAE-9460-3D5B58BA4E00}.Debug|Any CPU.ActiveCfg = Debug|Any CPU
		{553E7550-90BD-4DAE-9460-3D5B58BA4E00}.Debug|Any CPU.Build.0 = Debug|Any CPU
		{553E7550-90BD-4DAE-9460-3D5B58BA4E00}.Release|Any CPU.ActiveCfg = Release|Any CPU
		{553E7550-90BD-4DAE-9460-3D5B58BA4E00}.Release|Any CPU.Build.0 = Release|Any CPU
		{C167DD2C-B7E8-454E-8F29-05C87D1F6FD0}.Debug|Any CPU.ActiveCfg = Debug|Any CPU
		{C167DD2C-B7E8-454E-8F29-05C87D1F6FD0}.Debug|Any CPU.Build.0 = Debug|Any CPU
		{C167DD2C-B7E8-454E-8F29-05C87D1F6FD0}.Release|Any CPU.ActiveCfg = Release|Any CPU
		{C167DD2C-B7E8-454E-8F29-05C87D1F6FD0}.Release|Any CPU.Build.0 = Release|Any CPU
		{19080B7C-ABE3-43FC-A436-BF7BE67FEC20}.Debug|Any CPU.ActiveCfg = Debug|Any CPU
		{19080B7C-ABE3-43FC-A436-BF7BE67FEC20}.Debug|Any CPU.Build.0 = Debug|Any CPU
		{19080B7C-ABE3-43FC-A436-BF7BE67FEC20}.Release|Any CPU.ActiveCfg = Release|Any CPU
		{19080B7C-ABE3-43FC-A436-BF7BE67FEC20}.Release|Any CPU.Build.0 = Release|Any CPU
		{7EE59FE2-C4B7-4A02-B270-DFFE12D80EF8}.Debug|Any CPU.ActiveCfg = Debug|Any CPU
		{7EE59FE2-C4B7-4A02-B270-DFFE12D80EF8}.Debug|Any CPU.Build.0 = Debug|Any CPU
		{7EE59FE2-C4B7-4A02-B270-DFFE12D80EF8}.Release|Any CPU.ActiveCfg = Release|Any CPU
		{7EE59FE2-C4B7-4A02-B270-DFFE12D80EF8}.Release|Any CPU.Build.0 = Release|Any CPU
		{CAF836AD-A2C8-4C4D-A659-AFD869C12745}.Debug|Any CPU.ActiveCfg = Debug|Any CPU
		{CAF836AD-A2C8-4C4D-A659-AFD869C12745}.Debug|Any CPU.Build.0 = Debug|Any CPU
		{CAF836AD-A2C8-4C4D-A659-AFD869C12745}.Release|Any CPU.ActiveCfg = Release|Any CPU
		{CAF836AD-A2C8-4C4D-A659-AFD869C12745}.Release|Any CPU.Build.0 = Release|Any CPU
		{F298A0AB-9FD5-46A2-B840-7927B79A722D}.Debug|Any CPU.ActiveCfg = Debug|Any CPU
		{F298A0AB-9FD5-46A2-B840-7927B79A722D}.Debug|Any CPU.Build.0 = Debug|Any CPU
		{F298A0AB-9FD5-46A2-B840-7927B79A722D}.Release|Any CPU.ActiveCfg = Release|Any CPU
		{F298A0AB-9FD5-46A2-B840-7927B79A722D}.Release|Any CPU.Build.0 = Release|Any CPU
		{D31D421B-E4A5-49A4-A9F6-DFA09F0DE7DD}.Debug|Any CPU.ActiveCfg = Debug|Any CPU
		{D31D421B-E4A5-49A4-A9F6-DFA09F0DE7DD}.Debug|Any CPU.Build.0 = Debug|Any CPU
		{D31D421B-E4A5-49A4-A9F6-DFA09F0DE7DD}.Release|Any CPU.ActiveCfg = Release|Any CPU
		{D31D421B-E4A5-49A4-A9F6-DFA09F0DE7DD}.Release|Any CPU.Build.0 = Release|Any CPU
		{9EF85E63-53DB-457F-AC54-29B54881F154}.Debug|Any CPU.ActiveCfg = Debug|Any CPU
		{9EF85E63-53DB-457F-AC54-29B54881F154}.Debug|Any CPU.Build.0 = Debug|Any CPU
		{9EF85E63-53DB-457F-AC54-29B54881F154}.Release|Any CPU.ActiveCfg = Release|Any CPU
		{9EF85E63-53DB-457F-AC54-29B54881F154}.Release|Any CPU.Build.0 = Release|Any CPU
		{093073B2-388C-4035-B9DE-38E8B23901E8}.Debug|Any CPU.ActiveCfg = Debug|Any CPU
		{093073B2-388C-4035-B9DE-38E8B23901E8}.Debug|Any CPU.Build.0 = Debug|Any CPU
		{093073B2-388C-4035-B9DE-38E8B23901E8}.Release|Any CPU.ActiveCfg = Release|Any CPU
		{093073B2-388C-4035-B9DE-38E8B23901E8}.Release|Any CPU.Build.0 = Release|Any CPU
		{2C8BC761-AE3A-4111-B9FC-3E27D4BB15AA}.Debug|Any CPU.ActiveCfg = Debug|Any CPU
		{2C8BC761-AE3A-4111-B9FC-3E27D4BB15AA}.Debug|Any CPU.Build.0 = Debug|Any CPU
		{2C8BC761-AE3A-4111-B9FC-3E27D4BB15AA}.Release|Any CPU.ActiveCfg = Release|Any CPU
		{2C8BC761-AE3A-4111-B9FC-3E27D4BB15AA}.Release|Any CPU.Build.0 = Release|Any CPU
		{5EC2D81B-5B2A-4872-BF22-EE86DF1A1A10}.Debug|Any CPU.ActiveCfg = Debug|Any CPU
		{5EC2D81B-5B2A-4872-BF22-EE86DF1A1A10}.Debug|Any CPU.Build.0 = Debug|Any CPU
		{5EC2D81B-5B2A-4872-BF22-EE86DF1A1A10}.Release|Any CPU.ActiveCfg = Release|Any CPU
		{5EC2D81B-5B2A-4872-BF22-EE86DF1A1A10}.Release|Any CPU.Build.0 = Release|Any CPU
		{509B48E3-EC0E-4ACF-B070-324C46989013}.Debug|Any CPU.ActiveCfg = Debug|Any CPU
		{509B48E3-EC0E-4ACF-B070-324C46989013}.Debug|Any CPU.Build.0 = Debug|Any CPU
		{509B48E3-EC0E-4ACF-B070-324C46989013}.Release|Any CPU.ActiveCfg = Release|Any CPU
		{509B48E3-EC0E-4ACF-B070-324C46989013}.Release|Any CPU.Build.0 = Release|Any CPU
		{6EA9DB69-ECC0-49CC-AD4A-A35019653C8C}.Debug|Any CPU.ActiveCfg = Debug|Any CPU
		{6EA9DB69-ECC0-49CC-AD4A-A35019653C8C}.Debug|Any CPU.Build.0 = Debug|Any CPU
		{6EA9DB69-ECC0-49CC-AD4A-A35019653C8C}.Release|Any CPU.ActiveCfg = Release|Any CPU
		{6EA9DB69-ECC0-49CC-AD4A-A35019653C8C}.Release|Any CPU.Build.0 = Release|Any CPU
		{AA8C4B77-EEA2-48A9-B47F-FD084C90F7D0}.Debug|Any CPU.ActiveCfg = Debug|Any CPU
		{AA8C4B77-EEA2-48A9-B47F-FD084C90F7D0}.Debug|Any CPU.Build.0 = Debug|Any CPU
		{AA8C4B77-EEA2-48A9-B47F-FD084C90F7D0}.Release|Any CPU.ActiveCfg = Release|Any CPU
		{AA8C4B77-EEA2-48A9-B47F-FD084C90F7D0}.Release|Any CPU.Build.0 = Release|Any CPU
		{9A00711A-36BE-45AF-BE7F-375E2F8D232D}.Debug|Any CPU.ActiveCfg = Debug|Any CPU
		{9A00711A-36BE-45AF-BE7F-375E2F8D232D}.Debug|Any CPU.Build.0 = Debug|Any CPU
		{9A00711A-36BE-45AF-BE7F-375E2F8D232D}.Release|Any CPU.ActiveCfg = Release|Any CPU
		{9A00711A-36BE-45AF-BE7F-375E2F8D232D}.Release|Any CPU.Build.0 = Release|Any CPU
		{5A2999A6-DD3B-467D-AD9E-9E4019E58A4A}.Debug|Any CPU.ActiveCfg = Debug|Any CPU
		{5A2999A6-DD3B-467D-AD9E-9E4019E58A4A}.Debug|Any CPU.Build.0 = Debug|Any CPU
		{5A2999A6-DD3B-467D-AD9E-9E4019E58A4A}.Release|Any CPU.ActiveCfg = Release|Any CPU
		{5A2999A6-DD3B-467D-AD9E-9E4019E58A4A}.Release|Any CPU.Build.0 = Release|Any CPU
		{6BA56AF9-795F-4197-9D3B-5F84F203F5D9}.Debug|Any CPU.ActiveCfg = Debug|Any CPU
		{6BA56AF9-795F-4197-9D3B-5F84F203F5D9}.Debug|Any CPU.Build.0 = Debug|Any CPU
		{6BA56AF9-795F-4197-9D3B-5F84F203F5D9}.Release|Any CPU.ActiveCfg = Release|Any CPU
		{6BA56AF9-795F-4197-9D3B-5F84F203F5D9}.Release|Any CPU.Build.0 = Release|Any CPU
		{076E55F4-0237-4FE2-9332-7355385E46EE}.Debug|Any CPU.ActiveCfg = Debug|Any CPU
		{076E55F4-0237-4FE2-9332-7355385E46EE}.Debug|Any CPU.Build.0 = Debug|Any CPU
		{076E55F4-0237-4FE2-9332-7355385E46EE}.Release|Any CPU.ActiveCfg = Release|Any CPU
		{076E55F4-0237-4FE2-9332-7355385E46EE}.Release|Any CPU.Build.0 = Release|Any CPU
		{DA3D5D73-0058-484F-9D81-37F896D01FE3}.Debug|Any CPU.ActiveCfg = Debug|Any CPU
		{DA3D5D73-0058-484F-9D81-37F896D01FE3}.Debug|Any CPU.Build.0 = Debug|Any CPU
		{DA3D5D73-0058-484F-9D81-37F896D01FE3}.Release|Any CPU.ActiveCfg = Release|Any CPU
		{DA3D5D73-0058-484F-9D81-37F896D01FE3}.Release|Any CPU.Build.0 = Release|Any CPU
		{549B6B10-C55D-465F-96BC-D87B0BB72BE5}.Debug|Any CPU.ActiveCfg = Debug|Any CPU
		{549B6B10-C55D-465F-96BC-D87B0BB72BE5}.Debug|Any CPU.Build.0 = Debug|Any CPU
		{549B6B10-C55D-465F-96BC-D87B0BB72BE5}.Release|Any CPU.ActiveCfg = Release|Any CPU
		{549B6B10-C55D-465F-96BC-D87B0BB72BE5}.Release|Any CPU.Build.0 = Release|Any CPU
		{37892CDC-598B-4900-90D2-B1D1F5901AE5}.Debug|Any CPU.ActiveCfg = Debug|Any CPU
		{37892CDC-598B-4900-90D2-B1D1F5901AE5}.Debug|Any CPU.Build.0 = Debug|Any CPU
		{37892CDC-598B-4900-90D2-B1D1F5901AE5}.Release|Any CPU.ActiveCfg = Release|Any CPU
		{37892CDC-598B-4900-90D2-B1D1F5901AE5}.Release|Any CPU.Build.0 = Release|Any CPU
		{63B7F68B-46C2-48A0-A4BC-ED38E1751403}.Debug|Any CPU.ActiveCfg = Debug|Any CPU
		{63B7F68B-46C2-48A0-A4BC-ED38E1751403}.Debug|Any CPU.Build.0 = Debug|Any CPU
		{63B7F68B-46C2-48A0-A4BC-ED38E1751403}.Release|Any CPU.ActiveCfg = Release|Any CPU
		{63B7F68B-46C2-48A0-A4BC-ED38E1751403}.Release|Any CPU.Build.0 = Release|Any CPU
	EndGlobalSection
	GlobalSection(SolutionProperties) = preSolution
		HideSolutionNode = FALSE
	EndGlobalSection
	GlobalSection(NestedProjects) = preSolution
		{0DC79E13-DE7A-417D-8A7B-64ABA3F4E1C8} = {D9F6B8A1-4B01-4708-8851-741FC19F2440}
		{553E7550-90BD-4DAE-9460-3D5B58BA4E00} = {FC8E8DB2-1299-44F4-A233-0EDCE225BB8C}
		{C167DD2C-B7E8-454E-8F29-05C87D1F6FD0} = {0C08FAE6-4CD9-4C7B-A849-EB0DB9BD1451}
		{19080B7C-ABE3-43FC-A436-BF7BE67FEC20} = {FC8E8DB2-1299-44F4-A233-0EDCE225BB8C}
		{7EE59FE2-C4B7-4A02-B270-DFFE12D80EF8} = {0C08FAE6-4CD9-4C7B-A849-EB0DB9BD1451}
		{CAF836AD-A2C8-4C4D-A659-AFD869C12745} = {0DC79E13-DE7A-417D-8A7B-64ABA3F4E1C8}
		{F298A0AB-9FD5-46A2-B840-7927B79A722D} = {0DC79E13-DE7A-417D-8A7B-64ABA3F4E1C8}
		{D31D421B-E4A5-49A4-A9F6-DFA09F0DE7DD} = {0DC79E13-DE7A-417D-8A7B-64ABA3F4E1C8}
		{9EF85E63-53DB-457F-AC54-29B54881F154} = {FC8E8DB2-1299-44F4-A233-0EDCE225BB8C}
		{093073B2-388C-4035-B9DE-38E8B23901E8} = {0C08FAE6-4CD9-4C7B-A849-EB0DB9BD1451}
		{2C8BC761-AE3A-4111-B9FC-3E27D4BB15AA} = {FC8E8DB2-1299-44F4-A233-0EDCE225BB8C}
		{E511BE3F-9514-4F49-86D7-1F168A5606A7} = {D9F6B8A1-4B01-4708-8851-741FC19F2440}
		{5EC2D81B-5B2A-4872-BF22-EE86DF1A1A10} = {E511BE3F-9514-4F49-86D7-1F168A5606A7}
		{509B48E3-EC0E-4ACF-B070-324C46989013} = {E511BE3F-9514-4F49-86D7-1F168A5606A7}
		{6EA9DB69-ECC0-49CC-AD4A-A35019653C8C} = {E511BE3F-9514-4F49-86D7-1F168A5606A7}
		{AA8C4B77-EEA2-48A9-B47F-FD084C90F7D0} = {E511BE3F-9514-4F49-86D7-1F168A5606A7}
		{9A00711A-36BE-45AF-BE7F-375E2F8D232D} = {E511BE3F-9514-4F49-86D7-1F168A5606A7}
		{5A2999A6-DD3B-467D-AD9E-9E4019E58A4A} = {E511BE3F-9514-4F49-86D7-1F168A5606A7}
		{6BA56AF9-795F-4197-9D3B-5F84F203F5D9} = {E511BE3F-9514-4F49-86D7-1F168A5606A7}
		{076E55F4-0237-4FE2-9332-7355385E46EE} = {FC8E8DB2-1299-44F4-A233-0EDCE225BB8C}
		{6805597E-F10D-4625-B3DE-88B3A40F8CF1} = {D9F6B8A1-4B01-4708-8851-741FC19F2440}
		{DA3D5D73-0058-484F-9D81-37F896D01FE3} = {6805597E-F10D-4625-B3DE-88B3A40F8CF1}
		{549B6B10-C55D-465F-96BC-D87B0BB72BE5} = {0DC79E13-DE7A-417D-8A7B-64ABA3F4E1C8}
		{CABC42F0-658F-42FF-8FD4-40B7EF8694E3} = {D9F6B8A1-4B01-4708-8851-741FC19F2440}
		{37892CDC-598B-4900-90D2-B1D1F5901AE5} = {CABC42F0-658F-42FF-8FD4-40B7EF8694E3}
		{63B7F68B-46C2-48A0-A4BC-ED38E1751403} = {FC8E8DB2-1299-44F4-A233-0EDCE225BB8C}
	EndGlobalSection
	GlobalSection(ExtensibilityGlobals) = postSolution
		SolutionGuid = {19DD11B3-596E-4862-B5C4-1FFFFB173106}
	EndGlobalSection
EndGlobal
