
Microsoft Visual Studio Solution File, Format Version 12.00
# Visual Studio Version 17
VisualStudioVersion = 17.0.31903.59
MinimumVisualStudioVersion = 10.0.40219.1
Project("{2150E333-8FDC-42A3-9474-1A3956D46DE8}") = "Solution Items", "Solution Items", "{3B60B280-0CE6-4330-8BED-9C289760D4A7}"
	ProjectSection(SolutionItems) = preProject
		.editorconfig = .editorconfig
		Change Log.md = Change Log.md
		Docs\Dependencies\Dependency Summary.md = Docs\Dependencies\Dependency Summary.md
		LICENSE.md = LICENSE.md
		README.md = README.md
	EndProjectSection
EndProject
Project("{2150E333-8FDC-42A3-9474-1A3956D46DE8}") = "Demos", "Demos", "{D9F6B8A1-4B01-4708-8851-741FC19F2440}"
	ProjectSection(SolutionItems) = preProject
		Demos\Directory.Build.props = Demos\Directory.Build.props
	EndProjectSection
EndProject
Project("{2150E333-8FDC-42A3-9474-1A3956D46DE8}") = "AllOverIt", "AllOverIt", "{0DC79E13-DE7A-417D-8A7B-64ABA3F4E1C8}"
EndProject
Project("{2150E333-8FDC-42A3-9474-1A3956D46DE8}") = "Source", "Source", "{FC8E8DB2-1299-44F4-A233-0EDCE225BB8C}"
	ProjectSection(SolutionItems) = preProject
		Source\Directory.Build.props = Source\Directory.Build.props
	EndProjectSection
EndProject
Project("{2150E333-8FDC-42A3-9474-1A3956D46DE8}") = "Tests", "Tests", "{0C08FAE6-4CD9-4C7B-A849-EB0DB9BD1451}"
	ProjectSection(SolutionItems) = preProject
		Tests\Directory.Build.props = Tests\Directory.Build.props
	EndProjectSection
EndProject
Project("{9A19103F-16F7-4668-BE54-9A1E7A4F7556}") = "AllOverIt", "Source\AllOverIt\AllOverIt.csproj", "{553E7550-90BD-4DAE-9460-3D5B58BA4E00}"
EndProject
Project("{9A19103F-16F7-4668-BE54-9A1E7A4F7556}") = "AllOverIt.Tests", "Tests\AllOverIt.Tests\AllOverIt.Tests.csproj", "{C167DD2C-B7E8-454E-8F29-05C87D1F6FD0}"
EndProject
Project("{9A19103F-16F7-4668-BE54-9A1E7A4F7556}") = "AllOverIt.Fixture", "Source\AllOverIt.Fixture\AllOverIt.Fixture.csproj", "{19080B7C-ABE3-43FC-A436-BF7BE67FEC20}"
EndProject
Project("{9A19103F-16F7-4668-BE54-9A1E7A4F7556}") = "AllOverIt.Fixture.Tests", "Tests\AllOverIt.Fixture.Tests\AllOverIt.Fixture.Tests.csproj", "{7EE59FE2-C4B7-4A02-B270-DFFE12D80EF8}"
EndProject
Project("{9A19103F-16F7-4668-BE54-9A1E7A4F7556}") = "AllOverIt.Evaluator", "Source\AllOverIt.Evaluator\AllOverIt.Evaluator.csproj", "{9EF85E63-53DB-457F-AC54-29B54881F154}"
EndProject
Project("{9A19103F-16F7-4668-BE54-9A1E7A4F7556}") = "AllOverIt.Evaluator.Tests", "Tests\AllOverIt.Evaluator.Tests\AllOverIt.Evaluator.Tests.csproj", "{093073B2-388C-4035-B9DE-38E8B23901E8}"
EndProject
Project("{9A19103F-16F7-4668-BE54-9A1E7A4F7556}") = "AllOverIt.Fixture.FakeItEasy", "Source\AllOverIt.Fixture.FakeItEasy\AllOverIt.Fixture.FakeItEasy.csproj", "{2C8BC761-AE3A-4111-B9FC-3E27D4BB15AA}"
EndProject
Project("{2150E333-8FDC-42A3-9474-1A3956D46DE8}") = "AllOverIt.Evaluator", "AllOverIt.Evaluator", "{E511BE3F-9514-4F49-86D7-1F168A5606A7}"
EndProject
Project("{9A19103F-16F7-4668-BE54-9A1E7A4F7556}") = "AllOverIt.Aws.Cdk.AppSync", "Source\AllOverIt.Aws.Cdk.AppSync\AllOverIt.Aws.Cdk.AppSync.csproj", "{076E55F4-0237-4FE2-9332-7355385E46EE}"
EndProject
Project("{2150E333-8FDC-42A3-9474-1A3956D46DE8}") = "AllOverIt.Aws.Cdk.AppSync", "AllOverIt.Aws.Cdk.AppSync", "{6805597E-F10D-4625-B3DE-88B3A40F8CF1}"
EndProject
Project("{9A19103F-16F7-4668-BE54-9A1E7A4F7556}") = "GraphqlSchema", "Demos\AllOverIt.Aws.Cdk.AppSync\GraphqlSchema\GraphqlSchema.csproj", "{DA3D5D73-0058-484F-9D81-37F896D01FE3}"
EndProject
Project("{2150E333-8FDC-42A3-9474-1A3956D46DE8}") = "AllOverIt.GenericHost", "AllOverIt.GenericHost", "{CABC42F0-658F-42FF-8FD4-40B7EF8694E3}"
EndProject
Project("{9A19103F-16F7-4668-BE54-9A1E7A4F7556}") = "AllOverIt.GenericHost", "Source\AllOverIt.GenericHost\AllOverIt.GenericHost.csproj", "{63B7F68B-46C2-48A0-A4BC-ED38E1751403}"
EndProject
Project("{9A19103F-16F7-4668-BE54-9A1E7A4F7556}") = "AllOverIt.Validation", "Source\AllOverIt.Validation\AllOverIt.Validation.csproj", "{EED94EDD-8F7A-4002-B5C0-993125ED0130}"
EndProject
Project("{9A19103F-16F7-4668-BE54-9A1E7A4F7556}") = "AllOverIt.Validation.Tests", "Tests\AllOverIt.Validation.Tests\AllOverIt.Validation.Tests.csproj", "{69E6B98B-81CF-4029-8F06-7A633672B105}"
EndProject
Project("{2150E333-8FDC-42A3-9474-1A3956D46DE8}") = "AllOverIt.Validation", "AllOverIt.Validation", "{736417D6-56B0-46F7-9717-5C8E7A2327EA}"
EndProject
Project("{9A19103F-16F7-4668-BE54-9A1E7A4F7556}") = "EvaluatorBenchmarking", "Demos\AllOverIt.Evaluator\Benchmarking\EvaluatorBenchmarking\EvaluatorBenchmarking.csproj", "{A24B905A-CA34-43F4-BB7E-8D5BDB378513}"
EndProject
Project("{2150E333-8FDC-42A3-9474-1A3956D46DE8}") = "Benchmarking", "Benchmarking", "{C0559391-35D0-4F52-8224-589CEDA72A54}"
EndProject
Project("{9A19103F-16F7-4668-BE54-9A1E7A4F7556}") = "AllOverIt.Aws.AppSync.Client", "Source\AllOverIt.Aws.AppSync.Client\AllOverIt.Aws.AppSync.Client.csproj", "{F0E272A8-B1F9-4C18-A55A-A37673034765}"
EndProject
Project("{2150E333-8FDC-42A3-9474-1A3956D46DE8}") = "AllOverIt.Aws.AppSync.Client", "AllOverIt.Aws.AppSync.Client", "{CBDD29EC-7EEC-482B-BA26-AAD4ED6508C1}"
EndProject
Project("{2150E333-8FDC-42A3-9474-1A3956D46DE8}") = "Benchmarking", "Benchmarking", "{17CD389D-25DF-4075-980B-96C1A77C779E}"
EndProject
Project("{9A19103F-16F7-4668-BE54-9A1E7A4F7556}") = "SerializationFilterBenchmarking", "Demos\AllOverIt\Benchmarking\SerializationFilterBenchmarking\SerializationFilterBenchmarking.csproj", "{CE75AD84-EC90-449D-9C97-3BBC2A62BD4F}"
EndProject
Project("{2150E333-8FDC-42A3-9474-1A3956D46DE8}") = "Patterns", "Patterns", "{595F3EB1-3F3D-4942-9A5A-95CD8621607B}"
EndProject
Project("{9A19103F-16F7-4668-BE54-9A1E7A4F7556}") = "SpecificationBenchmarking", "Demos\AllOverIt\Benchmarking\SpecificationBenchmarking\SpecificationBenchmarking.csproj", "{516511F7-AB29-48D8-B654-5A64C09D5CDE}"
EndProject
Project("{9A19103F-16F7-4668-BE54-9A1E7A4F7556}") = "AllOverIt.AspNetCore", "Source\AllOverIt.AspNetCore\AllOverIt.AspNetCore.csproj", "{EE9450F4-0D4E-42D0-9B51-97B637082709}"
EndProject
Project("{2150E333-8FDC-42A3-9474-1A3956D46DE8}") = "AllOverIt.AspNetCore", "AllOverIt.AspNetCore", "{2832A6A4-B658-4AC7-8CC6-3C5B1148DDDA}"
EndProject
Project("{2150E333-8FDC-42A3-9474-1A3956D46DE8}") = "IO", "IO", "{7D0E9F64-0026-40E0-BE68-4B6745C89508}"
EndProject
Project("{2150E333-8FDC-42A3-9474-1A3956D46DE8}") = "Events", "Events", "{B361DA8D-6E98-42AF-933B-03D46A556A14}"
EndProject
Project("{2150E333-8FDC-42A3-9474-1A3956D46DE8}") = "Async", "Async", "{8C59FA79-C374-4755-9195-1E36C14E8EB2}"
EndProject
Project("{2150E333-8FDC-42A3-9474-1A3956D46DE8}") = "Formatters", "Formatters", "{8C7C06B1-A308-4AE2-9847-930BC59307EB}"
EndProject
Project("{2150E333-8FDC-42A3-9474-1A3956D46DE8}") = "Process", "Process", "{E299B68D-3B53-46D8-80AC-22B7334D48A2}"
EndProject
Project("{9A19103F-16F7-4668-BE54-9A1E7A4F7556}") = "ChainOfResponsibilityDemo", "Demos\AllOverIt\Patterns\ChainOfResponsibilityDemo\ChainOfResponsibilityDemo.csproj", "{B6EC68E3-95A7-4699-AC0F-4C37B557A778}"
EndProject
Project("{9A19103F-16F7-4668-BE54-9A1E7A4F7556}") = "LinqSpecificationDemo", "Demos\AllOverIt\Patterns\LinqSpecificationDemo\LinqSpecificationDemo.csproj", "{2D5C0329-C9E3-4C88-800A-3114E5B1D86D}"
EndProject
Project("{9A19103F-16F7-4668-BE54-9A1E7A4F7556}") = "SpecificationDemo", "Demos\AllOverIt\Patterns\SpecificationDemo\SpecificationDemo.csproj", "{0003385E-8E39-4D7B-A36D-D0EAAF58AE9F}"
EndProject
Project("{9A19103F-16F7-4668-BE54-9A1E7A4F7556}") = "DirectorySearchDemo", "Demos\AllOverIt\Io\DirectorySearchDemo\DirectorySearchDemo.csproj", "{4B4B4E07-BE7D-4A0F-9F46-A2C9101BFE84}"
EndProject
Project("{9A19103F-16F7-4668-BE54-9A1E7A4F7556}") = "FileSearchDemo", "Demos\AllOverIt\Io\FileSearchDemo\FileSearchDemo.csproj", "{197CEFD9-B3D7-4412-9779-DA2AAB948571}"
EndProject
Project("{9A19103F-16F7-4668-BE54-9A1E7A4F7556}") = "EventAggregatorDemo", "Demos\AllOverIt\Events\EventAggregatorDemo\EventAggregatorDemo.csproj", "{A39105A2-73B2-43A3-888E-070989E22EDE}"
EndProject
Project("{9A19103F-16F7-4668-BE54-9A1E7A4F7556}") = "RepeatingTaskDemo", "Demos\AllOverIt\Async\RepeatingTaskDemo\RepeatingTaskDemo.csproj", "{8574C3C3-B112-4969-B651-8A1E5EE07647}"
EndProject
Project("{9A19103F-16F7-4668-BE54-9A1E7A4F7556}") = "ForEachAsyncBenchmarking", "Demos\AllOverIt\Benchmarking\ForEachAsyncBenchmarking\ForEachAsyncBenchmarking.csproj", "{3BB90668-9DB6-4A60-99CE-3EAE000B57DA}"
EndProject
Project("{9A19103F-16F7-4668-BE54-9A1E7A4F7556}") = "AllOverIt.EntityFrameworkCore", "Source\AllOverIt.EntityFrameworkCore\AllOverIt.EntityFrameworkCore.csproj", "{45968E68-628C-424A-9D97-ABCAE0A40E78}"
EndProject
Project("{2150E333-8FDC-42A3-9474-1A3956D46DE8}") = "AllOverIt.EntityFrameworkCore", "AllOverIt.EntityFrameworkCore", "{FF30E74E-0317-4439-9327-A0BB72B230D0}"
EndProject
Project("{9A19103F-16F7-4668-BE54-9A1E7A4F7556}") = "EFEnumerationDemo", "Demos\AllOverIt.EntityFrameworkCore\EFEnumerationDemo\EFEnumerationDemo.csproj", "{2F1AC178-B4D2-475D-8AD7-A1FEFBD19938}"
EndProject
Project("{9A19103F-16F7-4668-BE54-9A1E7A4F7556}") = "EnumerationDemo", "Demos\AllOverIt\Patterns\EnumerationDemo\EnumerationDemo.csproj", "{2691BE45-E44C-4B4E-BDAD-8BD9F837BCBC}"
EndProject
Project("{9A19103F-16F7-4668-BE54-9A1E7A4F7556}") = "ValueObjectDemo", "Demos\AllOverIt\Patterns\ValueObjectDemo\ValueObjectDemo.csproj", "{94ADD2AF-0D36-4619-A71B-6D01E5CB7D5E}"
EndProject
Project("{2150E333-8FDC-42A3-9474-1A3956D46DE8}") = "AllOverIt.Serialization.NewtonsoftJson", "AllOverIt.Serialization.NewtonsoftJson", "{89A5CF22-C375-4673-A42F-B72F49695667}"
EndProject
Project("{2150E333-8FDC-42A3-9474-1A3956D46DE8}") = "AllOverIt.Serialization.SystemTextJson", "AllOverIt.Serialization.SystemTextJson", "{C4C80BCB-C982-4F13-B34D-2B3D61F6CD3D}"
EndProject
Project("{9A19103F-16F7-4668-BE54-9A1E7A4F7556}") = "AllOverIt.Csv", "Source\AllOverIt.Csv\AllOverIt.Csv.csproj", "{446692DF-6B68-4983-A8C0-204CAD8F7910}"
EndProject
Project("{2150E333-8FDC-42A3-9474-1A3956D46DE8}") = "AllOverIt.Csv", "AllOverIt.Csv", "{CE8FDC96-11E9-4FA9-9F9D-351738D817D4}"
EndProject
Project("{2150E333-8FDC-42A3-9474-1A3956D46DE8}") = "Helpers", "Helpers", "{643B62BB-CF51-4D34-B899-636273B91123}"
EndProject
Project("{9A19103F-16F7-4668-BE54-9A1E7A4F7556}") = "AllOverIt.Reactive", "Source\AllOverIt.Reactive\AllOverIt.Reactive.csproj", "{DADCB028-A3B4-4C1D-BBCF-849C2FE99030}"
EndProject
Project("{9A19103F-16F7-4668-BE54-9A1E7A4F7556}") = "AllOverIt.Reactive.Tests", "Tests\AllOverIt.Reactive.Tests\AllOverIt.Reactive.Tests.csproj", "{012359CF-083F-4814-B2DE-084648CBB709}"
EndProject
Project("{2150E333-8FDC-42A3-9474-1A3956D46DE8}") = "AllOverIt.Reactive", "AllOverIt.Reactive", "{5CBF91E4-7BC4-40C4-A68C-55726C4D0E1B}"
EndProject
Project("{9A19103F-16F7-4668-BE54-9A1E7A4F7556}") = "StringStreamDemo", "Demos\AllOverIt\Io\StringStreamDemo\StringStreamDemo.csproj", "{0CD4A4DD-C880-42E3-8777-EDF1468EA916}"
EndProject
Project("{9A19103F-16F7-4668-BE54-9A1E7A4F7556}") = "AllOverIt.Assertion", "Source\AllOverIt.Assertion\AllOverIt.Assertion.csproj", "{16885504-62AA-4FC2-8DDB-7F4D57113222}"
EndProject
Project("{9A19103F-16F7-4668-BE54-9A1E7A4F7556}") = "AllOverIt.Assertion.Tests", "Tests\AllOverIt.Assertion.Tests\AllOverIt.Assertion.Tests.csproj", "{DA041F12-525F-432F-92DA-2AD9873BE70C}"
EndProject
Project("{2150E333-8FDC-42A3-9474-1A3956D46DE8}") = "Caching", "Caching", "{CD70553D-C6F5-48C1-A700-4DE7512A069C}"
EndProject
Project("{9A19103F-16F7-4668-BE54-9A1E7A4F7556}") = "GenericCacheDemo", "Demos\AllOverIt\Caching\GenericCacheDemo\GenericCacheDemo.csproj", "{8C080657-DE3A-4E3E-BC70-E1BFC6EB84F8}"
EndProject
Project("{9A19103F-16F7-4668-BE54-9A1E7A4F7556}") = "AllOverIt.Csv.Tests", "Tests\AllOverIt.Csv.Tests\AllOverIt.Csv.Tests.csproj", "{60F8B544-3B69-46B2-AE16-8BFF4C643F94}"
EndProject
Project("{9A19103F-16F7-4668-BE54-9A1E7A4F7556}") = "AllOverIt.DependencyInjection", "Source\AllOverIt.DependencyInjection\AllOverIt.DependencyInjection.csproj", "{5B228E47-A869-49FB-889E-4A813243F77A}"
EndProject
Project("{2150E333-8FDC-42A3-9474-1A3956D46DE8}") = "AllOverIt.DependencyInjection", "AllOverIt.DependencyInjection", "{1A6904EB-3859-4901-803A-903DE27F6D60}"
EndProject
Project("{9A19103F-16F7-4668-BE54-9A1E7A4F7556}") = "ExternalDependencies", "Demos\AllOverIt.DependencyInjection\ExternalDependencies\ExternalDependencies.csproj", "{CC517F6C-29CA-4557-9256-B3241058A23B}"
EndProject
Project("{9A19103F-16F7-4668-BE54-9A1E7A4F7556}") = "AllOverIt.DependencyInjection.Tests", "Tests\AllOverIt.DependencyInjection.Tests\AllOverIt.DependencyInjection.Tests.csproj", "{7DE85B5F-B5F0-4418-9E60-367FF9759DB7}"
EndProject
Project("{9A19103F-16F7-4668-BE54-9A1E7A4F7556}") = "AllOverIt.DependencyInjection.Tests.Types", "Tests\AllOverIt.DependencyInjection.Tests.Types\AllOverIt.DependencyInjection.Tests.Types.csproj", "{0F213191-E87F-4C95-AE94-7B8916DA1BBE}"
EndProject
Project("{2150E333-8FDC-42A3-9474-1A3956D46DE8}") = "AllOverIt.Serialization.JsonHelper", "AllOverIt.Serialization.JsonHelper", "{11BE607F-1784-438D-AF93-F6A253CD1FE9}"
EndProject
Project("{2150E333-8FDC-42A3-9474-1A3956D46DE8}") = "Diagnostics", "Diagnostics", "{458D961B-BF7C-458C-8CD5-7DA8AB06DCCA}"
EndProject
Project("{9A19103F-16F7-4668-BE54-9A1E7A4F7556}") = "DiagnosticsDemo", "Demos\AllOverIt\Diagnostics\DiagnosticsDemo\DiagnosticsDemo.csproj", "{B139507C-AAB4-45CB-A812-78ED58B3F314}"
EndProject
Project("{9A19103F-16F7-4668-BE54-9A1E7A4F7556}") = "AllOverIt.Pagination", "Source\AllOverIt.Pagination\AllOverIt.Pagination.csproj", "{C8507C7C-8BF2-4BA6-8563-3D7A52EC9D42}"
EndProject
Project("{2150E333-8FDC-42A3-9474-1A3956D46DE8}") = "AllOverIt.Pagination", "AllOverIt.Pagination", "{FB7E848C-C503-4835-A323-1FCF3E72AB71}"
EndProject
Project("{9A19103F-16F7-4668-BE54-9A1E7A4F7556}") = "AllOverIt.EntityFrameworkCore.Pagination", "Source\AllOverIt.EntityFrameworkCore.Pagination\AllOverIt.EntityFrameworkCore.Pagination.csproj", "{F326CA08-F70C-4B87-8B33-56A86A1BBD8A}"
EndProject
Project("{9A19103F-16F7-4668-BE54-9A1E7A4F7556}") = "AllOverIt.Pagination.Tests", "Tests\AllOverIt.Pagination.Tests\AllOverIt.Pagination.Tests.csproj", "{479A3A06-C90D-4FEB-8237-86D62B23CAA9}"
EndProject
Project("{9A19103F-16F7-4668-BE54-9A1E7A4F7556}") = "CompiledReflectionBenchmarking", "Demos\AllOverIt\Benchmarking\CompiledReflectionBenchmarking\CompiledReflectionBenchmarking.csproj", "{E605A939-0B55-4BEF-821A-D6A59C382232}"
EndProject
Project("{9A19103F-16F7-4668-BE54-9A1E7A4F7556}") = "AllOverIt.ReactiveUI", "Source\AllOverIt.ReactiveUI\AllOverIt.ReactiveUI.csproj", "{864BF048-1229-463F-8B2A-6655B8770255}"
EndProject
Project("{9A19103F-16F7-4668-BE54-9A1E7A4F7556}") = "MemoryPaginationDemo", "Demos\AllOverIt.Pagination\MemoryPaginationDemo\MemoryPaginationDemo.csproj", "{03EF88CD-2897-4005-851C-9249D091E697}"
EndProject
Project("{2150E333-8FDC-42A3-9474-1A3956D46DE8}") = "AllOverIt.Assertion", "AllOverIt.Assertion", "{DF0960C9-1088-442A-B8A7-CAA3966A4271}"
EndProject
Project("{9A19103F-16F7-4668-BE54-9A1E7A4F7556}") = "ThrowWhenBenchmarking", "Demos\AllOverIt.Assertion\Benchmarking\ThrowWhenBenchmarking\ThrowWhenBenchmarking.csproj", "{4F3C23D6-D074-4B11-8926-633D92C015E1}"
EndProject
Project("{2150E333-8FDC-42A3-9474-1A3956D46DE8}") = "AllOverIt.Filtering", "AllOverIt.Filtering", "{ACBA60A5-46AE-4659-8117-22C741751F7A}"
EndProject
Project("{9A19103F-16F7-4668-BE54-9A1E7A4F7556}") = "FilteringDemo", "Demos\AllOverIt.Filtering\FilteringDemo\FilteringDemo.csproj", "{2305424D-7DB6-44C1-8FCB-6D06241B5D7B}"
EndProject
Project("{9A19103F-16F7-4668-BE54-9A1E7A4F7556}") = "AllOverIt.Filtering", "Source\AllOverIt.Filtering\AllOverIt.Filtering.csproj", "{339CC9B1-4ABB-4A93-A147-7BFA7434321A}"
EndProject
Project("{9A19103F-16F7-4668-BE54-9A1E7A4F7556}") = "AllOverIt.Filtering.Tests", "Tests\AllOverIt.Filtering.Tests\AllOverIt.Filtering.Tests.csproj", "{EF9F8FA4-6002-4498-8E60-9915A0D1DC4C}"
EndProject
Project("{2150E333-8FDC-42A3-9474-1A3956D46DE8}") = "AllOverIt.ReactiveUI", "AllOverIt.ReactiveUI", "{CBA4C7C8-2425-4DDB-969E-831048D84BF3}"
EndProject
Project("{9A19103F-16F7-4668-BE54-9A1E7A4F7556}") = "CommandDemo", "Demos\AllOverIt\Patterns\CommandDemo\CommandDemo.csproj", "{0DFD74F8-432E-4630-A320-01EDCD28D896}"
EndProject
Project("{2150E333-8FDC-42A3-9474-1A3956D46DE8}") = "Aspects", "Aspects", "{159274B7-426D-4CFB-9B6B-51E563AD10BB}"
EndProject
Project("{9A19103F-16F7-4668-BE54-9A1E7A4F7556}") = "InterceptorDemo", "Demos\AllOverIt\Aspects\InterceptorDemo\InterceptorDemo.csproj", "{ACEF7477-6AD1-491E-8F14-C4A2B0506327}"
EndProject
Project("{9A19103F-16F7-4668-BE54-9A1E7A4F7556}") = "InterceptorBenchmarking", "Demos\AllOverIt\Benchmarking\InterceptorBenchmarking\InterceptorBenchmarking.csproj", "{8F0912A5-F8DA-448A-9779-53701003547A}"
EndProject
Project("{9A19103F-16F7-4668-BE54-9A1E7A4F7556}") = "ChainOfResponsibilityAsyncDemo", "Demos\AllOverIt\Patterns\ChainOfResponsibilityAsyncDemo\ChainOfResponsibilityAsyncDemo.csproj", "{6E868D8F-448C-466F-85FC-8A81F8C60DC8}"
EndProject
Project("{9A19103F-16F7-4668-BE54-9A1E7A4F7556}") = "PipelineDemo", "Demos\AllOverIt\Patterns\PipelineDemo\PipelineDemo.csproj", "{1F697AC1-4224-4780-97C9-70F2A3AC99EE}"
EndProject
Project("{9A19103F-16F7-4668-BE54-9A1E7A4F7556}") = "PipelineAsyncDemo", "Demos\AllOverIt\Patterns\PipelineAsyncDemo\PipelineAsyncDemo.csproj", "{83F7AE5D-1CE9-463C-9D51-A844D8C1E282}"
EndProject
Project("{9A19103F-16F7-4668-BE54-9A1E7A4F7556}") = "PipelineParallelDemo", "Demos\AllOverIt\Patterns\PipelineParallelDemo\PipelineParallelDemo.csproj", "{51D01D2C-D5F1-46DF-B4E8-6D222CBE9FF8}"
EndProject
Project("{9A19103F-16F7-4668-BE54-9A1E7A4F7556}") = "CommandPipelineDemo", "Demos\AllOverIt.ReactiveUI\CommandPipelineDemo\CommandPipelineDemo.csproj", "{2BE9441D-83D4-4F78-943B-00AE7B15B1D5}"
EndProject
Project("{9A19103F-16F7-4668-BE54-9A1E7A4F7556}") = "AllOverIt.ReactiveUI.Tests", "Tests\AllOverIt.ReactiveUI.Tests\AllOverIt.ReactiveUI.Tests.csproj", "{FD0EB5E3-B7D8-44CB-BE55-36FD0CBDAF9D}"
EndProject
Project("{2150E333-8FDC-42A3-9474-1A3956D46DE8}") = "Plugin", "Plugin", "{9E8F785B-3896-40C0-8B66-4F29BA33906B}"
EndProject
Project("{9A19103F-16F7-4668-BE54-9A1E7A4F7556}") = "GCCollectorStartupHook", "Demos\AllOverIt\Plugin\StartupHook\GCCollectorStartupHook\GCCollectorStartupHook.csproj", "{34EBF28A-C98C-4BB3-929B-F3B12C18A3FB}"
EndProject
Project("{9A19103F-16F7-4668-BE54-9A1E7A4F7556}") = "GCCollectorStartupHookProxy", "Demos\AllOverIt\Plugin\StartupHook\GCCollectorStartupHookProxy\GCCollectorStartupHookProxy.csproj", "{9B33AF0F-D64B-47CE-B8B4-921A308A2509}"
EndProject
Project("{9A19103F-16F7-4668-BE54-9A1E7A4F7556}") = "StartupHookDemo", "Demos\AllOverIt\Plugin\StartupHook\StartupHookDemo\StartupHookDemo.csproj", "{48B90FD6-B2AF-45E8-BB0F-1BB287A832C8}"
EndProject
Project("{9A19103F-16F7-4668-BE54-9A1E7A4F7556}") = "AllOverIt.Validation.Options", "Source\AllOverIt.Validation.Options\AllOverIt.Validation.Options.csproj", "{33BB73A8-FE0A-42DC-9123-8DFF48D780FE}"
EndProject
Project("{2150E333-8FDC-42A3-9474-1A3956D46DE8}") = "AllOverIt.Validation.Options", "AllOverIt.Validation.Options", "{BD052D45-0AB7-4D70-A081-09E8F2610050}"
EndProject
Project("{9A19103F-16F7-4668-BE54-9A1E7A4F7556}") = "OptionsValidationDemo", "Demos\AllOverIt.Validation.Options\OptionsValidationDemo\OptionsValidationDemo.csproj", "{6B6883A1-3980-4E46-9CFF-7E793AFA8F38}"
EndProject
Project("{9A19103F-16F7-4668-BE54-9A1E7A4F7556}") = "AllOverIt.EntityFrameworkCore.Diagrams", "Source\AllOverIt.EntityFrameworkCore.Diagrams\AllOverIt.EntityFrameworkCore.Diagrams.csproj", "{70AC5CA8-4B2B-4CB7-9360-F694F1A055FD}"
EndProject
Project("{2150E333-8FDC-42A3-9474-1A3956D46DE8}") = "AllOverIt.EntityFrameworkCore.Pagination", "AllOverIt.EntityFrameworkCore.Pagination", "{97A30034-42D1-4464-9551-AA35D8838136}"
EndProject
Project("{2150E333-8FDC-42A3-9474-1A3956D46DE8}") = "AllOverIt.EntityFrameworkCore.Diagrams", "AllOverIt.EntityFrameworkCore.Diagrams", "{0EA6EBB8-26D2-4E3F-ACB2-47600F506820}"
EndProject
Project("{9A19103F-16F7-4668-BE54-9A1E7A4F7556}") = "NamedDependenciesDemo", "Demos\AllOverIt.DependencyInjection\NamedDependenciesDemo\NamedDependenciesDemo.csproj", "{D3B5C594-6BD5-467B-ABB1-9ABE874A8A61}"
EndProject
Project("{9A19103F-16F7-4668-BE54-9A1E7A4F7556}") = "SerializeObjectPropertiesDemo", "Demos\AllOverIt\Formatters\SerializeObjectPropertiesDemo\SerializeObjectPropertiesDemo.csproj", "{08687AB7-3548-44DD-88D9-4407970CC2BF}"
EndProject
Project("{9A19103F-16F7-4668-BE54-9A1E7A4F7556}") = "PropertyNavigationDemo", "Demos\AllOverIt\Helpers\PropertyNavigationDemo\PropertyNavigationDemo.csproj", "{8E4EA00B-7CBE-4832-AAEC-B6BFB720FA21}"
EndProject
Project("{9A19103F-16F7-4668-BE54-9A1E7A4F7556}") = "ExecuteProcessAndWaitDemo", "Demos\AllOverIt\Process\ExecuteProcessAndWaitDemo\ExecuteProcessAndWaitDemo.csproj", "{994F0ECD-B0A9-442A-B160-8300AA472DAD}"
EndProject
Project("{9A19103F-16F7-4668-BE54-9A1E7A4F7556}") = "EnrichedEnumModelBindingDemo", "Demos\AllOverIt.AspNetCore\EnrichedEnumModelBindingDemo\EnrichedEnumModelBindingDemo.csproj", "{87FBE600-1D83-4811-B3DF-D70DBF8A3E85}"
EndProject
Project("{9A19103F-16F7-4668-BE54-9A1E7A4F7556}") = "AppSyncSubscriptionDemo", "Demos\AllOverIt.Aws.AppSync.Client\AppSyncSubscriptionDemo\AppSyncSubscriptionDemo.csproj", "{CA9DB5CE-868D-4E60-9C55-2D5DEFD28907}"
EndProject
Project("{9A19103F-16F7-4668-BE54-9A1E7A4F7556}") = "CsvExportDemo", "Demos\AllOverIt.Csv\CsvExportDemo\CsvExportDemo.csproj", "{ABCC0D2F-05AE-486C-AD4D-5ECB84C4DA9E}"
EndProject
Project("{9A19103F-16F7-4668-BE54-9A1E7A4F7556}") = "AutoRegistrationDemo", "Demos\AllOverIt.DependencyInjection\AutoRegistrationDemo\AutoRegistrationDemo.csproj", "{8F7F436F-611C-48E1-901F-AEA5E6C8D574}"
EndProject
Project("{9A19103F-16F7-4668-BE54-9A1E7A4F7556}") = "D2ErdDiagramDemo", "Demos\AllOverIt.EntityFrameworkCore.Diagrams\D2ErdDiagramDemo\D2ErdDiagramDemo.csproj", "{FBAC40FA-A4F0-4443-9255-AC538C374E58}"
EndProject
Project("{9A19103F-16F7-4668-BE54-9A1E7A4F7556}") = "PaginationConsoleDemo", "Demos\AllOverIt.EntityFrameworkCore.Pagination\PaginationConsoleDemo\PaginationConsoleDemo.csproj", "{065969A6-5146-456A-A653-D451BC531B7C}"
EndProject
Project("{9A19103F-16F7-4668-BE54-9A1E7A4F7556}") = "BasicEvaluationDemo", "Demos\AllOverIt.Evaluator\BasicEvaluationDemo\BasicEvaluationDemo.csproj", "{8F3865FF-2DE5-480F-92DC-279BE7E1776F}"
EndProject
Project("{9A19103F-16F7-4668-BE54-9A1E7A4F7556}") = "CustomOperationDemo", "Demos\AllOverIt.Evaluator\CustomOperationDemo\CustomOperationDemo.csproj", "{DBD103E3-BE06-4C83-B9D5-130119EDDF6C}"
EndProject
Project("{9A19103F-16F7-4668-BE54-9A1E7A4F7556}") = "DelegateEvaluationDemo", "Demos\AllOverIt.Evaluator\DelegateEvaluationDemo\DelegateEvaluationDemo.csproj", "{B2820A4D-0A92-4CB1-8E1E-B5BA0CEE10B3}"
EndProject
Project("{9A19103F-16F7-4668-BE54-9A1E7A4F7556}") = "MixedEvaluationDemo", "Demos\AllOverIt.Evaluator\MixedEvaluationDemo\MixedEvaluationDemo.csproj", "{316A3EBD-4243-41A7-8B24-627BFA293342}"
EndProject
Project("{9A19103F-16F7-4668-BE54-9A1E7A4F7556}") = "ParallelEvaluationDemo", "Demos\AllOverIt.Evaluator\ParallelEvaluationDemo\ParallelEvaluationDemo.csproj", "{8CCCD0E1-5483-4F44-9E17-C6FAD90FFB7E}"
EndProject
Project("{9A19103F-16F7-4668-BE54-9A1E7A4F7556}") = "VariableEvaluationDemo", "Demos\AllOverIt.Evaluator\VariableEvaluationDemo\VariableEvaluationDemo.csproj", "{DEC1F525-5C7E-47E1-81A1-2E25DE07F71F}"
EndProject
Project("{9A19103F-16F7-4668-BE54-9A1E7A4F7556}") = "VariableLookupDemo", "Demos\AllOverIt.Evaluator\VariableLookupDemo\VariableLookupDemo.csproj", "{BA13B8F8-E659-4B36-954E-0DEAB9CA0D66}"
EndProject
Project("{9A19103F-16F7-4668-BE54-9A1E7A4F7556}") = "HostedConsoleAppDemo", "Demos\AllOverIt.GenericHost\HostedConsoleAppDemo\HostedConsoleAppDemo.csproj", "{0E378D80-11F3-4069-AED3-197FD39D58E0}"
EndProject
Project("{9A19103F-16F7-4668-BE54-9A1E7A4F7556}") = "SubscribedEventsDemo", "Demos\AllOverIt.Reactive\SubscribedEventsDemo\SubscribedEventsDemo.csproj", "{BB4FA7DE-6CF3-4B12-9CAA-43571EE93C90}"
EndProject
Project("{9A19103F-16F7-4668-BE54-9A1E7A4F7556}") = "CountdownTimerAppDemo", "Demos\AllOverIt.ReactiveUI\CountdownTimerAppDemo\CountdownTimerAppDemo.csproj", "{4EB25514-E64E-405D-9C5E-3974BAE0F3A3}"
EndProject
Project("{9A19103F-16F7-4668-BE54-9A1E7A4F7556}") = "InterfaceDeserializationDemo", "Demos\AllOverIt.Serialization.NewtonsoftJson\InterfaceDeserializationDemo\InterfaceDeserializationDemo.csproj", "{2A3997FD-9969-4B88-94AC-611B24110BE5}"
EndProject
Project("{9A19103F-16F7-4668-BE54-9A1E7A4F7556}") = "InterfaceDeserializationDemo", "Demos\AllOverIt.Serialization.SystemTextJson\InterfaceDeserializationDemo\InterfaceDeserializationDemo.csproj", "{399EA0D7-2372-44EE-A6B8-922EE0AEFD25}"
EndProject
Project("{9A19103F-16F7-4668-BE54-9A1E7A4F7556}") = "BasicValidationDemo", "Demos\AllOverIt.Validation\BasicValidationDemo\BasicValidationDemo.csproj", "{92FD8086-1369-4B8D-9A25-C0B4E84B3B44}"
EndProject
Project("{9A19103F-16F7-4668-BE54-9A1E7A4F7556}") = "ValidationViaDependencyInjectionDemo", "Demos\AllOverIt.Validation\ValidationViaDependencyInjectionDemo\ValidationViaDependencyInjectionDemo.csproj", "{5AE7AAF3-6C36-4DFD-AA33-90AEAC24221A}"
EndProject
Project("{9A19103F-16F7-4668-BE54-9A1E7A4F7556}") = "AllOverIt.Mapping", "Source\AllOverIt.Mapping\AllOverIt.Mapping.csproj", "{56CBF688-D563-411B-B72F-F0EBE3F5AA51}"
EndProject
Project("{2150E333-8FDC-42A3-9474-1A3956D46DE8}") = "AllOverIt.Mapping", "AllOverIt.Mapping", "{9E89BE00-37D3-4FB3-A8FC-8DA910998CD1}"
EndProject
Project("{2150E333-8FDC-42A3-9474-1A3956D46DE8}") = "Benchmarking", "Benchmarking", "{EDA9305E-55A6-41EC-A38C-502F4A2E27AA}"
EndProject
Project("{9A19103F-16F7-4668-BE54-9A1E7A4F7556}") = "ObjectMappingBenchmarking", "Demos\AllOverIt.Mapping\Benchmarking\ObjectMappingBenchmarking\ObjectMappingBenchmarking.csproj", "{26E416B4-7084-4D1F-A2D6-FDDD8B39DD69}"
EndProject
Project("{9A19103F-16F7-4668-BE54-9A1E7A4F7556}") = "DtoMappingDemo", "Demos\AllOverIt.Mapping\DtoMappingDemo\DtoMappingDemo.csproj", "{2205341E-C20E-4C3B-8F26-05411CA5617C}"
EndProject
Project("{9A19103F-16F7-4668-BE54-9A1E7A4F7556}") = "AllOverIt.Mapping.Tests", "Tests\AllOverIt.Mapping.Tests\AllOverIt.Mapping.Tests.csproj", "{6EE8EC74-BC11-4B8B-8925-DF21F203DFDF}"
EndProject
Project("{9A19103F-16F7-4668-BE54-9A1E7A4F7556}") = "DeserializeToDictionaryDemo", "Demos\AllOverIt.Serialization.JsonHelper\DeserializeToDictionaryDemo\DeserializeToDictionaryDemo.csproj", "{4AF13589-5535-4A4C-A95B-F13F97775771}"
EndProject
Project("{9A19103F-16F7-4668-BE54-9A1E7A4F7556}") = "AllOverIt.Serialization.Binary", "Source\AllOverIt.Serialization.Binary\AllOverIt.Serialization.Binary.csproj", "{CC4F6A72-6840-407A-B27B-6FE872B0A91F}"
EndProject
Project("{9A19103F-16F7-4668-BE54-9A1E7A4F7556}") = "AllOverIt.Serialization.Binary.Tests", "Tests\AllOverIt.Serialization.Binary.Tests\AllOverIt.Serialization.Binary.Tests.csproj", "{822C7646-3752-492B-9ED8-BC62A071E516}"
EndProject
Project("{2150E333-8FDC-42A3-9474-1A3956D46DE8}") = "AllOverIt.Serialization.Binary", "AllOverIt.Serialization.Binary", "{20338AB6-47BA-4459-96CF-CECFAA47AAEA}"
EndProject
Project("{9A19103F-16F7-4668-BE54-9A1E7A4F7556}") = "BinarySerializationDemo", "Demos\AllOverIt.Serialization.Binary\BinarySerializationDemo\BinarySerializationDemo.csproj", "{17659E91-F90B-41A0-8560-D31D9882C004}"
EndProject
Project("{9A19103F-16F7-4668-BE54-9A1E7A4F7556}") = "AllOverIt.Serialization.Json.Abstractions", "Source\AllOverIt.Serialization.Json.Abstractions\AllOverIt.Serialization.Json.Abstractions.csproj", "{75117B1E-E347-4DA4-AF14-A6FCA7FAE949}"
EndProject
Project("{9A19103F-16F7-4668-BE54-9A1E7A4F7556}") = "AllOverIt.Serialization.Json.Newtonsoft", "Source\AllOverIt.Serialization.Json.Newtonsoft\AllOverIt.Serialization.Json.Newtonsoft.csproj", "{E80F345B-A6BA-4B7E-B2EB-6F1FF7AEFD18}"
EndProject
Project("{9A19103F-16F7-4668-BE54-9A1E7A4F7556}") = "AllOverIt.Serialization.Json.SystemText", "Source\AllOverIt.Serialization.Json.SystemText\AllOverIt.Serialization.Json.SystemText.csproj", "{AFD81DED-CAA0-4DC6-A455-0B675391554A}"
EndProject
Project("{9A19103F-16F7-4668-BE54-9A1E7A4F7556}") = "AllOverIt.Serialization.Json.Abstractions.Tests", "Tests\AllOverIt.Serialization.Json.Abstractions.Tests\AllOverIt.Serialization.Json.Abstractions.Tests.csproj", "{7E7A9641-5CB2-4AE0-B3EB-11DFDE3D9CCA}"
EndProject
Project("{9A19103F-16F7-4668-BE54-9A1E7A4F7556}") = "AllOverIt.Serialization.Json.Newtonsoft.Tests", "Tests\AllOverIt.Serialization.Json.Newtonsoft.Tests\AllOverIt.Serialization.Json.Newtonsoft.Tests.csproj", "{CEA33511-F3EB-49E7-B961-F226E4E5CF5D}"
EndProject
Project("{9A19103F-16F7-4668-BE54-9A1E7A4F7556}") = "AllOverIt.Serialization.Json.SystemText.Tests", "Tests\AllOverIt.Serialization.Json.SystemText.Tests\AllOverIt.Serialization.Json.SystemText.Tests.csproj", "{EA676912-E64A-4E7A-B1D3-D77333FCF770}"
EndProject
Project("{9A19103F-16F7-4668-BE54-9A1E7A4F7556}") = "AllOverIt.Wpf", "Source\AllOverIt.Wpf\AllOverIt.Wpf.csproj", "{0CC6E46B-5B02-4EB0-A927-4C0F1FF3726F}"
EndProject
Project("{2150E333-8FDC-42A3-9474-1A3956D46DE8}") = "AllOverIt.Wpf.Controls", "AllOverIt.Wpf.Controls", "{9F9E0484-B7C2-4CEC-B47B-D0AE62512F1B}"
EndProject
Project("{9A19103F-16F7-4668-BE54-9A1E7A4F7556}") = "AllOverIt.Wpf.Controls", "Source\AllOverIt.Wpf.Controls\AllOverIt.Wpf.Controls.csproj", "{04AE8DA4-A6B0-4211-980A-6EC1CBF736E6}"
EndProject
Project("{9A19103F-16F7-4668-BE54-9A1E7A4F7556}") = "PreviewTextBoxDemo", "Demos\AllOverIt.Wpf.Controls\PreviewTextBoxDemo\PreviewTextBoxDemo.csproj", "{7E4971A2-6672-4D47-825B-FFF53283D72D}"
EndProject
Project("{2150E333-8FDC-42A3-9474-1A3956D46DE8}") = "Benchmarking", "Benchmarking", "{35A59319-72DA-4230-9908-A56F9265C2F0}"
EndProject
Project("{9A19103F-16F7-4668-BE54-9A1E7A4F7556}") = "BinarySerializationBenchmarking", "Demos\AllOverIt.Serialization.Binary\Benchmarking\BinarySerializationBenchmarking\BinarySerializationBenchmarking.csproj", "{95E763EC-CF8B-40F9-B323-3073563D7CDE}"
EndProject
Project("{2150E333-8FDC-42A3-9474-1A3956D46DE8}") = "AllOverIt.Wpf", "AllOverIt.Wpf", "{13DA98B5-96F6-4F75-942B-8BBCEB1EFA1F}"
EndProject
Project("{2150E333-8FDC-42A3-9474-1A3956D46DE8}") = "ThreadBinding", "ThreadBinding", "{09E566C2-F5CD-41EE-9678-6BCB50E6CAA5}"
EndProject
Project("{9A19103F-16F7-4668-BE54-9A1E7A4F7556}") = "ThreadBindingDemo", "Demos\AllOverIt.Wpf\ThreadBindingDemo\ThreadBindingDemo.csproj", "{648D8F54-701A-4DAC-93D0-9DC716977E0B}"
EndProject
Project("{2150E333-8FDC-42A3-9474-1A3956D46DE8}") = "Utils", "Utils", "{C13798A8-E6DF-42EE-9B51-BD36FA7063EC}"
EndProject
Project("{9A19103F-16F7-4668-BE54-9A1E7A4F7556}") = "AllOverItDependencyDiagram", "Utils\AllOverItDependencyDiagram\AllOverItDependencyDiagram.csproj", "{B09CC2C6-A8AB-43FE-A072-C74F68C521EB}"
EndProject
Project("{9A19103F-16F7-4668-BE54-9A1E7A4F7556}") = "ObservableDemo", "Demos\AllOverIt.Reactive\ObservableDemo\ObservableDemo.csproj", "{E5B32579-A447-4F9B-9993-D513D093BA84}"
EndProject
Project("{9A19103F-16F7-4668-BE54-9A1E7A4F7556}") = "ExecuteCommandOnEnterKeyBehavior", "Demos\AllOverIt.Wpf.Controls\ExecuteCommandOnEnterKeyBehavior\ExecuteCommandOnEnterKeyBehavior.csproj", "{B8746E48-11F6-4D1D-8217-FEF4121A29D8}"
EndProject
Project("{9A19103F-16F7-4668-BE54-9A1E7A4F7556}") = "BackgroundTaskDemo", "Demos\AllOverIt\Async\BackgroundTaskDemo\BackgroundTaskDemo.csproj", "{7D463E05-7B56-4622-95F5-FFC4E24DF8C0}"
EndProject
Project("{9A19103F-16F7-4668-BE54-9A1E7A4F7556}") = "AllOverIt.Pipes", "Source\AllOverIt.Pipes\AllOverIt.Pipes.csproj", "{A1BB1F1A-D060-4DA3-AF79-41D98F483675}"
EndProject
Project("{2150E333-8FDC-42A3-9474-1A3956D46DE8}") = "AllOverIt.Pipes", "AllOverIt.Pipes", "{A91B8047-0BEE-4480-87BD-F41320D8F40E}"
EndProject
Project("{2150E333-8FDC-42A3-9474-1A3956D46DE8}") = "NamedPipes", "NamedPipes", "{6D8D98C4-C346-44B7-A901-A0D02395618D}"
EndProject
Project("{9A19103F-16F7-4668-BE54-9A1E7A4F7556}") = "NamedPipeTypes", "Demos\AllOverIt.Pipes\NamedPipes\NamedPipeTypes\NamedPipeTypes.csproj", "{3CCA78FF-BE55-485E-9D57-DE3C3FDB886F}"
EndProject
Project("{9A19103F-16F7-4668-BE54-9A1E7A4F7556}") = "NamedPipeClientDemo", "Demos\AllOverIt.Pipes\NamedPipes\NamedPipeClientDemo\NamedPipeClientDemo.csproj", "{7C9A33FE-D40E-4F7D-B604-6073A2AF1824}"
EndProject
Project("{9A19103F-16F7-4668-BE54-9A1E7A4F7556}") = "NamedPipeServerDemo", "Demos\AllOverIt.Pipes\NamedPipes\NamedPipeServerDemo\NamedPipeServerDemo.csproj", "{8DB040C2-5654-4683-A53E-C0F5F7185BB2}"
EndProject
Project("{2150E333-8FDC-42A3-9474-1A3956D46DE8}") = "Anonymous", "Anonymous", "{1CD4E66C-1DBA-4D81-83A9-5CAFC692023E}"
EndProject
Project("{9A19103F-16F7-4668-BE54-9A1E7A4F7556}") = "AnonymousPipeServerDemo", "Demos\AllOverIt.Pipes\Anonymous\AnonymousPipeServerDemo\AnonymousPipeServerDemo.csproj", "{29DA1B96-F902-4495-883F-F81DD37C610D}"
EndProject
Project("{9A19103F-16F7-4668-BE54-9A1E7A4F7556}") = "AnonymousPipeClientDemo", "Demos\AllOverIt.Pipes\Anonymous\AnonymousPipeClientDemo\AnonymousPipeClientDemo.csproj", "{E6436991-AA83-4C60-AB24-982A6CD56038}"
EndProject
Project("{9A19103F-16F7-4668-BE54-9A1E7A4F7556}") = "AllOverIt.Pipes.Tests", "Tests\AllOverIt.Pipes.Tests\AllOverIt.Pipes.Tests.csproj", "{223C1486-397C-48CC-AC8D-A6E750668C3A}"
EndProject
Project("{2150E333-8FDC-42A3-9474-1A3956D46DE8}") = "Encryption", "Encryption", "{27552239-3553-4F39-A793-BBE2D58BF1AC}"
EndProject
Project("{FAE04EC0-301F-11D3-BF4B-00C04F79EFBC}") = "EncryptionDemo", "Demos\AllOverIt\Encryption\EncryptionDemo\EncryptionDemo.csproj", "{EA055D1D-C265-41AB-97B7-157C5275051C}"
EndProject
Global
	GlobalSection(SolutionConfigurationPlatforms) = preSolution
		Debug|Any CPU = Debug|Any CPU
		Release|Any CPU = Release|Any CPU
	EndGlobalSection
	GlobalSection(ProjectConfigurationPlatforms) = postSolution
		{553E7550-90BD-4DAE-9460-3D5B58BA4E00}.Debug|Any CPU.ActiveCfg = Debug|Any CPU
		{553E7550-90BD-4DAE-9460-3D5B58BA4E00}.Debug|Any CPU.Build.0 = Debug|Any CPU
		{553E7550-90BD-4DAE-9460-3D5B58BA4E00}.Release|Any CPU.ActiveCfg = Release|Any CPU
		{553E7550-90BD-4DAE-9460-3D5B58BA4E00}.Release|Any CPU.Build.0 = Release|Any CPU
		{C167DD2C-B7E8-454E-8F29-05C87D1F6FD0}.Debug|Any CPU.ActiveCfg = Debug|Any CPU
		{C167DD2C-B7E8-454E-8F29-05C87D1F6FD0}.Debug|Any CPU.Build.0 = Debug|Any CPU
		{C167DD2C-B7E8-454E-8F29-05C87D1F6FD0}.Release|Any CPU.ActiveCfg = Release|Any CPU
		{C167DD2C-B7E8-454E-8F29-05C87D1F6FD0}.Release|Any CPU.Build.0 = Release|Any CPU
		{19080B7C-ABE3-43FC-A436-BF7BE67FEC20}.Debug|Any CPU.ActiveCfg = Debug|Any CPU
		{19080B7C-ABE3-43FC-A436-BF7BE67FEC20}.Debug|Any CPU.Build.0 = Debug|Any CPU
		{19080B7C-ABE3-43FC-A436-BF7BE67FEC20}.Release|Any CPU.ActiveCfg = Release|Any CPU
		{19080B7C-ABE3-43FC-A436-BF7BE67FEC20}.Release|Any CPU.Build.0 = Release|Any CPU
		{7EE59FE2-C4B7-4A02-B270-DFFE12D80EF8}.Debug|Any CPU.ActiveCfg = Debug|Any CPU
		{7EE59FE2-C4B7-4A02-B270-DFFE12D80EF8}.Debug|Any CPU.Build.0 = Debug|Any CPU
		{7EE59FE2-C4B7-4A02-B270-DFFE12D80EF8}.Release|Any CPU.ActiveCfg = Release|Any CPU
		{7EE59FE2-C4B7-4A02-B270-DFFE12D80EF8}.Release|Any CPU.Build.0 = Release|Any CPU
		{9EF85E63-53DB-457F-AC54-29B54881F154}.Debug|Any CPU.ActiveCfg = Debug|Any CPU
		{9EF85E63-53DB-457F-AC54-29B54881F154}.Debug|Any CPU.Build.0 = Debug|Any CPU
		{9EF85E63-53DB-457F-AC54-29B54881F154}.Release|Any CPU.ActiveCfg = Release|Any CPU
		{9EF85E63-53DB-457F-AC54-29B54881F154}.Release|Any CPU.Build.0 = Release|Any CPU
		{093073B2-388C-4035-B9DE-38E8B23901E8}.Debug|Any CPU.ActiveCfg = Debug|Any CPU
		{093073B2-388C-4035-B9DE-38E8B23901E8}.Debug|Any CPU.Build.0 = Debug|Any CPU
		{093073B2-388C-4035-B9DE-38E8B23901E8}.Release|Any CPU.ActiveCfg = Release|Any CPU
		{093073B2-388C-4035-B9DE-38E8B23901E8}.Release|Any CPU.Build.0 = Release|Any CPU
		{2C8BC761-AE3A-4111-B9FC-3E27D4BB15AA}.Debug|Any CPU.ActiveCfg = Debug|Any CPU
		{2C8BC761-AE3A-4111-B9FC-3E27D4BB15AA}.Debug|Any CPU.Build.0 = Debug|Any CPU
		{2C8BC761-AE3A-4111-B9FC-3E27D4BB15AA}.Release|Any CPU.ActiveCfg = Release|Any CPU
		{2C8BC761-AE3A-4111-B9FC-3E27D4BB15AA}.Release|Any CPU.Build.0 = Release|Any CPU
		{076E55F4-0237-4FE2-9332-7355385E46EE}.Debug|Any CPU.ActiveCfg = Debug|Any CPU
		{076E55F4-0237-4FE2-9332-7355385E46EE}.Debug|Any CPU.Build.0 = Debug|Any CPU
		{076E55F4-0237-4FE2-9332-7355385E46EE}.Release|Any CPU.ActiveCfg = Release|Any CPU
		{076E55F4-0237-4FE2-9332-7355385E46EE}.Release|Any CPU.Build.0 = Release|Any CPU
		{DA3D5D73-0058-484F-9D81-37F896D01FE3}.Debug|Any CPU.ActiveCfg = Debug|Any CPU
		{DA3D5D73-0058-484F-9D81-37F896D01FE3}.Debug|Any CPU.Build.0 = Debug|Any CPU
		{DA3D5D73-0058-484F-9D81-37F896D01FE3}.Release|Any CPU.ActiveCfg = Release|Any CPU
		{DA3D5D73-0058-484F-9D81-37F896D01FE3}.Release|Any CPU.Build.0 = Release|Any CPU
		{63B7F68B-46C2-48A0-A4BC-ED38E1751403}.Debug|Any CPU.ActiveCfg = Debug|Any CPU
		{63B7F68B-46C2-48A0-A4BC-ED38E1751403}.Debug|Any CPU.Build.0 = Debug|Any CPU
		{63B7F68B-46C2-48A0-A4BC-ED38E1751403}.Release|Any CPU.ActiveCfg = Release|Any CPU
		{63B7F68B-46C2-48A0-A4BC-ED38E1751403}.Release|Any CPU.Build.0 = Release|Any CPU
		{EED94EDD-8F7A-4002-B5C0-993125ED0130}.Debug|Any CPU.ActiveCfg = Debug|Any CPU
		{EED94EDD-8F7A-4002-B5C0-993125ED0130}.Debug|Any CPU.Build.0 = Debug|Any CPU
		{EED94EDD-8F7A-4002-B5C0-993125ED0130}.Release|Any CPU.ActiveCfg = Release|Any CPU
		{EED94EDD-8F7A-4002-B5C0-993125ED0130}.Release|Any CPU.Build.0 = Release|Any CPU
		{69E6B98B-81CF-4029-8F06-7A633672B105}.Debug|Any CPU.ActiveCfg = Debug|Any CPU
		{69E6B98B-81CF-4029-8F06-7A633672B105}.Debug|Any CPU.Build.0 = Debug|Any CPU
		{69E6B98B-81CF-4029-8F06-7A633672B105}.Release|Any CPU.ActiveCfg = Release|Any CPU
		{69E6B98B-81CF-4029-8F06-7A633672B105}.Release|Any CPU.Build.0 = Release|Any CPU
		{A24B905A-CA34-43F4-BB7E-8D5BDB378513}.Debug|Any CPU.ActiveCfg = Debug|Any CPU
		{A24B905A-CA34-43F4-BB7E-8D5BDB378513}.Debug|Any CPU.Build.0 = Debug|Any CPU
		{A24B905A-CA34-43F4-BB7E-8D5BDB378513}.Release|Any CPU.ActiveCfg = Release|Any CPU
		{A24B905A-CA34-43F4-BB7E-8D5BDB378513}.Release|Any CPU.Build.0 = Release|Any CPU
		{F0E272A8-B1F9-4C18-A55A-A37673034765}.Debug|Any CPU.ActiveCfg = Debug|Any CPU
		{F0E272A8-B1F9-4C18-A55A-A37673034765}.Debug|Any CPU.Build.0 = Debug|Any CPU
		{F0E272A8-B1F9-4C18-A55A-A37673034765}.Release|Any CPU.ActiveCfg = Release|Any CPU
		{F0E272A8-B1F9-4C18-A55A-A37673034765}.Release|Any CPU.Build.0 = Release|Any CPU
		{CE75AD84-EC90-449D-9C97-3BBC2A62BD4F}.Debug|Any CPU.ActiveCfg = Debug|Any CPU
		{CE75AD84-EC90-449D-9C97-3BBC2A62BD4F}.Debug|Any CPU.Build.0 = Debug|Any CPU
		{CE75AD84-EC90-449D-9C97-3BBC2A62BD4F}.Release|Any CPU.ActiveCfg = Release|Any CPU
		{CE75AD84-EC90-449D-9C97-3BBC2A62BD4F}.Release|Any CPU.Build.0 = Release|Any CPU
		{516511F7-AB29-48D8-B654-5A64C09D5CDE}.Debug|Any CPU.ActiveCfg = Debug|Any CPU
		{516511F7-AB29-48D8-B654-5A64C09D5CDE}.Debug|Any CPU.Build.0 = Debug|Any CPU
		{516511F7-AB29-48D8-B654-5A64C09D5CDE}.Release|Any CPU.ActiveCfg = Release|Any CPU
		{516511F7-AB29-48D8-B654-5A64C09D5CDE}.Release|Any CPU.Build.0 = Release|Any CPU
		{EE9450F4-0D4E-42D0-9B51-97B637082709}.Debug|Any CPU.ActiveCfg = Debug|Any CPU
		{EE9450F4-0D4E-42D0-9B51-97B637082709}.Debug|Any CPU.Build.0 = Debug|Any CPU
		{EE9450F4-0D4E-42D0-9B51-97B637082709}.Release|Any CPU.ActiveCfg = Release|Any CPU
		{EE9450F4-0D4E-42D0-9B51-97B637082709}.Release|Any CPU.Build.0 = Release|Any CPU
		{B6EC68E3-95A7-4699-AC0F-4C37B557A778}.Debug|Any CPU.ActiveCfg = Debug|Any CPU
		{B6EC68E3-95A7-4699-AC0F-4C37B557A778}.Debug|Any CPU.Build.0 = Debug|Any CPU
		{B6EC68E3-95A7-4699-AC0F-4C37B557A778}.Release|Any CPU.ActiveCfg = Release|Any CPU
		{B6EC68E3-95A7-4699-AC0F-4C37B557A778}.Release|Any CPU.Build.0 = Release|Any CPU
		{2D5C0329-C9E3-4C88-800A-3114E5B1D86D}.Debug|Any CPU.ActiveCfg = Debug|Any CPU
		{2D5C0329-C9E3-4C88-800A-3114E5B1D86D}.Debug|Any CPU.Build.0 = Debug|Any CPU
		{2D5C0329-C9E3-4C88-800A-3114E5B1D86D}.Release|Any CPU.ActiveCfg = Release|Any CPU
		{2D5C0329-C9E3-4C88-800A-3114E5B1D86D}.Release|Any CPU.Build.0 = Release|Any CPU
		{0003385E-8E39-4D7B-A36D-D0EAAF58AE9F}.Debug|Any CPU.ActiveCfg = Debug|Any CPU
		{0003385E-8E39-4D7B-A36D-D0EAAF58AE9F}.Debug|Any CPU.Build.0 = Debug|Any CPU
		{0003385E-8E39-4D7B-A36D-D0EAAF58AE9F}.Release|Any CPU.ActiveCfg = Release|Any CPU
		{0003385E-8E39-4D7B-A36D-D0EAAF58AE9F}.Release|Any CPU.Build.0 = Release|Any CPU
		{4B4B4E07-BE7D-4A0F-9F46-A2C9101BFE84}.Debug|Any CPU.ActiveCfg = Debug|Any CPU
		{4B4B4E07-BE7D-4A0F-9F46-A2C9101BFE84}.Debug|Any CPU.Build.0 = Debug|Any CPU
		{4B4B4E07-BE7D-4A0F-9F46-A2C9101BFE84}.Release|Any CPU.ActiveCfg = Release|Any CPU
		{4B4B4E07-BE7D-4A0F-9F46-A2C9101BFE84}.Release|Any CPU.Build.0 = Release|Any CPU
		{197CEFD9-B3D7-4412-9779-DA2AAB948571}.Debug|Any CPU.ActiveCfg = Debug|Any CPU
		{197CEFD9-B3D7-4412-9779-DA2AAB948571}.Debug|Any CPU.Build.0 = Debug|Any CPU
		{197CEFD9-B3D7-4412-9779-DA2AAB948571}.Release|Any CPU.ActiveCfg = Release|Any CPU
		{197CEFD9-B3D7-4412-9779-DA2AAB948571}.Release|Any CPU.Build.0 = Release|Any CPU
		{A39105A2-73B2-43A3-888E-070989E22EDE}.Debug|Any CPU.ActiveCfg = Debug|Any CPU
		{A39105A2-73B2-43A3-888E-070989E22EDE}.Debug|Any CPU.Build.0 = Debug|Any CPU
		{A39105A2-73B2-43A3-888E-070989E22EDE}.Release|Any CPU.ActiveCfg = Release|Any CPU
		{A39105A2-73B2-43A3-888E-070989E22EDE}.Release|Any CPU.Build.0 = Release|Any CPU
		{8574C3C3-B112-4969-B651-8A1E5EE07647}.Debug|Any CPU.ActiveCfg = Debug|Any CPU
		{8574C3C3-B112-4969-B651-8A1E5EE07647}.Debug|Any CPU.Build.0 = Debug|Any CPU
		{8574C3C3-B112-4969-B651-8A1E5EE07647}.Release|Any CPU.ActiveCfg = Release|Any CPU
		{8574C3C3-B112-4969-B651-8A1E5EE07647}.Release|Any CPU.Build.0 = Release|Any CPU
		{3BB90668-9DB6-4A60-99CE-3EAE000B57DA}.Debug|Any CPU.ActiveCfg = Debug|Any CPU
		{3BB90668-9DB6-4A60-99CE-3EAE000B57DA}.Debug|Any CPU.Build.0 = Debug|Any CPU
		{3BB90668-9DB6-4A60-99CE-3EAE000B57DA}.Release|Any CPU.ActiveCfg = Release|Any CPU
		{3BB90668-9DB6-4A60-99CE-3EAE000B57DA}.Release|Any CPU.Build.0 = Release|Any CPU
		{45968E68-628C-424A-9D97-ABCAE0A40E78}.Debug|Any CPU.ActiveCfg = Debug|Any CPU
		{45968E68-628C-424A-9D97-ABCAE0A40E78}.Debug|Any CPU.Build.0 = Debug|Any CPU
		{45968E68-628C-424A-9D97-ABCAE0A40E78}.Release|Any CPU.ActiveCfg = Release|Any CPU
		{45968E68-628C-424A-9D97-ABCAE0A40E78}.Release|Any CPU.Build.0 = Release|Any CPU
		{2F1AC178-B4D2-475D-8AD7-A1FEFBD19938}.Debug|Any CPU.ActiveCfg = Debug|Any CPU
		{2F1AC178-B4D2-475D-8AD7-A1FEFBD19938}.Debug|Any CPU.Build.0 = Debug|Any CPU
		{2F1AC178-B4D2-475D-8AD7-A1FEFBD19938}.Release|Any CPU.ActiveCfg = Release|Any CPU
		{2F1AC178-B4D2-475D-8AD7-A1FEFBD19938}.Release|Any CPU.Build.0 = Release|Any CPU
		{2691BE45-E44C-4B4E-BDAD-8BD9F837BCBC}.Debug|Any CPU.ActiveCfg = Debug|Any CPU
		{2691BE45-E44C-4B4E-BDAD-8BD9F837BCBC}.Debug|Any CPU.Build.0 = Debug|Any CPU
		{2691BE45-E44C-4B4E-BDAD-8BD9F837BCBC}.Release|Any CPU.ActiveCfg = Release|Any CPU
		{2691BE45-E44C-4B4E-BDAD-8BD9F837BCBC}.Release|Any CPU.Build.0 = Release|Any CPU
		{94ADD2AF-0D36-4619-A71B-6D01E5CB7D5E}.Debug|Any CPU.ActiveCfg = Debug|Any CPU
		{94ADD2AF-0D36-4619-A71B-6D01E5CB7D5E}.Debug|Any CPU.Build.0 = Debug|Any CPU
		{94ADD2AF-0D36-4619-A71B-6D01E5CB7D5E}.Release|Any CPU.ActiveCfg = Release|Any CPU
		{94ADD2AF-0D36-4619-A71B-6D01E5CB7D5E}.Release|Any CPU.Build.0 = Release|Any CPU
		{446692DF-6B68-4983-A8C0-204CAD8F7910}.Debug|Any CPU.ActiveCfg = Debug|Any CPU
		{446692DF-6B68-4983-A8C0-204CAD8F7910}.Debug|Any CPU.Build.0 = Debug|Any CPU
		{446692DF-6B68-4983-A8C0-204CAD8F7910}.Release|Any CPU.ActiveCfg = Release|Any CPU
		{446692DF-6B68-4983-A8C0-204CAD8F7910}.Release|Any CPU.Build.0 = Release|Any CPU
		{DADCB028-A3B4-4C1D-BBCF-849C2FE99030}.Debug|Any CPU.ActiveCfg = Debug|Any CPU
		{DADCB028-A3B4-4C1D-BBCF-849C2FE99030}.Debug|Any CPU.Build.0 = Debug|Any CPU
		{DADCB028-A3B4-4C1D-BBCF-849C2FE99030}.Release|Any CPU.ActiveCfg = Release|Any CPU
		{DADCB028-A3B4-4C1D-BBCF-849C2FE99030}.Release|Any CPU.Build.0 = Release|Any CPU
		{012359CF-083F-4814-B2DE-084648CBB709}.Debug|Any CPU.ActiveCfg = Debug|Any CPU
		{012359CF-083F-4814-B2DE-084648CBB709}.Debug|Any CPU.Build.0 = Debug|Any CPU
		{012359CF-083F-4814-B2DE-084648CBB709}.Release|Any CPU.ActiveCfg = Release|Any CPU
		{012359CF-083F-4814-B2DE-084648CBB709}.Release|Any CPU.Build.0 = Release|Any CPU
		{0CD4A4DD-C880-42E3-8777-EDF1468EA916}.Debug|Any CPU.ActiveCfg = Debug|Any CPU
		{0CD4A4DD-C880-42E3-8777-EDF1468EA916}.Debug|Any CPU.Build.0 = Debug|Any CPU
		{0CD4A4DD-C880-42E3-8777-EDF1468EA916}.Release|Any CPU.ActiveCfg = Release|Any CPU
		{0CD4A4DD-C880-42E3-8777-EDF1468EA916}.Release|Any CPU.Build.0 = Release|Any CPU
		{16885504-62AA-4FC2-8DDB-7F4D57113222}.Debug|Any CPU.ActiveCfg = Debug|Any CPU
		{16885504-62AA-4FC2-8DDB-7F4D57113222}.Debug|Any CPU.Build.0 = Debug|Any CPU
		{16885504-62AA-4FC2-8DDB-7F4D57113222}.Release|Any CPU.ActiveCfg = Release|Any CPU
		{16885504-62AA-4FC2-8DDB-7F4D57113222}.Release|Any CPU.Build.0 = Release|Any CPU
		{DA041F12-525F-432F-92DA-2AD9873BE70C}.Debug|Any CPU.ActiveCfg = Debug|Any CPU
		{DA041F12-525F-432F-92DA-2AD9873BE70C}.Debug|Any CPU.Build.0 = Debug|Any CPU
		{DA041F12-525F-432F-92DA-2AD9873BE70C}.Release|Any CPU.ActiveCfg = Release|Any CPU
		{DA041F12-525F-432F-92DA-2AD9873BE70C}.Release|Any CPU.Build.0 = Release|Any CPU
		{8C080657-DE3A-4E3E-BC70-E1BFC6EB84F8}.Debug|Any CPU.ActiveCfg = Debug|Any CPU
		{8C080657-DE3A-4E3E-BC70-E1BFC6EB84F8}.Debug|Any CPU.Build.0 = Debug|Any CPU
		{8C080657-DE3A-4E3E-BC70-E1BFC6EB84F8}.Release|Any CPU.ActiveCfg = Release|Any CPU
		{8C080657-DE3A-4E3E-BC70-E1BFC6EB84F8}.Release|Any CPU.Build.0 = Release|Any CPU
		{60F8B544-3B69-46B2-AE16-8BFF4C643F94}.Debug|Any CPU.ActiveCfg = Debug|Any CPU
		{60F8B544-3B69-46B2-AE16-8BFF4C643F94}.Debug|Any CPU.Build.0 = Debug|Any CPU
		{60F8B544-3B69-46B2-AE16-8BFF4C643F94}.Release|Any CPU.ActiveCfg = Release|Any CPU
		{60F8B544-3B69-46B2-AE16-8BFF4C643F94}.Release|Any CPU.Build.0 = Release|Any CPU
		{5B228E47-A869-49FB-889E-4A813243F77A}.Debug|Any CPU.ActiveCfg = Debug|Any CPU
		{5B228E47-A869-49FB-889E-4A813243F77A}.Debug|Any CPU.Build.0 = Debug|Any CPU
		{5B228E47-A869-49FB-889E-4A813243F77A}.Release|Any CPU.ActiveCfg = Release|Any CPU
		{5B228E47-A869-49FB-889E-4A813243F77A}.Release|Any CPU.Build.0 = Release|Any CPU
		{CC517F6C-29CA-4557-9256-B3241058A23B}.Debug|Any CPU.ActiveCfg = Debug|Any CPU
		{CC517F6C-29CA-4557-9256-B3241058A23B}.Debug|Any CPU.Build.0 = Debug|Any CPU
		{CC517F6C-29CA-4557-9256-B3241058A23B}.Release|Any CPU.ActiveCfg = Release|Any CPU
		{CC517F6C-29CA-4557-9256-B3241058A23B}.Release|Any CPU.Build.0 = Release|Any CPU
		{7DE85B5F-B5F0-4418-9E60-367FF9759DB7}.Debug|Any CPU.ActiveCfg = Debug|Any CPU
		{7DE85B5F-B5F0-4418-9E60-367FF9759DB7}.Debug|Any CPU.Build.0 = Debug|Any CPU
		{7DE85B5F-B5F0-4418-9E60-367FF9759DB7}.Release|Any CPU.ActiveCfg = Release|Any CPU
		{7DE85B5F-B5F0-4418-9E60-367FF9759DB7}.Release|Any CPU.Build.0 = Release|Any CPU
		{0F213191-E87F-4C95-AE94-7B8916DA1BBE}.Debug|Any CPU.ActiveCfg = Debug|Any CPU
		{0F213191-E87F-4C95-AE94-7B8916DA1BBE}.Debug|Any CPU.Build.0 = Debug|Any CPU
		{0F213191-E87F-4C95-AE94-7B8916DA1BBE}.Release|Any CPU.ActiveCfg = Release|Any CPU
		{0F213191-E87F-4C95-AE94-7B8916DA1BBE}.Release|Any CPU.Build.0 = Release|Any CPU
		{B139507C-AAB4-45CB-A812-78ED58B3F314}.Debug|Any CPU.ActiveCfg = Debug|Any CPU
		{B139507C-AAB4-45CB-A812-78ED58B3F314}.Debug|Any CPU.Build.0 = Debug|Any CPU
		{B139507C-AAB4-45CB-A812-78ED58B3F314}.Release|Any CPU.ActiveCfg = Release|Any CPU
		{B139507C-AAB4-45CB-A812-78ED58B3F314}.Release|Any CPU.Build.0 = Release|Any CPU
		{C8507C7C-8BF2-4BA6-8563-3D7A52EC9D42}.Debug|Any CPU.ActiveCfg = Debug|Any CPU
		{C8507C7C-8BF2-4BA6-8563-3D7A52EC9D42}.Debug|Any CPU.Build.0 = Debug|Any CPU
		{C8507C7C-8BF2-4BA6-8563-3D7A52EC9D42}.Release|Any CPU.ActiveCfg = Release|Any CPU
		{C8507C7C-8BF2-4BA6-8563-3D7A52EC9D42}.Release|Any CPU.Build.0 = Release|Any CPU
		{F326CA08-F70C-4B87-8B33-56A86A1BBD8A}.Debug|Any CPU.ActiveCfg = Debug|Any CPU
		{F326CA08-F70C-4B87-8B33-56A86A1BBD8A}.Debug|Any CPU.Build.0 = Debug|Any CPU
		{F326CA08-F70C-4B87-8B33-56A86A1BBD8A}.Release|Any CPU.ActiveCfg = Release|Any CPU
		{F326CA08-F70C-4B87-8B33-56A86A1BBD8A}.Release|Any CPU.Build.0 = Release|Any CPU
		{479A3A06-C90D-4FEB-8237-86D62B23CAA9}.Debug|Any CPU.ActiveCfg = Debug|Any CPU
		{479A3A06-C90D-4FEB-8237-86D62B23CAA9}.Debug|Any CPU.Build.0 = Debug|Any CPU
		{479A3A06-C90D-4FEB-8237-86D62B23CAA9}.Release|Any CPU.ActiveCfg = Release|Any CPU
		{479A3A06-C90D-4FEB-8237-86D62B23CAA9}.Release|Any CPU.Build.0 = Release|Any CPU
		{E605A939-0B55-4BEF-821A-D6A59C382232}.Debug|Any CPU.ActiveCfg = Debug|Any CPU
		{E605A939-0B55-4BEF-821A-D6A59C382232}.Debug|Any CPU.Build.0 = Debug|Any CPU
		{E605A939-0B55-4BEF-821A-D6A59C382232}.Release|Any CPU.ActiveCfg = Release|Any CPU
		{E605A939-0B55-4BEF-821A-D6A59C382232}.Release|Any CPU.Build.0 = Release|Any CPU
		{864BF048-1229-463F-8B2A-6655B8770255}.Debug|Any CPU.ActiveCfg = Debug|Any CPU
		{864BF048-1229-463F-8B2A-6655B8770255}.Debug|Any CPU.Build.0 = Debug|Any CPU
		{864BF048-1229-463F-8B2A-6655B8770255}.Release|Any CPU.ActiveCfg = Release|Any CPU
		{864BF048-1229-463F-8B2A-6655B8770255}.Release|Any CPU.Build.0 = Release|Any CPU
		{03EF88CD-2897-4005-851C-9249D091E697}.Debug|Any CPU.ActiveCfg = Debug|Any CPU
		{03EF88CD-2897-4005-851C-9249D091E697}.Debug|Any CPU.Build.0 = Debug|Any CPU
		{03EF88CD-2897-4005-851C-9249D091E697}.Release|Any CPU.ActiveCfg = Release|Any CPU
		{03EF88CD-2897-4005-851C-9249D091E697}.Release|Any CPU.Build.0 = Release|Any CPU
		{4F3C23D6-D074-4B11-8926-633D92C015E1}.Debug|Any CPU.ActiveCfg = Debug|Any CPU
		{4F3C23D6-D074-4B11-8926-633D92C015E1}.Debug|Any CPU.Build.0 = Debug|Any CPU
		{4F3C23D6-D074-4B11-8926-633D92C015E1}.Release|Any CPU.ActiveCfg = Release|Any CPU
		{4F3C23D6-D074-4B11-8926-633D92C015E1}.Release|Any CPU.Build.0 = Release|Any CPU
		{2305424D-7DB6-44C1-8FCB-6D06241B5D7B}.Debug|Any CPU.ActiveCfg = Debug|Any CPU
		{2305424D-7DB6-44C1-8FCB-6D06241B5D7B}.Debug|Any CPU.Build.0 = Debug|Any CPU
		{2305424D-7DB6-44C1-8FCB-6D06241B5D7B}.Release|Any CPU.ActiveCfg = Release|Any CPU
		{2305424D-7DB6-44C1-8FCB-6D06241B5D7B}.Release|Any CPU.Build.0 = Release|Any CPU
		{339CC9B1-4ABB-4A93-A147-7BFA7434321A}.Debug|Any CPU.ActiveCfg = Debug|Any CPU
		{339CC9B1-4ABB-4A93-A147-7BFA7434321A}.Debug|Any CPU.Build.0 = Debug|Any CPU
		{339CC9B1-4ABB-4A93-A147-7BFA7434321A}.Release|Any CPU.ActiveCfg = Release|Any CPU
		{339CC9B1-4ABB-4A93-A147-7BFA7434321A}.Release|Any CPU.Build.0 = Release|Any CPU
		{EF9F8FA4-6002-4498-8E60-9915A0D1DC4C}.Debug|Any CPU.ActiveCfg = Debug|Any CPU
		{EF9F8FA4-6002-4498-8E60-9915A0D1DC4C}.Debug|Any CPU.Build.0 = Debug|Any CPU
		{EF9F8FA4-6002-4498-8E60-9915A0D1DC4C}.Release|Any CPU.ActiveCfg = Release|Any CPU
		{EF9F8FA4-6002-4498-8E60-9915A0D1DC4C}.Release|Any CPU.Build.0 = Release|Any CPU
		{0DFD74F8-432E-4630-A320-01EDCD28D896}.Debug|Any CPU.ActiveCfg = Debug|Any CPU
		{0DFD74F8-432E-4630-A320-01EDCD28D896}.Debug|Any CPU.Build.0 = Debug|Any CPU
		{0DFD74F8-432E-4630-A320-01EDCD28D896}.Release|Any CPU.ActiveCfg = Release|Any CPU
		{0DFD74F8-432E-4630-A320-01EDCD28D896}.Release|Any CPU.Build.0 = Release|Any CPU
		{ACEF7477-6AD1-491E-8F14-C4A2B0506327}.Debug|Any CPU.ActiveCfg = Debug|Any CPU
		{ACEF7477-6AD1-491E-8F14-C4A2B0506327}.Debug|Any CPU.Build.0 = Debug|Any CPU
		{ACEF7477-6AD1-491E-8F14-C4A2B0506327}.Release|Any CPU.ActiveCfg = Release|Any CPU
		{ACEF7477-6AD1-491E-8F14-C4A2B0506327}.Release|Any CPU.Build.0 = Release|Any CPU
		{8F0912A5-F8DA-448A-9779-53701003547A}.Debug|Any CPU.ActiveCfg = Debug|Any CPU
		{8F0912A5-F8DA-448A-9779-53701003547A}.Debug|Any CPU.Build.0 = Debug|Any CPU
		{8F0912A5-F8DA-448A-9779-53701003547A}.Release|Any CPU.ActiveCfg = Release|Any CPU
		{8F0912A5-F8DA-448A-9779-53701003547A}.Release|Any CPU.Build.0 = Release|Any CPU
		{6E868D8F-448C-466F-85FC-8A81F8C60DC8}.Debug|Any CPU.ActiveCfg = Debug|Any CPU
		{6E868D8F-448C-466F-85FC-8A81F8C60DC8}.Debug|Any CPU.Build.0 = Debug|Any CPU
		{6E868D8F-448C-466F-85FC-8A81F8C60DC8}.Release|Any CPU.ActiveCfg = Release|Any CPU
		{6E868D8F-448C-466F-85FC-8A81F8C60DC8}.Release|Any CPU.Build.0 = Release|Any CPU
		{1F697AC1-4224-4780-97C9-70F2A3AC99EE}.Debug|Any CPU.ActiveCfg = Debug|Any CPU
		{1F697AC1-4224-4780-97C9-70F2A3AC99EE}.Debug|Any CPU.Build.0 = Debug|Any CPU
		{1F697AC1-4224-4780-97C9-70F2A3AC99EE}.Release|Any CPU.ActiveCfg = Release|Any CPU
		{1F697AC1-4224-4780-97C9-70F2A3AC99EE}.Release|Any CPU.Build.0 = Release|Any CPU
		{83F7AE5D-1CE9-463C-9D51-A844D8C1E282}.Debug|Any CPU.ActiveCfg = Debug|Any CPU
		{83F7AE5D-1CE9-463C-9D51-A844D8C1E282}.Debug|Any CPU.Build.0 = Debug|Any CPU
		{83F7AE5D-1CE9-463C-9D51-A844D8C1E282}.Release|Any CPU.ActiveCfg = Release|Any CPU
		{83F7AE5D-1CE9-463C-9D51-A844D8C1E282}.Release|Any CPU.Build.0 = Release|Any CPU
		{51D01D2C-D5F1-46DF-B4E8-6D222CBE9FF8}.Debug|Any CPU.ActiveCfg = Debug|Any CPU
		{51D01D2C-D5F1-46DF-B4E8-6D222CBE9FF8}.Debug|Any CPU.Build.0 = Debug|Any CPU
		{51D01D2C-D5F1-46DF-B4E8-6D222CBE9FF8}.Release|Any CPU.ActiveCfg = Release|Any CPU
		{51D01D2C-D5F1-46DF-B4E8-6D222CBE9FF8}.Release|Any CPU.Build.0 = Release|Any CPU
		{2BE9441D-83D4-4F78-943B-00AE7B15B1D5}.Debug|Any CPU.ActiveCfg = Debug|Any CPU
		{2BE9441D-83D4-4F78-943B-00AE7B15B1D5}.Debug|Any CPU.Build.0 = Debug|Any CPU
		{2BE9441D-83D4-4F78-943B-00AE7B15B1D5}.Release|Any CPU.ActiveCfg = Release|Any CPU
		{2BE9441D-83D4-4F78-943B-00AE7B15B1D5}.Release|Any CPU.Build.0 = Release|Any CPU
		{FD0EB5E3-B7D8-44CB-BE55-36FD0CBDAF9D}.Debug|Any CPU.ActiveCfg = Debug|Any CPU
		{FD0EB5E3-B7D8-44CB-BE55-36FD0CBDAF9D}.Debug|Any CPU.Build.0 = Debug|Any CPU
		{FD0EB5E3-B7D8-44CB-BE55-36FD0CBDAF9D}.Release|Any CPU.ActiveCfg = Release|Any CPU
		{FD0EB5E3-B7D8-44CB-BE55-36FD0CBDAF9D}.Release|Any CPU.Build.0 = Release|Any CPU
		{34EBF28A-C98C-4BB3-929B-F3B12C18A3FB}.Debug|Any CPU.ActiveCfg = Debug|Any CPU
		{34EBF28A-C98C-4BB3-929B-F3B12C18A3FB}.Debug|Any CPU.Build.0 = Debug|Any CPU
		{34EBF28A-C98C-4BB3-929B-F3B12C18A3FB}.Release|Any CPU.ActiveCfg = Release|Any CPU
		{34EBF28A-C98C-4BB3-929B-F3B12C18A3FB}.Release|Any CPU.Build.0 = Release|Any CPU
		{9B33AF0F-D64B-47CE-B8B4-921A308A2509}.Debug|Any CPU.ActiveCfg = Debug|Any CPU
		{9B33AF0F-D64B-47CE-B8B4-921A308A2509}.Debug|Any CPU.Build.0 = Debug|Any CPU
		{9B33AF0F-D64B-47CE-B8B4-921A308A2509}.Release|Any CPU.ActiveCfg = Release|Any CPU
		{9B33AF0F-D64B-47CE-B8B4-921A308A2509}.Release|Any CPU.Build.0 = Release|Any CPU
		{48B90FD6-B2AF-45E8-BB0F-1BB287A832C8}.Debug|Any CPU.ActiveCfg = Debug|Any CPU
		{48B90FD6-B2AF-45E8-BB0F-1BB287A832C8}.Debug|Any CPU.Build.0 = Debug|Any CPU
		{48B90FD6-B2AF-45E8-BB0F-1BB287A832C8}.Release|Any CPU.ActiveCfg = Release|Any CPU
		{48B90FD6-B2AF-45E8-BB0F-1BB287A832C8}.Release|Any CPU.Build.0 = Release|Any CPU
		{33BB73A8-FE0A-42DC-9123-8DFF48D780FE}.Debug|Any CPU.ActiveCfg = Debug|Any CPU
		{33BB73A8-FE0A-42DC-9123-8DFF48D780FE}.Debug|Any CPU.Build.0 = Debug|Any CPU
		{33BB73A8-FE0A-42DC-9123-8DFF48D780FE}.Release|Any CPU.ActiveCfg = Release|Any CPU
		{33BB73A8-FE0A-42DC-9123-8DFF48D780FE}.Release|Any CPU.Build.0 = Release|Any CPU
		{6B6883A1-3980-4E46-9CFF-7E793AFA8F38}.Debug|Any CPU.ActiveCfg = Debug|Any CPU
		{6B6883A1-3980-4E46-9CFF-7E793AFA8F38}.Debug|Any CPU.Build.0 = Debug|Any CPU
		{6B6883A1-3980-4E46-9CFF-7E793AFA8F38}.Release|Any CPU.ActiveCfg = Release|Any CPU
		{6B6883A1-3980-4E46-9CFF-7E793AFA8F38}.Release|Any CPU.Build.0 = Release|Any CPU
		{70AC5CA8-4B2B-4CB7-9360-F694F1A055FD}.Debug|Any CPU.ActiveCfg = Debug|Any CPU
		{70AC5CA8-4B2B-4CB7-9360-F694F1A055FD}.Debug|Any CPU.Build.0 = Debug|Any CPU
		{70AC5CA8-4B2B-4CB7-9360-F694F1A055FD}.Release|Any CPU.ActiveCfg = Release|Any CPU
		{70AC5CA8-4B2B-4CB7-9360-F694F1A055FD}.Release|Any CPU.Build.0 = Release|Any CPU
		{D3B5C594-6BD5-467B-ABB1-9ABE874A8A61}.Debug|Any CPU.ActiveCfg = Debug|Any CPU
		{D3B5C594-6BD5-467B-ABB1-9ABE874A8A61}.Debug|Any CPU.Build.0 = Debug|Any CPU
		{D3B5C594-6BD5-467B-ABB1-9ABE874A8A61}.Release|Any CPU.ActiveCfg = Release|Any CPU
		{D3B5C594-6BD5-467B-ABB1-9ABE874A8A61}.Release|Any CPU.Build.0 = Release|Any CPU
		{08687AB7-3548-44DD-88D9-4407970CC2BF}.Debug|Any CPU.ActiveCfg = Debug|Any CPU
		{08687AB7-3548-44DD-88D9-4407970CC2BF}.Debug|Any CPU.Build.0 = Debug|Any CPU
		{08687AB7-3548-44DD-88D9-4407970CC2BF}.Release|Any CPU.ActiveCfg = Release|Any CPU
		{08687AB7-3548-44DD-88D9-4407970CC2BF}.Release|Any CPU.Build.0 = Release|Any CPU
		{8E4EA00B-7CBE-4832-AAEC-B6BFB720FA21}.Debug|Any CPU.ActiveCfg = Debug|Any CPU
		{8E4EA00B-7CBE-4832-AAEC-B6BFB720FA21}.Debug|Any CPU.Build.0 = Debug|Any CPU
		{8E4EA00B-7CBE-4832-AAEC-B6BFB720FA21}.Release|Any CPU.ActiveCfg = Release|Any CPU
		{8E4EA00B-7CBE-4832-AAEC-B6BFB720FA21}.Release|Any CPU.Build.0 = Release|Any CPU
		{994F0ECD-B0A9-442A-B160-8300AA472DAD}.Debug|Any CPU.ActiveCfg = Debug|Any CPU
		{994F0ECD-B0A9-442A-B160-8300AA472DAD}.Debug|Any CPU.Build.0 = Debug|Any CPU
		{994F0ECD-B0A9-442A-B160-8300AA472DAD}.Release|Any CPU.ActiveCfg = Release|Any CPU
		{994F0ECD-B0A9-442A-B160-8300AA472DAD}.Release|Any CPU.Build.0 = Release|Any CPU
		{87FBE600-1D83-4811-B3DF-D70DBF8A3E85}.Debug|Any CPU.ActiveCfg = Debug|Any CPU
		{87FBE600-1D83-4811-B3DF-D70DBF8A3E85}.Debug|Any CPU.Build.0 = Debug|Any CPU
		{87FBE600-1D83-4811-B3DF-D70DBF8A3E85}.Release|Any CPU.ActiveCfg = Release|Any CPU
		{87FBE600-1D83-4811-B3DF-D70DBF8A3E85}.Release|Any CPU.Build.0 = Release|Any CPU
		{CA9DB5CE-868D-4E60-9C55-2D5DEFD28907}.Debug|Any CPU.ActiveCfg = Debug|Any CPU
		{CA9DB5CE-868D-4E60-9C55-2D5DEFD28907}.Debug|Any CPU.Build.0 = Debug|Any CPU
		{CA9DB5CE-868D-4E60-9C55-2D5DEFD28907}.Release|Any CPU.ActiveCfg = Release|Any CPU
		{CA9DB5CE-868D-4E60-9C55-2D5DEFD28907}.Release|Any CPU.Build.0 = Release|Any CPU
		{ABCC0D2F-05AE-486C-AD4D-5ECB84C4DA9E}.Debug|Any CPU.ActiveCfg = Debug|Any CPU
		{ABCC0D2F-05AE-486C-AD4D-5ECB84C4DA9E}.Debug|Any CPU.Build.0 = Debug|Any CPU
		{ABCC0D2F-05AE-486C-AD4D-5ECB84C4DA9E}.Release|Any CPU.ActiveCfg = Release|Any CPU
		{ABCC0D2F-05AE-486C-AD4D-5ECB84C4DA9E}.Release|Any CPU.Build.0 = Release|Any CPU
		{8F7F436F-611C-48E1-901F-AEA5E6C8D574}.Debug|Any CPU.ActiveCfg = Debug|Any CPU
		{8F7F436F-611C-48E1-901F-AEA5E6C8D574}.Debug|Any CPU.Build.0 = Debug|Any CPU
		{8F7F436F-611C-48E1-901F-AEA5E6C8D574}.Release|Any CPU.ActiveCfg = Release|Any CPU
		{8F7F436F-611C-48E1-901F-AEA5E6C8D574}.Release|Any CPU.Build.0 = Release|Any CPU
		{FBAC40FA-A4F0-4443-9255-AC538C374E58}.Debug|Any CPU.ActiveCfg = Debug|Any CPU
		{FBAC40FA-A4F0-4443-9255-AC538C374E58}.Debug|Any CPU.Build.0 = Debug|Any CPU
		{FBAC40FA-A4F0-4443-9255-AC538C374E58}.Release|Any CPU.ActiveCfg = Release|Any CPU
		{FBAC40FA-A4F0-4443-9255-AC538C374E58}.Release|Any CPU.Build.0 = Release|Any CPU
		{065969A6-5146-456A-A653-D451BC531B7C}.Debug|Any CPU.ActiveCfg = Debug|Any CPU
		{065969A6-5146-456A-A653-D451BC531B7C}.Debug|Any CPU.Build.0 = Debug|Any CPU
		{065969A6-5146-456A-A653-D451BC531B7C}.Release|Any CPU.ActiveCfg = Release|Any CPU
		{065969A6-5146-456A-A653-D451BC531B7C}.Release|Any CPU.Build.0 = Release|Any CPU
		{8F3865FF-2DE5-480F-92DC-279BE7E1776F}.Debug|Any CPU.ActiveCfg = Debug|Any CPU
		{8F3865FF-2DE5-480F-92DC-279BE7E1776F}.Debug|Any CPU.Build.0 = Debug|Any CPU
		{8F3865FF-2DE5-480F-92DC-279BE7E1776F}.Release|Any CPU.ActiveCfg = Release|Any CPU
		{8F3865FF-2DE5-480F-92DC-279BE7E1776F}.Release|Any CPU.Build.0 = Release|Any CPU
		{DBD103E3-BE06-4C83-B9D5-130119EDDF6C}.Debug|Any CPU.ActiveCfg = Debug|Any CPU
		{DBD103E3-BE06-4C83-B9D5-130119EDDF6C}.Debug|Any CPU.Build.0 = Debug|Any CPU
		{DBD103E3-BE06-4C83-B9D5-130119EDDF6C}.Release|Any CPU.ActiveCfg = Release|Any CPU
		{DBD103E3-BE06-4C83-B9D5-130119EDDF6C}.Release|Any CPU.Build.0 = Release|Any CPU
		{B2820A4D-0A92-4CB1-8E1E-B5BA0CEE10B3}.Debug|Any CPU.ActiveCfg = Debug|Any CPU
		{B2820A4D-0A92-4CB1-8E1E-B5BA0CEE10B3}.Debug|Any CPU.Build.0 = Debug|Any CPU
		{B2820A4D-0A92-4CB1-8E1E-B5BA0CEE10B3}.Release|Any CPU.ActiveCfg = Release|Any CPU
		{B2820A4D-0A92-4CB1-8E1E-B5BA0CEE10B3}.Release|Any CPU.Build.0 = Release|Any CPU
		{316A3EBD-4243-41A7-8B24-627BFA293342}.Debug|Any CPU.ActiveCfg = Debug|Any CPU
		{316A3EBD-4243-41A7-8B24-627BFA293342}.Debug|Any CPU.Build.0 = Debug|Any CPU
		{316A3EBD-4243-41A7-8B24-627BFA293342}.Release|Any CPU.ActiveCfg = Release|Any CPU
		{316A3EBD-4243-41A7-8B24-627BFA293342}.Release|Any CPU.Build.0 = Release|Any CPU
		{8CCCD0E1-5483-4F44-9E17-C6FAD90FFB7E}.Debug|Any CPU.ActiveCfg = Debug|Any CPU
		{8CCCD0E1-5483-4F44-9E17-C6FAD90FFB7E}.Debug|Any CPU.Build.0 = Debug|Any CPU
		{8CCCD0E1-5483-4F44-9E17-C6FAD90FFB7E}.Release|Any CPU.ActiveCfg = Release|Any CPU
		{8CCCD0E1-5483-4F44-9E17-C6FAD90FFB7E}.Release|Any CPU.Build.0 = Release|Any CPU
		{DEC1F525-5C7E-47E1-81A1-2E25DE07F71F}.Debug|Any CPU.ActiveCfg = Debug|Any CPU
		{DEC1F525-5C7E-47E1-81A1-2E25DE07F71F}.Debug|Any CPU.Build.0 = Debug|Any CPU
		{DEC1F525-5C7E-47E1-81A1-2E25DE07F71F}.Release|Any CPU.ActiveCfg = Release|Any CPU
		{DEC1F525-5C7E-47E1-81A1-2E25DE07F71F}.Release|Any CPU.Build.0 = Release|Any CPU
		{BA13B8F8-E659-4B36-954E-0DEAB9CA0D66}.Debug|Any CPU.ActiveCfg = Debug|Any CPU
		{BA13B8F8-E659-4B36-954E-0DEAB9CA0D66}.Debug|Any CPU.Build.0 = Debug|Any CPU
		{BA13B8F8-E659-4B36-954E-0DEAB9CA0D66}.Release|Any CPU.ActiveCfg = Release|Any CPU
		{BA13B8F8-E659-4B36-954E-0DEAB9CA0D66}.Release|Any CPU.Build.0 = Release|Any CPU
		{0E378D80-11F3-4069-AED3-197FD39D58E0}.Debug|Any CPU.ActiveCfg = Debug|Any CPU
		{0E378D80-11F3-4069-AED3-197FD39D58E0}.Debug|Any CPU.Build.0 = Debug|Any CPU
		{0E378D80-11F3-4069-AED3-197FD39D58E0}.Release|Any CPU.ActiveCfg = Release|Any CPU
		{0E378D80-11F3-4069-AED3-197FD39D58E0}.Release|Any CPU.Build.0 = Release|Any CPU
		{BB4FA7DE-6CF3-4B12-9CAA-43571EE93C90}.Debug|Any CPU.ActiveCfg = Debug|Any CPU
		{BB4FA7DE-6CF3-4B12-9CAA-43571EE93C90}.Debug|Any CPU.Build.0 = Debug|Any CPU
		{BB4FA7DE-6CF3-4B12-9CAA-43571EE93C90}.Release|Any CPU.ActiveCfg = Release|Any CPU
		{BB4FA7DE-6CF3-4B12-9CAA-43571EE93C90}.Release|Any CPU.Build.0 = Release|Any CPU
		{4EB25514-E64E-405D-9C5E-3974BAE0F3A3}.Debug|Any CPU.ActiveCfg = Debug|Any CPU
		{4EB25514-E64E-405D-9C5E-3974BAE0F3A3}.Debug|Any CPU.Build.0 = Debug|Any CPU
		{4EB25514-E64E-405D-9C5E-3974BAE0F3A3}.Release|Any CPU.ActiveCfg = Release|Any CPU
		{4EB25514-E64E-405D-9C5E-3974BAE0F3A3}.Release|Any CPU.Build.0 = Release|Any CPU
		{2A3997FD-9969-4B88-94AC-611B24110BE5}.Debug|Any CPU.ActiveCfg = Debug|Any CPU
		{2A3997FD-9969-4B88-94AC-611B24110BE5}.Debug|Any CPU.Build.0 = Debug|Any CPU
		{2A3997FD-9969-4B88-94AC-611B24110BE5}.Release|Any CPU.ActiveCfg = Release|Any CPU
		{2A3997FD-9969-4B88-94AC-611B24110BE5}.Release|Any CPU.Build.0 = Release|Any CPU
		{399EA0D7-2372-44EE-A6B8-922EE0AEFD25}.Debug|Any CPU.ActiveCfg = Debug|Any CPU
		{399EA0D7-2372-44EE-A6B8-922EE0AEFD25}.Debug|Any CPU.Build.0 = Debug|Any CPU
		{399EA0D7-2372-44EE-A6B8-922EE0AEFD25}.Release|Any CPU.ActiveCfg = Release|Any CPU
		{399EA0D7-2372-44EE-A6B8-922EE0AEFD25}.Release|Any CPU.Build.0 = Release|Any CPU
		{92FD8086-1369-4B8D-9A25-C0B4E84B3B44}.Debug|Any CPU.ActiveCfg = Debug|Any CPU
		{92FD8086-1369-4B8D-9A25-C0B4E84B3B44}.Debug|Any CPU.Build.0 = Debug|Any CPU
		{92FD8086-1369-4B8D-9A25-C0B4E84B3B44}.Release|Any CPU.ActiveCfg = Release|Any CPU
		{92FD8086-1369-4B8D-9A25-C0B4E84B3B44}.Release|Any CPU.Build.0 = Release|Any CPU
		{5AE7AAF3-6C36-4DFD-AA33-90AEAC24221A}.Debug|Any CPU.ActiveCfg = Debug|Any CPU
		{5AE7AAF3-6C36-4DFD-AA33-90AEAC24221A}.Debug|Any CPU.Build.0 = Debug|Any CPU
		{5AE7AAF3-6C36-4DFD-AA33-90AEAC24221A}.Release|Any CPU.ActiveCfg = Release|Any CPU
		{5AE7AAF3-6C36-4DFD-AA33-90AEAC24221A}.Release|Any CPU.Build.0 = Release|Any CPU
		{56CBF688-D563-411B-B72F-F0EBE3F5AA51}.Debug|Any CPU.ActiveCfg = Debug|Any CPU
		{56CBF688-D563-411B-B72F-F0EBE3F5AA51}.Debug|Any CPU.Build.0 = Debug|Any CPU
		{56CBF688-D563-411B-B72F-F0EBE3F5AA51}.Release|Any CPU.ActiveCfg = Release|Any CPU
		{56CBF688-D563-411B-B72F-F0EBE3F5AA51}.Release|Any CPU.Build.0 = Release|Any CPU
		{26E416B4-7084-4D1F-A2D6-FDDD8B39DD69}.Debug|Any CPU.ActiveCfg = Debug|Any CPU
		{26E416B4-7084-4D1F-A2D6-FDDD8B39DD69}.Debug|Any CPU.Build.0 = Debug|Any CPU
		{26E416B4-7084-4D1F-A2D6-FDDD8B39DD69}.Release|Any CPU.ActiveCfg = Release|Any CPU
		{26E416B4-7084-4D1F-A2D6-FDDD8B39DD69}.Release|Any CPU.Build.0 = Release|Any CPU
		{2205341E-C20E-4C3B-8F26-05411CA5617C}.Debug|Any CPU.ActiveCfg = Debug|Any CPU
		{2205341E-C20E-4C3B-8F26-05411CA5617C}.Debug|Any CPU.Build.0 = Debug|Any CPU
		{2205341E-C20E-4C3B-8F26-05411CA5617C}.Release|Any CPU.ActiveCfg = Release|Any CPU
		{2205341E-C20E-4C3B-8F26-05411CA5617C}.Release|Any CPU.Build.0 = Release|Any CPU
		{6EE8EC74-BC11-4B8B-8925-DF21F203DFDF}.Debug|Any CPU.ActiveCfg = Debug|Any CPU
		{6EE8EC74-BC11-4B8B-8925-DF21F203DFDF}.Debug|Any CPU.Build.0 = Debug|Any CPU
		{6EE8EC74-BC11-4B8B-8925-DF21F203DFDF}.Release|Any CPU.ActiveCfg = Release|Any CPU
		{6EE8EC74-BC11-4B8B-8925-DF21F203DFDF}.Release|Any CPU.Build.0 = Release|Any CPU
		{4AF13589-5535-4A4C-A95B-F13F97775771}.Debug|Any CPU.ActiveCfg = Debug|Any CPU
		{4AF13589-5535-4A4C-A95B-F13F97775771}.Debug|Any CPU.Build.0 = Debug|Any CPU
		{4AF13589-5535-4A4C-A95B-F13F97775771}.Release|Any CPU.ActiveCfg = Release|Any CPU
		{4AF13589-5535-4A4C-A95B-F13F97775771}.Release|Any CPU.Build.0 = Release|Any CPU
		{CC4F6A72-6840-407A-B27B-6FE872B0A91F}.Debug|Any CPU.ActiveCfg = Debug|Any CPU
		{CC4F6A72-6840-407A-B27B-6FE872B0A91F}.Debug|Any CPU.Build.0 = Debug|Any CPU
		{CC4F6A72-6840-407A-B27B-6FE872B0A91F}.Release|Any CPU.ActiveCfg = Release|Any CPU
		{CC4F6A72-6840-407A-B27B-6FE872B0A91F}.Release|Any CPU.Build.0 = Release|Any CPU
		{822C7646-3752-492B-9ED8-BC62A071E516}.Debug|Any CPU.ActiveCfg = Debug|Any CPU
		{822C7646-3752-492B-9ED8-BC62A071E516}.Debug|Any CPU.Build.0 = Debug|Any CPU
		{822C7646-3752-492B-9ED8-BC62A071E516}.Release|Any CPU.ActiveCfg = Release|Any CPU
		{822C7646-3752-492B-9ED8-BC62A071E516}.Release|Any CPU.Build.0 = Release|Any CPU
		{17659E91-F90B-41A0-8560-D31D9882C004}.Debug|Any CPU.ActiveCfg = Debug|Any CPU
		{17659E91-F90B-41A0-8560-D31D9882C004}.Debug|Any CPU.Build.0 = Debug|Any CPU
		{17659E91-F90B-41A0-8560-D31D9882C004}.Release|Any CPU.ActiveCfg = Release|Any CPU
		{17659E91-F90B-41A0-8560-D31D9882C004}.Release|Any CPU.Build.0 = Release|Any CPU
		{75117B1E-E347-4DA4-AF14-A6FCA7FAE949}.Debug|Any CPU.ActiveCfg = Debug|Any CPU
		{75117B1E-E347-4DA4-AF14-A6FCA7FAE949}.Debug|Any CPU.Build.0 = Debug|Any CPU
		{75117B1E-E347-4DA4-AF14-A6FCA7FAE949}.Release|Any CPU.ActiveCfg = Release|Any CPU
		{75117B1E-E347-4DA4-AF14-A6FCA7FAE949}.Release|Any CPU.Build.0 = Release|Any CPU
		{E80F345B-A6BA-4B7E-B2EB-6F1FF7AEFD18}.Debug|Any CPU.ActiveCfg = Debug|Any CPU
		{E80F345B-A6BA-4B7E-B2EB-6F1FF7AEFD18}.Debug|Any CPU.Build.0 = Debug|Any CPU
		{E80F345B-A6BA-4B7E-B2EB-6F1FF7AEFD18}.Release|Any CPU.ActiveCfg = Release|Any CPU
		{E80F345B-A6BA-4B7E-B2EB-6F1FF7AEFD18}.Release|Any CPU.Build.0 = Release|Any CPU
		{AFD81DED-CAA0-4DC6-A455-0B675391554A}.Debug|Any CPU.ActiveCfg = Debug|Any CPU
		{AFD81DED-CAA0-4DC6-A455-0B675391554A}.Debug|Any CPU.Build.0 = Debug|Any CPU
		{AFD81DED-CAA0-4DC6-A455-0B675391554A}.Release|Any CPU.ActiveCfg = Release|Any CPU
		{AFD81DED-CAA0-4DC6-A455-0B675391554A}.Release|Any CPU.Build.0 = Release|Any CPU
		{7E7A9641-5CB2-4AE0-B3EB-11DFDE3D9CCA}.Debug|Any CPU.ActiveCfg = Debug|Any CPU
		{7E7A9641-5CB2-4AE0-B3EB-11DFDE3D9CCA}.Debug|Any CPU.Build.0 = Debug|Any CPU
		{7E7A9641-5CB2-4AE0-B3EB-11DFDE3D9CCA}.Release|Any CPU.ActiveCfg = Release|Any CPU
		{7E7A9641-5CB2-4AE0-B3EB-11DFDE3D9CCA}.Release|Any CPU.Build.0 = Release|Any CPU
		{CEA33511-F3EB-49E7-B961-F226E4E5CF5D}.Debug|Any CPU.ActiveCfg = Debug|Any CPU
		{CEA33511-F3EB-49E7-B961-F226E4E5CF5D}.Debug|Any CPU.Build.0 = Debug|Any CPU
		{CEA33511-F3EB-49E7-B961-F226E4E5CF5D}.Release|Any CPU.ActiveCfg = Release|Any CPU
		{CEA33511-F3EB-49E7-B961-F226E4E5CF5D}.Release|Any CPU.Build.0 = Release|Any CPU
		{EA676912-E64A-4E7A-B1D3-D77333FCF770}.Debug|Any CPU.ActiveCfg = Debug|Any CPU
		{EA676912-E64A-4E7A-B1D3-D77333FCF770}.Debug|Any CPU.Build.0 = Debug|Any CPU
		{EA676912-E64A-4E7A-B1D3-D77333FCF770}.Release|Any CPU.ActiveCfg = Release|Any CPU
		{EA676912-E64A-4E7A-B1D3-D77333FCF770}.Release|Any CPU.Build.0 = Release|Any CPU
		{0CC6E46B-5B02-4EB0-A927-4C0F1FF3726F}.Debug|Any CPU.ActiveCfg = Debug|Any CPU
		{0CC6E46B-5B02-4EB0-A927-4C0F1FF3726F}.Debug|Any CPU.Build.0 = Debug|Any CPU
		{0CC6E46B-5B02-4EB0-A927-4C0F1FF3726F}.Release|Any CPU.ActiveCfg = Release|Any CPU
		{0CC6E46B-5B02-4EB0-A927-4C0F1FF3726F}.Release|Any CPU.Build.0 = Release|Any CPU
		{04AE8DA4-A6B0-4211-980A-6EC1CBF736E6}.Debug|Any CPU.ActiveCfg = Debug|Any CPU
		{04AE8DA4-A6B0-4211-980A-6EC1CBF736E6}.Debug|Any CPU.Build.0 = Debug|Any CPU
		{04AE8DA4-A6B0-4211-980A-6EC1CBF736E6}.Release|Any CPU.ActiveCfg = Release|Any CPU
		{04AE8DA4-A6B0-4211-980A-6EC1CBF736E6}.Release|Any CPU.Build.0 = Release|Any CPU
		{7E4971A2-6672-4D47-825B-FFF53283D72D}.Debug|Any CPU.ActiveCfg = Debug|Any CPU
		{7E4971A2-6672-4D47-825B-FFF53283D72D}.Debug|Any CPU.Build.0 = Debug|Any CPU
		{7E4971A2-6672-4D47-825B-FFF53283D72D}.Release|Any CPU.ActiveCfg = Release|Any CPU
		{7E4971A2-6672-4D47-825B-FFF53283D72D}.Release|Any CPU.Build.0 = Release|Any CPU
		{95E763EC-CF8B-40F9-B323-3073563D7CDE}.Debug|Any CPU.ActiveCfg = Debug|Any CPU
		{95E763EC-CF8B-40F9-B323-3073563D7CDE}.Debug|Any CPU.Build.0 = Debug|Any CPU
		{95E763EC-CF8B-40F9-B323-3073563D7CDE}.Release|Any CPU.ActiveCfg = Release|Any CPU
		{95E763EC-CF8B-40F9-B323-3073563D7CDE}.Release|Any CPU.Build.0 = Release|Any CPU
		{648D8F54-701A-4DAC-93D0-9DC716977E0B}.Debug|Any CPU.ActiveCfg = Debug|Any CPU
		{648D8F54-701A-4DAC-93D0-9DC716977E0B}.Debug|Any CPU.Build.0 = Debug|Any CPU
		{648D8F54-701A-4DAC-93D0-9DC716977E0B}.Release|Any CPU.ActiveCfg = Release|Any CPU
		{648D8F54-701A-4DAC-93D0-9DC716977E0B}.Release|Any CPU.Build.0 = Release|Any CPU
		{B09CC2C6-A8AB-43FE-A072-C74F68C521EB}.Debug|Any CPU.ActiveCfg = Debug|Any CPU
		{B09CC2C6-A8AB-43FE-A072-C74F68C521EB}.Debug|Any CPU.Build.0 = Debug|Any CPU
		{B09CC2C6-A8AB-43FE-A072-C74F68C521EB}.Release|Any CPU.ActiveCfg = Release|Any CPU
		{B09CC2C6-A8AB-43FE-A072-C74F68C521EB}.Release|Any CPU.Build.0 = Release|Any CPU
		{E5B32579-A447-4F9B-9993-D513D093BA84}.Debug|Any CPU.ActiveCfg = Debug|Any CPU
		{E5B32579-A447-4F9B-9993-D513D093BA84}.Debug|Any CPU.Build.0 = Debug|Any CPU
		{E5B32579-A447-4F9B-9993-D513D093BA84}.Release|Any CPU.ActiveCfg = Release|Any CPU
		{E5B32579-A447-4F9B-9993-D513D093BA84}.Release|Any CPU.Build.0 = Release|Any CPU
		{B8746E48-11F6-4D1D-8217-FEF4121A29D8}.Debug|Any CPU.ActiveCfg = Debug|Any CPU
		{B8746E48-11F6-4D1D-8217-FEF4121A29D8}.Debug|Any CPU.Build.0 = Debug|Any CPU
		{B8746E48-11F6-4D1D-8217-FEF4121A29D8}.Release|Any CPU.ActiveCfg = Release|Any CPU
		{B8746E48-11F6-4D1D-8217-FEF4121A29D8}.Release|Any CPU.Build.0 = Release|Any CPU
		{7D463E05-7B56-4622-95F5-FFC4E24DF8C0}.Debug|Any CPU.ActiveCfg = Debug|Any CPU
		{7D463E05-7B56-4622-95F5-FFC4E24DF8C0}.Debug|Any CPU.Build.0 = Debug|Any CPU
		{7D463E05-7B56-4622-95F5-FFC4E24DF8C0}.Release|Any CPU.ActiveCfg = Release|Any CPU
		{7D463E05-7B56-4622-95F5-FFC4E24DF8C0}.Release|Any CPU.Build.0 = Release|Any CPU
		{A1BB1F1A-D060-4DA3-AF79-41D98F483675}.Debug|Any CPU.ActiveCfg = Debug|Any CPU
		{A1BB1F1A-D060-4DA3-AF79-41D98F483675}.Debug|Any CPU.Build.0 = Debug|Any CPU
		{A1BB1F1A-D060-4DA3-AF79-41D98F483675}.Release|Any CPU.ActiveCfg = Release|Any CPU
		{A1BB1F1A-D060-4DA3-AF79-41D98F483675}.Release|Any CPU.Build.0 = Release|Any CPU
		{3CCA78FF-BE55-485E-9D57-DE3C3FDB886F}.Debug|Any CPU.ActiveCfg = Debug|Any CPU
		{3CCA78FF-BE55-485E-9D57-DE3C3FDB886F}.Debug|Any CPU.Build.0 = Debug|Any CPU
		{3CCA78FF-BE55-485E-9D57-DE3C3FDB886F}.Release|Any CPU.ActiveCfg = Release|Any CPU
		{3CCA78FF-BE55-485E-9D57-DE3C3FDB886F}.Release|Any CPU.Build.0 = Release|Any CPU
		{7C9A33FE-D40E-4F7D-B604-6073A2AF1824}.Debug|Any CPU.ActiveCfg = Debug|Any CPU
		{7C9A33FE-D40E-4F7D-B604-6073A2AF1824}.Debug|Any CPU.Build.0 = Debug|Any CPU
		{7C9A33FE-D40E-4F7D-B604-6073A2AF1824}.Release|Any CPU.ActiveCfg = Release|Any CPU
		{7C9A33FE-D40E-4F7D-B604-6073A2AF1824}.Release|Any CPU.Build.0 = Release|Any CPU
		{8DB040C2-5654-4683-A53E-C0F5F7185BB2}.Debug|Any CPU.ActiveCfg = Debug|Any CPU
		{8DB040C2-5654-4683-A53E-C0F5F7185BB2}.Debug|Any CPU.Build.0 = Debug|Any CPU
		{8DB040C2-5654-4683-A53E-C0F5F7185BB2}.Release|Any CPU.ActiveCfg = Release|Any CPU
		{8DB040C2-5654-4683-A53E-C0F5F7185BB2}.Release|Any CPU.Build.0 = Release|Any CPU
		{29DA1B96-F902-4495-883F-F81DD37C610D}.Debug|Any CPU.ActiveCfg = Debug|Any CPU
		{29DA1B96-F902-4495-883F-F81DD37C610D}.Debug|Any CPU.Build.0 = Debug|Any CPU
		{29DA1B96-F902-4495-883F-F81DD37C610D}.Release|Any CPU.ActiveCfg = Release|Any CPU
		{29DA1B96-F902-4495-883F-F81DD37C610D}.Release|Any CPU.Build.0 = Release|Any CPU
		{E6436991-AA83-4C60-AB24-982A6CD56038}.Debug|Any CPU.ActiveCfg = Debug|Any CPU
		{E6436991-AA83-4C60-AB24-982A6CD56038}.Debug|Any CPU.Build.0 = Debug|Any CPU
		{E6436991-AA83-4C60-AB24-982A6CD56038}.Release|Any CPU.ActiveCfg = Release|Any CPU
		{E6436991-AA83-4C60-AB24-982A6CD56038}.Release|Any CPU.Build.0 = Release|Any CPU
		{223C1486-397C-48CC-AC8D-A6E750668C3A}.Debug|Any CPU.ActiveCfg = Debug|Any CPU
		{223C1486-397C-48CC-AC8D-A6E750668C3A}.Debug|Any CPU.Build.0 = Debug|Any CPU
		{223C1486-397C-48CC-AC8D-A6E750668C3A}.Release|Any CPU.ActiveCfg = Release|Any CPU
		{223C1486-397C-48CC-AC8D-A6E750668C3A}.Release|Any CPU.Build.0 = Release|Any CPU
		{EA055D1D-C265-41AB-97B7-157C5275051C}.Debug|Any CPU.ActiveCfg = Debug|Any CPU
		{EA055D1D-C265-41AB-97B7-157C5275051C}.Debug|Any CPU.Build.0 = Debug|Any CPU
		{EA055D1D-C265-41AB-97B7-157C5275051C}.Release|Any CPU.ActiveCfg = Release|Any CPU
		{EA055D1D-C265-41AB-97B7-157C5275051C}.Release|Any CPU.Build.0 = Release|Any CPU
	EndGlobalSection
	GlobalSection(SolutionProperties) = preSolution
		HideSolutionNode = FALSE
	EndGlobalSection
	GlobalSection(NestedProjects) = preSolution
		{0DC79E13-DE7A-417D-8A7B-64ABA3F4E1C8} = {D9F6B8A1-4B01-4708-8851-741FC19F2440}
		{553E7550-90BD-4DAE-9460-3D5B58BA4E00} = {FC8E8DB2-1299-44F4-A233-0EDCE225BB8C}
		{C167DD2C-B7E8-454E-8F29-05C87D1F6FD0} = {0C08FAE6-4CD9-4C7B-A849-EB0DB9BD1451}
		{19080B7C-ABE3-43FC-A436-BF7BE67FEC20} = {FC8E8DB2-1299-44F4-A233-0EDCE225BB8C}
		{7EE59FE2-C4B7-4A02-B270-DFFE12D80EF8} = {0C08FAE6-4CD9-4C7B-A849-EB0DB9BD1451}
		{9EF85E63-53DB-457F-AC54-29B54881F154} = {FC8E8DB2-1299-44F4-A233-0EDCE225BB8C}
		{093073B2-388C-4035-B9DE-38E8B23901E8} = {0C08FAE6-4CD9-4C7B-A849-EB0DB9BD1451}
		{2C8BC761-AE3A-4111-B9FC-3E27D4BB15AA} = {FC8E8DB2-1299-44F4-A233-0EDCE225BB8C}
		{E511BE3F-9514-4F49-86D7-1F168A5606A7} = {D9F6B8A1-4B01-4708-8851-741FC19F2440}
		{076E55F4-0237-4FE2-9332-7355385E46EE} = {FC8E8DB2-1299-44F4-A233-0EDCE225BB8C}
		{6805597E-F10D-4625-B3DE-88B3A40F8CF1} = {D9F6B8A1-4B01-4708-8851-741FC19F2440}
		{DA3D5D73-0058-484F-9D81-37F896D01FE3} = {6805597E-F10D-4625-B3DE-88B3A40F8CF1}
		{CABC42F0-658F-42FF-8FD4-40B7EF8694E3} = {D9F6B8A1-4B01-4708-8851-741FC19F2440}
		{63B7F68B-46C2-48A0-A4BC-ED38E1751403} = {FC8E8DB2-1299-44F4-A233-0EDCE225BB8C}
		{EED94EDD-8F7A-4002-B5C0-993125ED0130} = {FC8E8DB2-1299-44F4-A233-0EDCE225BB8C}
		{69E6B98B-81CF-4029-8F06-7A633672B105} = {0C08FAE6-4CD9-4C7B-A849-EB0DB9BD1451}
		{736417D6-56B0-46F7-9717-5C8E7A2327EA} = {D9F6B8A1-4B01-4708-8851-741FC19F2440}
		{A24B905A-CA34-43F4-BB7E-8D5BDB378513} = {C0559391-35D0-4F52-8224-589CEDA72A54}
		{C0559391-35D0-4F52-8224-589CEDA72A54} = {E511BE3F-9514-4F49-86D7-1F168A5606A7}
		{F0E272A8-B1F9-4C18-A55A-A37673034765} = {FC8E8DB2-1299-44F4-A233-0EDCE225BB8C}
		{CBDD29EC-7EEC-482B-BA26-AAD4ED6508C1} = {D9F6B8A1-4B01-4708-8851-741FC19F2440}
		{17CD389D-25DF-4075-980B-96C1A77C779E} = {0DC79E13-DE7A-417D-8A7B-64ABA3F4E1C8}
		{CE75AD84-EC90-449D-9C97-3BBC2A62BD4F} = {17CD389D-25DF-4075-980B-96C1A77C779E}
		{595F3EB1-3F3D-4942-9A5A-95CD8621607B} = {0DC79E13-DE7A-417D-8A7B-64ABA3F4E1C8}
		{516511F7-AB29-48D8-B654-5A64C09D5CDE} = {17CD389D-25DF-4075-980B-96C1A77C779E}
		{EE9450F4-0D4E-42D0-9B51-97B637082709} = {FC8E8DB2-1299-44F4-A233-0EDCE225BB8C}
		{2832A6A4-B658-4AC7-8CC6-3C5B1148DDDA} = {D9F6B8A1-4B01-4708-8851-741FC19F2440}
		{7D0E9F64-0026-40E0-BE68-4B6745C89508} = {0DC79E13-DE7A-417D-8A7B-64ABA3F4E1C8}
		{B361DA8D-6E98-42AF-933B-03D46A556A14} = {0DC79E13-DE7A-417D-8A7B-64ABA3F4E1C8}
		{8C59FA79-C374-4755-9195-1E36C14E8EB2} = {0DC79E13-DE7A-417D-8A7B-64ABA3F4E1C8}
		{8C7C06B1-A308-4AE2-9847-930BC59307EB} = {0DC79E13-DE7A-417D-8A7B-64ABA3F4E1C8}
		{E299B68D-3B53-46D8-80AC-22B7334D48A2} = {0DC79E13-DE7A-417D-8A7B-64ABA3F4E1C8}
		{B6EC68E3-95A7-4699-AC0F-4C37B557A778} = {595F3EB1-3F3D-4942-9A5A-95CD8621607B}
		{2D5C0329-C9E3-4C88-800A-3114E5B1D86D} = {595F3EB1-3F3D-4942-9A5A-95CD8621607B}
		{0003385E-8E39-4D7B-A36D-D0EAAF58AE9F} = {595F3EB1-3F3D-4942-9A5A-95CD8621607B}
		{4B4B4E07-BE7D-4A0F-9F46-A2C9101BFE84} = {7D0E9F64-0026-40E0-BE68-4B6745C89508}
		{197CEFD9-B3D7-4412-9779-DA2AAB948571} = {7D0E9F64-0026-40E0-BE68-4B6745C89508}
		{A39105A2-73B2-43A3-888E-070989E22EDE} = {B361DA8D-6E98-42AF-933B-03D46A556A14}
		{8574C3C3-B112-4969-B651-8A1E5EE07647} = {8C59FA79-C374-4755-9195-1E36C14E8EB2}
		{3BB90668-9DB6-4A60-99CE-3EAE000B57DA} = {17CD389D-25DF-4075-980B-96C1A77C779E}
		{45968E68-628C-424A-9D97-ABCAE0A40E78} = {FC8E8DB2-1299-44F4-A233-0EDCE225BB8C}
		{FF30E74E-0317-4439-9327-A0BB72B230D0} = {D9F6B8A1-4B01-4708-8851-741FC19F2440}
		{2F1AC178-B4D2-475D-8AD7-A1FEFBD19938} = {FF30E74E-0317-4439-9327-A0BB72B230D0}
		{2691BE45-E44C-4B4E-BDAD-8BD9F837BCBC} = {595F3EB1-3F3D-4942-9A5A-95CD8621607B}
		{94ADD2AF-0D36-4619-A71B-6D01E5CB7D5E} = {595F3EB1-3F3D-4942-9A5A-95CD8621607B}
		{89A5CF22-C375-4673-A42F-B72F49695667} = {D9F6B8A1-4B01-4708-8851-741FC19F2440}
		{C4C80BCB-C982-4F13-B34D-2B3D61F6CD3D} = {D9F6B8A1-4B01-4708-8851-741FC19F2440}
		{446692DF-6B68-4983-A8C0-204CAD8F7910} = {FC8E8DB2-1299-44F4-A233-0EDCE225BB8C}
		{CE8FDC96-11E9-4FA9-9F9D-351738D817D4} = {D9F6B8A1-4B01-4708-8851-741FC19F2440}
		{643B62BB-CF51-4D34-B899-636273B91123} = {0DC79E13-DE7A-417D-8A7B-64ABA3F4E1C8}
		{DADCB028-A3B4-4C1D-BBCF-849C2FE99030} = {FC8E8DB2-1299-44F4-A233-0EDCE225BB8C}
		{012359CF-083F-4814-B2DE-084648CBB709} = {0C08FAE6-4CD9-4C7B-A849-EB0DB9BD1451}
		{5CBF91E4-7BC4-40C4-A68C-55726C4D0E1B} = {D9F6B8A1-4B01-4708-8851-741FC19F2440}
		{0CD4A4DD-C880-42E3-8777-EDF1468EA916} = {7D0E9F64-0026-40E0-BE68-4B6745C89508}
		{16885504-62AA-4FC2-8DDB-7F4D57113222} = {FC8E8DB2-1299-44F4-A233-0EDCE225BB8C}
		{DA041F12-525F-432F-92DA-2AD9873BE70C} = {0C08FAE6-4CD9-4C7B-A849-EB0DB9BD1451}
		{CD70553D-C6F5-48C1-A700-4DE7512A069C} = {0DC79E13-DE7A-417D-8A7B-64ABA3F4E1C8}
		{8C080657-DE3A-4E3E-BC70-E1BFC6EB84F8} = {CD70553D-C6F5-48C1-A700-4DE7512A069C}
		{60F8B544-3B69-46B2-AE16-8BFF4C643F94} = {0C08FAE6-4CD9-4C7B-A849-EB0DB9BD1451}
		{5B228E47-A869-49FB-889E-4A813243F77A} = {FC8E8DB2-1299-44F4-A233-0EDCE225BB8C}
		{1A6904EB-3859-4901-803A-903DE27F6D60} = {D9F6B8A1-4B01-4708-8851-741FC19F2440}
		{CC517F6C-29CA-4557-9256-B3241058A23B} = {1A6904EB-3859-4901-803A-903DE27F6D60}
		{7DE85B5F-B5F0-4418-9E60-367FF9759DB7} = {0C08FAE6-4CD9-4C7B-A849-EB0DB9BD1451}
		{0F213191-E87F-4C95-AE94-7B8916DA1BBE} = {0C08FAE6-4CD9-4C7B-A849-EB0DB9BD1451}
		{11BE607F-1784-438D-AF93-F6A253CD1FE9} = {D9F6B8A1-4B01-4708-8851-741FC19F2440}
		{458D961B-BF7C-458C-8CD5-7DA8AB06DCCA} = {0DC79E13-DE7A-417D-8A7B-64ABA3F4E1C8}
		{B139507C-AAB4-45CB-A812-78ED58B3F314} = {458D961B-BF7C-458C-8CD5-7DA8AB06DCCA}
		{C8507C7C-8BF2-4BA6-8563-3D7A52EC9D42} = {FC8E8DB2-1299-44F4-A233-0EDCE225BB8C}
		{FB7E848C-C503-4835-A323-1FCF3E72AB71} = {D9F6B8A1-4B01-4708-8851-741FC19F2440}
		{F326CA08-F70C-4B87-8B33-56A86A1BBD8A} = {FC8E8DB2-1299-44F4-A233-0EDCE225BB8C}
		{479A3A06-C90D-4FEB-8237-86D62B23CAA9} = {0C08FAE6-4CD9-4C7B-A849-EB0DB9BD1451}
		{E605A939-0B55-4BEF-821A-D6A59C382232} = {17CD389D-25DF-4075-980B-96C1A77C779E}
		{864BF048-1229-463F-8B2A-6655B8770255} = {FC8E8DB2-1299-44F4-A233-0EDCE225BB8C}
		{03EF88CD-2897-4005-851C-9249D091E697} = {FB7E848C-C503-4835-A323-1FCF3E72AB71}
		{DF0960C9-1088-442A-B8A7-CAA3966A4271} = {D9F6B8A1-4B01-4708-8851-741FC19F2440}
		{4F3C23D6-D074-4B11-8926-633D92C015E1} = {DF0960C9-1088-442A-B8A7-CAA3966A4271}
		{ACBA60A5-46AE-4659-8117-22C741751F7A} = {D9F6B8A1-4B01-4708-8851-741FC19F2440}
		{2305424D-7DB6-44C1-8FCB-6D06241B5D7B} = {ACBA60A5-46AE-4659-8117-22C741751F7A}
		{339CC9B1-4ABB-4A93-A147-7BFA7434321A} = {FC8E8DB2-1299-44F4-A233-0EDCE225BB8C}
		{EF9F8FA4-6002-4498-8E60-9915A0D1DC4C} = {0C08FAE6-4CD9-4C7B-A849-EB0DB9BD1451}
		{CBA4C7C8-2425-4DDB-969E-831048D84BF3} = {D9F6B8A1-4B01-4708-8851-741FC19F2440}
		{0DFD74F8-432E-4630-A320-01EDCD28D896} = {595F3EB1-3F3D-4942-9A5A-95CD8621607B}
		{159274B7-426D-4CFB-9B6B-51E563AD10BB} = {0DC79E13-DE7A-417D-8A7B-64ABA3F4E1C8}
		{ACEF7477-6AD1-491E-8F14-C4A2B0506327} = {159274B7-426D-4CFB-9B6B-51E563AD10BB}
		{8F0912A5-F8DA-448A-9779-53701003547A} = {17CD389D-25DF-4075-980B-96C1A77C779E}
		{6E868D8F-448C-466F-85FC-8A81F8C60DC8} = {595F3EB1-3F3D-4942-9A5A-95CD8621607B}
		{1F697AC1-4224-4780-97C9-70F2A3AC99EE} = {595F3EB1-3F3D-4942-9A5A-95CD8621607B}
		{83F7AE5D-1CE9-463C-9D51-A844D8C1E282} = {595F3EB1-3F3D-4942-9A5A-95CD8621607B}
		{51D01D2C-D5F1-46DF-B4E8-6D222CBE9FF8} = {595F3EB1-3F3D-4942-9A5A-95CD8621607B}
		{2BE9441D-83D4-4F78-943B-00AE7B15B1D5} = {CBA4C7C8-2425-4DDB-969E-831048D84BF3}
		{FD0EB5E3-B7D8-44CB-BE55-36FD0CBDAF9D} = {0C08FAE6-4CD9-4C7B-A849-EB0DB9BD1451}
		{9E8F785B-3896-40C0-8B66-4F29BA33906B} = {0DC79E13-DE7A-417D-8A7B-64ABA3F4E1C8}
		{34EBF28A-C98C-4BB3-929B-F3B12C18A3FB} = {9E8F785B-3896-40C0-8B66-4F29BA33906B}
		{9B33AF0F-D64B-47CE-B8B4-921A308A2509} = {9E8F785B-3896-40C0-8B66-4F29BA33906B}
		{48B90FD6-B2AF-45E8-BB0F-1BB287A832C8} = {9E8F785B-3896-40C0-8B66-4F29BA33906B}
		{33BB73A8-FE0A-42DC-9123-8DFF48D780FE} = {FC8E8DB2-1299-44F4-A233-0EDCE225BB8C}
		{BD052D45-0AB7-4D70-A081-09E8F2610050} = {D9F6B8A1-4B01-4708-8851-741FC19F2440}
		{6B6883A1-3980-4E46-9CFF-7E793AFA8F38} = {BD052D45-0AB7-4D70-A081-09E8F2610050}
		{70AC5CA8-4B2B-4CB7-9360-F694F1A055FD} = {FC8E8DB2-1299-44F4-A233-0EDCE225BB8C}
		{97A30034-42D1-4464-9551-AA35D8838136} = {D9F6B8A1-4B01-4708-8851-741FC19F2440}
		{0EA6EBB8-26D2-4E3F-ACB2-47600F506820} = {D9F6B8A1-4B01-4708-8851-741FC19F2440}
		{D3B5C594-6BD5-467B-ABB1-9ABE874A8A61} = {1A6904EB-3859-4901-803A-903DE27F6D60}
		{08687AB7-3548-44DD-88D9-4407970CC2BF} = {8C7C06B1-A308-4AE2-9847-930BC59307EB}
		{8E4EA00B-7CBE-4832-AAEC-B6BFB720FA21} = {643B62BB-CF51-4D34-B899-636273B91123}
		{994F0ECD-B0A9-442A-B160-8300AA472DAD} = {E299B68D-3B53-46D8-80AC-22B7334D48A2}
		{87FBE600-1D83-4811-B3DF-D70DBF8A3E85} = {2832A6A4-B658-4AC7-8CC6-3C5B1148DDDA}
		{CA9DB5CE-868D-4E60-9C55-2D5DEFD28907} = {CBDD29EC-7EEC-482B-BA26-AAD4ED6508C1}
		{ABCC0D2F-05AE-486C-AD4D-5ECB84C4DA9E} = {CE8FDC96-11E9-4FA9-9F9D-351738D817D4}
		{8F7F436F-611C-48E1-901F-AEA5E6C8D574} = {1A6904EB-3859-4901-803A-903DE27F6D60}
		{FBAC40FA-A4F0-4443-9255-AC538C374E58} = {0EA6EBB8-26D2-4E3F-ACB2-47600F506820}
		{065969A6-5146-456A-A653-D451BC531B7C} = {97A30034-42D1-4464-9551-AA35D8838136}
		{8F3865FF-2DE5-480F-92DC-279BE7E1776F} = {E511BE3F-9514-4F49-86D7-1F168A5606A7}
		{DBD103E3-BE06-4C83-B9D5-130119EDDF6C} = {E511BE3F-9514-4F49-86D7-1F168A5606A7}
		{B2820A4D-0A92-4CB1-8E1E-B5BA0CEE10B3} = {E511BE3F-9514-4F49-86D7-1F168A5606A7}
		{316A3EBD-4243-41A7-8B24-627BFA293342} = {E511BE3F-9514-4F49-86D7-1F168A5606A7}
		{8CCCD0E1-5483-4F44-9E17-C6FAD90FFB7E} = {E511BE3F-9514-4F49-86D7-1F168A5606A7}
		{DEC1F525-5C7E-47E1-81A1-2E25DE07F71F} = {E511BE3F-9514-4F49-86D7-1F168A5606A7}
		{BA13B8F8-E659-4B36-954E-0DEAB9CA0D66} = {E511BE3F-9514-4F49-86D7-1F168A5606A7}
		{0E378D80-11F3-4069-AED3-197FD39D58E0} = {CABC42F0-658F-42FF-8FD4-40B7EF8694E3}
		{BB4FA7DE-6CF3-4B12-9CAA-43571EE93C90} = {5CBF91E4-7BC4-40C4-A68C-55726C4D0E1B}
		{4EB25514-E64E-405D-9C5E-3974BAE0F3A3} = {CBA4C7C8-2425-4DDB-969E-831048D84BF3}
		{2A3997FD-9969-4B88-94AC-611B24110BE5} = {89A5CF22-C375-4673-A42F-B72F49695667}
		{399EA0D7-2372-44EE-A6B8-922EE0AEFD25} = {C4C80BCB-C982-4F13-B34D-2B3D61F6CD3D}
		{92FD8086-1369-4B8D-9A25-C0B4E84B3B44} = {736417D6-56B0-46F7-9717-5C8E7A2327EA}
		{5AE7AAF3-6C36-4DFD-AA33-90AEAC24221A} = {736417D6-56B0-46F7-9717-5C8E7A2327EA}
		{56CBF688-D563-411B-B72F-F0EBE3F5AA51} = {FC8E8DB2-1299-44F4-A233-0EDCE225BB8C}
		{9E89BE00-37D3-4FB3-A8FC-8DA910998CD1} = {D9F6B8A1-4B01-4708-8851-741FC19F2440}
		{EDA9305E-55A6-41EC-A38C-502F4A2E27AA} = {9E89BE00-37D3-4FB3-A8FC-8DA910998CD1}
		{26E416B4-7084-4D1F-A2D6-FDDD8B39DD69} = {EDA9305E-55A6-41EC-A38C-502F4A2E27AA}
		{2205341E-C20E-4C3B-8F26-05411CA5617C} = {9E89BE00-37D3-4FB3-A8FC-8DA910998CD1}
		{6EE8EC74-BC11-4B8B-8925-DF21F203DFDF} = {0C08FAE6-4CD9-4C7B-A849-EB0DB9BD1451}
		{4AF13589-5535-4A4C-A95B-F13F97775771} = {11BE607F-1784-438D-AF93-F6A253CD1FE9}
		{CC4F6A72-6840-407A-B27B-6FE872B0A91F} = {FC8E8DB2-1299-44F4-A233-0EDCE225BB8C}
		{822C7646-3752-492B-9ED8-BC62A071E516} = {0C08FAE6-4CD9-4C7B-A849-EB0DB9BD1451}
		{20338AB6-47BA-4459-96CF-CECFAA47AAEA} = {D9F6B8A1-4B01-4708-8851-741FC19F2440}
		{17659E91-F90B-41A0-8560-D31D9882C004} = {20338AB6-47BA-4459-96CF-CECFAA47AAEA}
		{75117B1E-E347-4DA4-AF14-A6FCA7FAE949} = {FC8E8DB2-1299-44F4-A233-0EDCE225BB8C}
		{E80F345B-A6BA-4B7E-B2EB-6F1FF7AEFD18} = {FC8E8DB2-1299-44F4-A233-0EDCE225BB8C}
		{AFD81DED-CAA0-4DC6-A455-0B675391554A} = {FC8E8DB2-1299-44F4-A233-0EDCE225BB8C}
		{7E7A9641-5CB2-4AE0-B3EB-11DFDE3D9CCA} = {0C08FAE6-4CD9-4C7B-A849-EB0DB9BD1451}
		{CEA33511-F3EB-49E7-B961-F226E4E5CF5D} = {0C08FAE6-4CD9-4C7B-A849-EB0DB9BD1451}
		{EA676912-E64A-4E7A-B1D3-D77333FCF770} = {0C08FAE6-4CD9-4C7B-A849-EB0DB9BD1451}
		{0CC6E46B-5B02-4EB0-A927-4C0F1FF3726F} = {FC8E8DB2-1299-44F4-A233-0EDCE225BB8C}
		{9F9E0484-B7C2-4CEC-B47B-D0AE62512F1B} = {D9F6B8A1-4B01-4708-8851-741FC19F2440}
		{04AE8DA4-A6B0-4211-980A-6EC1CBF736E6} = {FC8E8DB2-1299-44F4-A233-0EDCE225BB8C}
		{7E4971A2-6672-4D47-825B-FFF53283D72D} = {9F9E0484-B7C2-4CEC-B47B-D0AE62512F1B}
		{35A59319-72DA-4230-9908-A56F9265C2F0} = {20338AB6-47BA-4459-96CF-CECFAA47AAEA}
		{95E763EC-CF8B-40F9-B323-3073563D7CDE} = {35A59319-72DA-4230-9908-A56F9265C2F0}
		{13DA98B5-96F6-4F75-942B-8BBCEB1EFA1F} = {D9F6B8A1-4B01-4708-8851-741FC19F2440}
		{09E566C2-F5CD-41EE-9678-6BCB50E6CAA5} = {13DA98B5-96F6-4F75-942B-8BBCEB1EFA1F}
		{648D8F54-701A-4DAC-93D0-9DC716977E0B} = {09E566C2-F5CD-41EE-9678-6BCB50E6CAA5}
		{B09CC2C6-A8AB-43FE-A072-C74F68C521EB} = {C13798A8-E6DF-42EE-9B51-BD36FA7063EC}
		{E5B32579-A447-4F9B-9993-D513D093BA84} = {5CBF91E4-7BC4-40C4-A68C-55726C4D0E1B}
		{B8746E48-11F6-4D1D-8217-FEF4121A29D8} = {9F9E0484-B7C2-4CEC-B47B-D0AE62512F1B}
		{7D463E05-7B56-4622-95F5-FFC4E24DF8C0} = {8C59FA79-C374-4755-9195-1E36C14E8EB2}
		{A1BB1F1A-D060-4DA3-AF79-41D98F483675} = {FC8E8DB2-1299-44F4-A233-0EDCE225BB8C}
		{A91B8047-0BEE-4480-87BD-F41320D8F40E} = {D9F6B8A1-4B01-4708-8851-741FC19F2440}
		{6D8D98C4-C346-44B7-A901-A0D02395618D} = {A91B8047-0BEE-4480-87BD-F41320D8F40E}
		{3CCA78FF-BE55-485E-9D57-DE3C3FDB886F} = {6D8D98C4-C346-44B7-A901-A0D02395618D}
		{7C9A33FE-D40E-4F7D-B604-6073A2AF1824} = {6D8D98C4-C346-44B7-A901-A0D02395618D}
		{8DB040C2-5654-4683-A53E-C0F5F7185BB2} = {6D8D98C4-C346-44B7-A901-A0D02395618D}
		{1CD4E66C-1DBA-4D81-83A9-5CAFC692023E} = {A91B8047-0BEE-4480-87BD-F41320D8F40E}
		{29DA1B96-F902-4495-883F-F81DD37C610D} = {1CD4E66C-1DBA-4D81-83A9-5CAFC692023E}
		{E6436991-AA83-4C60-AB24-982A6CD56038} = {1CD4E66C-1DBA-4D81-83A9-5CAFC692023E}
		{223C1486-397C-48CC-AC8D-A6E750668C3A} = {0C08FAE6-4CD9-4C7B-A849-EB0DB9BD1451}
		{27552239-3553-4F39-A793-BBE2D58BF1AC} = {0DC79E13-DE7A-417D-8A7B-64ABA3F4E1C8}
		{EA055D1D-C265-41AB-97B7-157C5275051C} = {27552239-3553-4F39-A793-BBE2D58BF1AC}
	EndGlobalSection
	GlobalSection(ExtensibilityGlobals) = postSolution
		SolutionGuid = {19DD11B3-596E-4862-B5C4-1FFFFB173106}
	EndGlobalSection
EndGlobal
