{
  "version": 1,
  "dependencies": {
    "net7.0": {
      "Amazon.CDK": {
        "type": "Transitive",
        "resolved": "1.201.0",
        "contentHash": "vxjjKyHYKoDi5PRA7ejXSQguS9074h6mIiqq8gMABQf/feT1PU3IuU1V+PG80xVV/xbvWE9fUwVwHURr6F0Qrg==",
        "dependencies": {
          "Amazon.CDK.CXAPI": "1.201.0",
          "Amazon.CDK.CloudAssembly.Schema": "1.201.0",
          "Amazon.CDK.RegionInfo": "1.201.0",
          "Amazon.JSII.Runtime": "[1.74.0, 2.0.0)",
          "Constructs": "[3.3.69, 4.0.0)"
        }
      },
      "Amazon.CDK.Assets": {
        "type": "Transitive",
        "resolved": "1.201.0",
        "contentHash": "LgzJDJSq8x24RaQ87t5Kj/gR3o8wtN1vUlXfRAXkfiqTh7PkCpTsvmvdfU5VfMESM6pL7lKHIA9MaCGJsP6UQw==",
        "dependencies": {
          "Amazon.CDK": "1.201.0",
          "Amazon.CDK.CXAPI": "1.201.0",
          "Amazon.JSII.Runtime": "[1.74.0, 2.0.0)",
          "Constructs": "[3.3.69, 4.0.0)"
        }
      },
      "Amazon.CDK.AWS.ACMPCA": {
        "type": "Transitive",
        "resolved": "1.201.0",
        "contentHash": "uD8aUYzICk/Fz7gMkfcNMcx3jEK7uGhkLIOczMVZOD7K0y+mzQZcudlR0AglkSSDs/9XZ6wrFWV7qQR15vmvzw==",
        "dependencies": {
          "Amazon.CDK": "1.201.0",
          "Amazon.JSII.Runtime": "[1.74.0, 2.0.0)",
          "Constructs": "[3.3.69, 4.0.0)"
        }
      },
      "Amazon.CDK.AWS.ApplicationAutoScaling": {
        "type": "Transitive",
        "resolved": "1.201.0",
        "contentHash": "zCSb/Zo4CVBu3V6aG9E3l8UAqFajeTA+NqfxqpBZQYakHulMsTPPPrNJ1CvFtodHexRogvNTCyAWEHUStYDSfw==",
        "dependencies": {
          "Amazon.CDK": "1.201.0",
          "Amazon.CDK.AWS.AutoScaling.Common": "1.201.0",
          "Amazon.CDK.AWS.CloudWatch": "1.201.0",
          "Amazon.CDK.AWS.IAM": "1.201.0",
          "Amazon.JSII.Runtime": "[1.74.0, 2.0.0)",
          "Constructs": "[3.3.69, 4.0.0)"
        }
      },
      "Amazon.CDK.AWS.AppSync": {
        "type": "Transitive",
        "resolved": "1.201.0",
        "contentHash": "eFpkhdSDB8yjDFEVT0u7xCFUkDlU41KLFUPKZ6Zky8YLSIm9qb0Jpn/+zPMOYg1x1XSCRw3zMLW5/2WEcifFsg==",
        "dependencies": {
          "Amazon.CDK": "1.201.0",
          "Amazon.CDK.AWS.CertificateManager": "1.201.0",
          "Amazon.CDK.AWS.Cognito": "1.201.0",
          "Amazon.CDK.AWS.DynamoDB": "1.201.0",
          "Amazon.CDK.AWS.EC2": "1.201.0",
          "Amazon.CDK.AWS.Elasticsearch": "1.201.0",
          "Amazon.CDK.AWS.IAM": "1.201.0",
          "Amazon.CDK.AWS.Lambda": "1.201.0",
          "Amazon.CDK.AWS.OpenSearchService": "1.201.0",
          "Amazon.CDK.AWS.RDS": "1.201.0",
          "Amazon.CDK.AWS.S3.Assets": "1.201.0",
          "Amazon.CDK.AWS.SecretsManager": "1.201.0",
          "Amazon.JSII.Runtime": "[1.74.0, 2.0.0)",
          "Constructs": "[3.3.69, 4.0.0)"
        }
      },
      "Amazon.CDK.AWS.AutoScaling.Common": {
        "type": "Transitive",
        "resolved": "1.201.0",
        "contentHash": "MZyJW4/yRGhcMn0ukv5CrKTiWpsGGxnwGcyqBBpzeHO3p9IvNFQIcJEwff3CzuKkqpHG4X1EaZodBYLdu9rS8w==",
        "dependencies": {
          "Amazon.CDK": "1.201.0",
          "Amazon.CDK.AWS.IAM": "1.201.0",
          "Amazon.JSII.Runtime": "[1.74.0, 2.0.0)",
          "Constructs": "[3.3.69, 4.0.0)"
        }
      },
      "Amazon.CDK.AWS.CertificateManager": {
        "type": "Transitive",
        "resolved": "1.201.0",
        "contentHash": "pPtnhL182X1Ffpm4fuBG1nYHQYEa71Dqb0Oyv9gQOO6B2xHMffrwu3qQO79zLo0pxsmEoSipAn9eE/d1vU0lAQ==",
        "dependencies": {
          "Amazon.CDK": "1.201.0",
          "Amazon.CDK.AWS.ACMPCA": "1.201.0",
          "Amazon.CDK.AWS.CloudWatch": "1.201.0",
          "Amazon.CDK.AWS.IAM": "1.201.0",
          "Amazon.CDK.AWS.Lambda": "1.201.0",
          "Amazon.CDK.AWS.Route53": "1.201.0",
          "Amazon.JSII.Runtime": "[1.74.0, 2.0.0)",
          "Constructs": "[3.3.69, 4.0.0)"
        }
      },
      "Amazon.CDK.AWS.CloudFormation": {
        "type": "Transitive",
        "resolved": "1.201.0",
        "contentHash": "FxJppnH8sEW5GdvBxSY43MCdrL99+mlUqpDi7t9X6Ut3T3oBIAiuv/ruaIcARxsCTiCTkqgy2TXugNvTJm6v9g==",
        "dependencies": {
          "Amazon.CDK": "1.201.0",
          "Amazon.CDK.AWS.IAM": "1.201.0",
          "Amazon.CDK.AWS.Lambda": "1.201.0",
          "Amazon.CDK.AWS.S3": "1.201.0",
          "Amazon.CDK.AWS.SNS": "1.201.0",
          "Amazon.CDK.CXAPI": "1.201.0",
          "Amazon.JSII.Runtime": "[1.74.0, 2.0.0)",
          "Constructs": "[3.3.69, 4.0.0)"
        }
      },
      "Amazon.CDK.AWS.CloudWatch": {
        "type": "Transitive",
        "resolved": "1.201.0",
        "contentHash": "1vgfLTCd6Hwe7gUmzG1G9T4jNE8Nafl9obqC3erwI3dclL5g1pQdvETbj811EnteOVy/wXzPmah0q0LgEyLxXw==",
        "dependencies": {
          "Amazon.CDK": "1.201.0",
          "Amazon.CDK.AWS.IAM": "1.201.0",
          "Amazon.JSII.Runtime": "[1.74.0, 2.0.0)",
          "Constructs": "[3.3.69, 4.0.0)"
        }
      },
      "Amazon.CDK.AWS.CodeGuruProfiler": {
        "type": "Transitive",
        "resolved": "1.201.0",
        "contentHash": "bFGT+bcHV8RXl/fcCLUfqH0Ubfrkglmo/tDrGJs3WyjLxs2PuLtVektca/k1PQ+I7xp9/BAMQC1pAVkdhl3KGw==",
        "dependencies": {
          "Amazon.CDK": "1.201.0",
          "Amazon.CDK.AWS.IAM": "1.201.0",
          "Amazon.JSII.Runtime": "[1.74.0, 2.0.0)",
          "Constructs": "[3.3.69, 4.0.0)"
        }
      },
      "Amazon.CDK.AWS.CodeStarNotifications": {
        "type": "Transitive",
        "resolved": "1.201.0",
        "contentHash": "87Edt8cvnqc6ur4jjAuRjQTTSGmluVd1G+zAtJoYJ2y9InO3AsS0FP0nmeN7BGRiqfxMVCI/SkRV5BWG5Sc2ag==",
        "dependencies": {
          "Amazon.CDK": "1.201.0",
          "Amazon.JSII.Runtime": "[1.74.0, 2.0.0)",
          "Constructs": "[3.3.69, 4.0.0)"
        }
      },
      "Amazon.CDK.AWS.Cognito": {
        "type": "Transitive",
        "resolved": "1.201.0",
        "contentHash": "Uq1eE6xef+kuYFsCGJaXHnoRsKIdygsCNcPsNHwn2Bk3QBWtWGmjHU0N91LLdEcRUR8mFQZ+u30YQFV8xBqYxg==",
        "dependencies": {
          "Amazon.CDK": "1.201.0",
          "Amazon.CDK.AWS.CertificateManager": "1.201.0",
          "Amazon.CDK.AWS.CustomResources": "1.201.0",
          "Amazon.CDK.AWS.IAM": "1.201.0",
          "Amazon.CDK.AWS.KMS": "1.201.0",
          "Amazon.CDK.AWS.Lambda": "1.201.0",
          "Amazon.JSII.Runtime": "[1.74.0, 2.0.0)",
          "Constructs": "[3.3.69, 4.0.0)"
        }
      },
      "Amazon.CDK.AWS.CustomResources": {
        "type": "Transitive",
        "resolved": "1.201.0",
        "contentHash": "po4PqP5GZF3AxXSdOc7wjqhnPlWhY9966rXxu5axHI2A4KsN/wnSAb2QLmT4CogPW9XOH5V1dRe6JLr+R3m5UQ==",
        "dependencies": {
          "Amazon.CDK": "1.201.0",
          "Amazon.CDK.AWS.CloudFormation": "1.201.0",
          "Amazon.CDK.AWS.EC2": "1.201.0",
          "Amazon.CDK.AWS.IAM": "1.201.0",
          "Amazon.CDK.AWS.Lambda": "1.201.0",
          "Amazon.CDK.AWS.Logs": "1.201.0",
          "Amazon.CDK.AWS.SNS": "1.201.0",
          "Amazon.JSII.Runtime": "[1.74.0, 2.0.0)",
          "Constructs": "[3.3.69, 4.0.0)"
        }
      },
      "Amazon.CDK.AWS.DynamoDB": {
        "type": "Transitive",
        "resolved": "1.201.0",
        "contentHash": "el/L59ROaoQsWE/RJwMoUDifnO+pM5laLL4dea1wSWz4yuMAsuWQL9oHzqTx1waCsTbBMW68Lq3xy5Etp0iBpQ==",
        "dependencies": {
          "Amazon.CDK": "1.201.0",
          "Amazon.CDK.AWS.ApplicationAutoScaling": "1.201.0",
          "Amazon.CDK.AWS.CloudWatch": "1.201.0",
          "Amazon.CDK.AWS.CustomResources": "1.201.0",
          "Amazon.CDK.AWS.IAM": "1.201.0",
          "Amazon.CDK.AWS.KMS": "1.201.0",
          "Amazon.CDK.AWS.Kinesis": "1.201.0",
          "Amazon.CDK.AWS.Lambda": "1.201.0",
          "Amazon.JSII.Runtime": "[1.74.0, 2.0.0)",
          "Constructs": "[3.3.69, 4.0.0)"
        }
      },
      "Amazon.CDK.AWS.EC2": {
        "type": "Transitive",
        "resolved": "1.201.0",
        "contentHash": "UeTQ5JTzD5NhYw8Cr3by6SAhjtZEwHsJ6+54CLPlkYg4DFnXs5deTpPFIBWnZU3nhiM/KwUjoUpxT6brUncGbA==",
        "dependencies": {
          "Amazon.CDK": "1.201.0",
          "Amazon.CDK.AWS.CloudWatch": "1.201.0",
          "Amazon.CDK.AWS.IAM": "1.201.0",
          "Amazon.CDK.AWS.KMS": "1.201.0",
          "Amazon.CDK.AWS.Logs": "1.201.0",
          "Amazon.CDK.AWS.S3": "1.201.0",
          "Amazon.CDK.AWS.S3.Assets": "1.201.0",
          "Amazon.CDK.AWS.SSM": "1.201.0",
          "Amazon.CDK.CXAPI": "1.201.0",
          "Amazon.CDK.CloudAssembly.Schema": "1.201.0",
          "Amazon.CDK.RegionInfo": "1.201.0",
          "Amazon.JSII.Runtime": "[1.74.0, 2.0.0)",
          "Constructs": "[3.3.69, 4.0.0)"
        }
      },
      "Amazon.CDK.AWS.ECR": {
        "type": "Transitive",
        "resolved": "1.201.0",
        "contentHash": "YT8WvrtXF4cEwlejEt6sAsD1Ur96YhwgwENoofx4bTZepeK0kM6gW5bYLN88JrDJnlNItJx5CumDHhemnhuaKg==",
        "dependencies": {
          "Amazon.CDK": "1.201.0",
          "Amazon.CDK.AWS.Events": "1.201.0",
          "Amazon.CDK.AWS.IAM": "1.201.0",
          "Amazon.CDK.AWS.KMS": "1.201.0",
          "Amazon.JSII.Runtime": "[1.74.0, 2.0.0)",
          "Constructs": "[3.3.69, 4.0.0)"
        }
      },
      "Amazon.CDK.AWS.EFS": {
        "type": "Transitive",
        "resolved": "1.201.0",
        "contentHash": "5SQpZ3vkBGW2kL+hDTG5vdPW+IDWFJS1lXMbGIl3Kub5iw9UsxcMp2STjvjyUiKA7tRj4T+IWZn8aStDxcLOsg==",
        "dependencies": {
          "Amazon.CDK": "1.201.0",
          "Amazon.CDK.AWS.EC2": "1.201.0",
          "Amazon.CDK.AWS.IAM": "1.201.0",
          "Amazon.CDK.AWS.KMS": "1.201.0",
          "Amazon.CDK.CXAPI": "1.201.0",
          "Amazon.CDK.CloudAssembly.Schema": "1.201.0",
          "Amazon.JSII.Runtime": "[1.74.0, 2.0.0)",
          "Constructs": "[3.3.69, 4.0.0)"
        }
      },
      "Amazon.CDK.AWS.Elasticsearch": {
        "type": "Transitive",
        "resolved": "1.201.0",
        "contentHash": "u/x0RevBX6HBFRApe6arHdxBOlMlZud4ATX2m8HgWirOzgT4DEY874nOnGZ/YG91StfCkLIfQw+cfDESG4hYzQ==",
        "dependencies": {
          "Amazon.CDK": "1.201.0",
          "Amazon.CDK.AWS.CertificateManager": "1.201.0",
          "Amazon.CDK.AWS.CloudWatch": "1.201.0",
          "Amazon.CDK.AWS.CustomResources": "1.201.0",
          "Amazon.CDK.AWS.EC2": "1.201.0",
          "Amazon.CDK.AWS.IAM": "1.201.0",
          "Amazon.CDK.AWS.KMS": "1.201.0",
          "Amazon.CDK.AWS.Logs": "1.201.0",
          "Amazon.CDK.AWS.Route53": "1.201.0",
          "Amazon.CDK.AWS.SecretsManager": "1.201.0",
          "Amazon.JSII.Runtime": "[1.74.0, 2.0.0)",
          "Constructs": "[3.3.69, 4.0.0)"
        }
      },
      "Amazon.CDK.AWS.Events": {
        "type": "Transitive",
        "resolved": "1.201.0",
        "contentHash": "ygtwtSuc8ANTgtlq5KWrbmFcftoT0sw7/aK9omkJ61yQ/0xOMb5WKZT9BJfdGSnl3ar3IDLnSycNrqkNYs+gWQ==",
        "dependencies": {
          "Amazon.CDK": "1.201.0",
          "Amazon.CDK.AWS.IAM": "1.201.0",
          "Amazon.JSII.Runtime": "[1.74.0, 2.0.0)",
          "Constructs": "[3.3.69, 4.0.0)"
        }
      },
      "Amazon.CDK.AWS.IAM": {
        "type": "Transitive",
        "resolved": "1.201.0",
        "contentHash": "OaGFyAyv96A1Q303Cx9das8dJGwrhV089YoV/ceLSU5I5SusMTLZD2BDC5Z5kIvyi4BoQmbm7xOZkhQ7yWcn9w==",
        "dependencies": {
          "Amazon.CDK": "1.201.0",
          "Amazon.CDK.CXAPI": "1.201.0",
          "Amazon.CDK.RegionInfo": "1.201.0",
          "Amazon.JSII.Runtime": "[1.74.0, 2.0.0)",
          "Constructs": "[3.3.69, 4.0.0)"
        }
      },
      "Amazon.CDK.AWS.Kinesis": {
        "type": "Transitive",
        "resolved": "1.201.0",
        "contentHash": "uCSauyeJHJWwdHFriNx+cWIGjwMci83aRtbFlhptiV3PSS9AFGJrQZdIwR1Pj+XuLeRWSL3e0eTar/vkxAVNBQ==",
        "dependencies": {
          "Amazon.CDK": "1.201.0",
          "Amazon.CDK.AWS.CloudWatch": "1.201.0",
          "Amazon.CDK.AWS.IAM": "1.201.0",
          "Amazon.CDK.AWS.KMS": "1.201.0",
          "Amazon.CDK.AWS.Logs": "1.201.0",
          "Amazon.JSII.Runtime": "[1.74.0, 2.0.0)",
          "Constructs": "[3.3.69, 4.0.0)"
        }
      },
      "Amazon.CDK.AWS.KMS": {
        "type": "Transitive",
        "resolved": "1.201.0",
        "contentHash": "mV6seCmyr8KlKuXmD3jvwmMb3G15GfG9GfSLYbb+No/Rbzd8zsDOb5Vc2qk/khDL8+YVXsEfbiE+wFhiS36hAg==",
        "dependencies": {
          "Amazon.CDK": "1.201.0",
          "Amazon.CDK.AWS.IAM": "1.201.0",
          "Amazon.CDK.CXAPI": "1.201.0",
          "Amazon.CDK.CloudAssembly.Schema": "1.201.0",
          "Amazon.JSII.Runtime": "[1.74.0, 2.0.0)",
          "Constructs": "[3.3.69, 4.0.0)"
        }
      },
      "Amazon.CDK.AWS.Lambda": {
        "type": "Transitive",
        "resolved": "1.201.0",
        "contentHash": "bqFwHmBpUcs59oQ/s2iKgXCzEZuq03PswALnpGuoaQ52KRszPfHKHC8yviEgFvgjf6nMltk5rNG3bHQqTSkJFg==",
        "dependencies": {
          "Amazon.CDK": "1.201.0",
          "Amazon.CDK.AWS.ApplicationAutoScaling": "1.201.0",
          "Amazon.CDK.AWS.CloudWatch": "1.201.0",
          "Amazon.CDK.AWS.CodeGuruProfiler": "1.201.0",
          "Amazon.CDK.AWS.EC2": "1.201.0",
          "Amazon.CDK.AWS.ECR": "1.201.0",
          "Amazon.CDK.AWS.EFS": "1.201.0",
          "Amazon.CDK.AWS.Events": "1.201.0",
          "Amazon.CDK.AWS.IAM": "1.201.0",
          "Amazon.CDK.AWS.KMS": "1.201.0",
          "Amazon.CDK.AWS.Logs": "1.201.0",
          "Amazon.CDK.AWS.S3": "1.201.0",
          "Amazon.CDK.AWS.S3.Assets": "1.201.0",
          "Amazon.CDK.AWS.SNS": "1.201.0",
          "Amazon.CDK.AWS.SQS": "1.201.0",
          "Amazon.CDK.AWS.Signer": "1.201.0",
          "Amazon.CDK.CXAPI": "1.201.0",
          "Amazon.CDK.ECR.Assets": "1.201.0",
          "Amazon.CDK.RegionInfo": "1.201.0",
          "Amazon.JSII.Runtime": "[1.74.0, 2.0.0)",
          "Constructs": "[3.3.69, 4.0.0)"
        }
      },
      "Amazon.CDK.AWS.Logs": {
        "type": "Transitive",
        "resolved": "1.201.0",
        "contentHash": "j2EOsDyLHZfjGuAivMCYaSlWtv7fq+LCRRuDAM4HiW6FOV5K5x8nygNzKEo/NfelTSMsbvw5Z3YF1MXLdHBrmA==",
        "dependencies": {
          "Amazon.CDK": "1.201.0",
          "Amazon.CDK.AWS.CloudWatch": "1.201.0",
          "Amazon.CDK.AWS.IAM": "1.201.0",
          "Amazon.CDK.AWS.KMS": "1.201.0",
          "Amazon.CDK.AWS.S3.Assets": "1.201.0",
          "Amazon.CDK.CXAPI": "1.201.0",
          "Amazon.JSII.Runtime": "[1.74.0, 2.0.0)",
          "Constructs": "[3.3.69, 4.0.0)"
        }
      },
      "Amazon.CDK.AWS.OpenSearchService": {
        "type": "Transitive",
        "resolved": "1.201.0",
        "contentHash": "br02x85jPAzrCotmbsi2vR662ru7KK6Oa+B3iWD9La/FSK/XQXQkqz6ouLztBctWEHAiv/rU39uCCUCnc1InxA==",
        "dependencies": {
          "Amazon.CDK": "1.201.0",
          "Amazon.CDK.AWS.CertificateManager": "1.201.0",
          "Amazon.CDK.AWS.CloudWatch": "1.201.0",
          "Amazon.CDK.AWS.CustomResources": "1.201.0",
          "Amazon.CDK.AWS.EC2": "1.201.0",
          "Amazon.CDK.AWS.IAM": "1.201.0",
          "Amazon.CDK.AWS.KMS": "1.201.0",
          "Amazon.CDK.AWS.Logs": "1.201.0",
          "Amazon.CDK.AWS.Route53": "1.201.0",
          "Amazon.CDK.AWS.SecretsManager": "1.201.0",
          "Amazon.JSII.Runtime": "[1.74.0, 2.0.0)",
          "Constructs": "[3.3.69, 4.0.0)"
        }
      },
      "Amazon.CDK.AWS.RDS": {
        "type": "Transitive",
        "resolved": "1.201.0",
        "contentHash": "CuzZ2QlOvN9Fpg8XYzC4uqZERNjfAepQpOUchgDolew5q3VPOW3jjdD1v1bqEIgM+4nyV6zRuQ1AC8n3G7c0Jw==",
        "dependencies": {
          "Amazon.CDK": "1.201.0",
          "Amazon.CDK.AWS.CloudWatch": "1.201.0",
          "Amazon.CDK.AWS.EC2": "1.201.0",
          "Amazon.CDK.AWS.Events": "1.201.0",
          "Amazon.CDK.AWS.IAM": "1.201.0",
          "Amazon.CDK.AWS.KMS": "1.201.0",
          "Amazon.CDK.AWS.Logs": "1.201.0",
          "Amazon.CDK.AWS.S3": "1.201.0",
          "Amazon.CDK.AWS.SecretsManager": "1.201.0",
          "Amazon.CDK.CXAPI": "1.201.0",
          "Amazon.JSII.Runtime": "[1.74.0, 2.0.0)",
          "Constructs": "[3.3.69, 4.0.0)"
        }
      },
      "Amazon.CDK.AWS.Route53": {
        "type": "Transitive",
        "resolved": "1.201.0",
        "contentHash": "JlW7soQTxXiBGDkMC9NK0s6kdz686yBkdC5EpvuO9ebCBVkX+wIqFejj8IF1boFsM0gX4nJfe89GtL8+lcs19Q==",
        "dependencies": {
          "Amazon.CDK": "1.201.0",
          "Amazon.CDK.AWS.CustomResources": "1.201.0",
          "Amazon.CDK.AWS.EC2": "1.201.0",
          "Amazon.CDK.AWS.IAM": "1.201.0",
          "Amazon.CDK.AWS.Logs": "1.201.0",
          "Amazon.CDK.CloudAssembly.Schema": "1.201.0",
          "Amazon.JSII.Runtime": "[1.74.0, 2.0.0)",
          "Constructs": "[3.3.69, 4.0.0)"
        }
      },
      "Amazon.CDK.AWS.S3": {
        "type": "Transitive",
        "resolved": "1.201.0",
        "contentHash": "ThD1r6gUxsAUylrFtOBEtUJnObMRRwbYNB0+GjcWcv9B2ZGnIu+abL+n8b5bASXKiQsU0EZ3jfgItCUN0x+/+g==",
        "dependencies": {
          "Amazon.CDK": "1.201.0",
          "Amazon.CDK.AWS.Events": "1.201.0",
          "Amazon.CDK.AWS.IAM": "1.201.0",
          "Amazon.CDK.AWS.KMS": "1.201.0",
          "Amazon.CDK.CXAPI": "1.201.0",
          "Amazon.JSII.Runtime": "[1.74.0, 2.0.0)",
          "Constructs": "[3.3.69, 4.0.0)"
        }
      },
      "Amazon.CDK.AWS.S3.Assets": {
        "type": "Transitive",
        "resolved": "1.201.0",
        "contentHash": "ZvCTHEEKCwl0CwlUR12fkeViHFb95r63sq4ovZhQzHvfljNnwwOY+50aWRN8OxJjGbLafs89lEbtnWhQSE6evw==",
        "dependencies": {
          "Amazon.CDK": "1.201.0",
          "Amazon.CDK.AWS.IAM": "1.201.0",
          "Amazon.CDK.AWS.KMS": "1.201.0",
          "Amazon.CDK.AWS.S3": "1.201.0",
          "Amazon.CDK.Assets": "1.201.0",
          "Amazon.CDK.CXAPI": "1.201.0",
          "Amazon.JSII.Runtime": "[1.74.0, 2.0.0)",
          "Constructs": "[3.3.69, 4.0.0)"
        }
      },
      "Amazon.CDK.AWS.SAM": {
        "type": "Transitive",
        "resolved": "1.201.0",
        "contentHash": "tdAFooNrMGaYHB5edypIg32urrj73nUUjle+3agbC4ikSARB0yYQZ0ZO0AVx55kRLcynQdhWm6iIHF4cL+XCMA==",
        "dependencies": {
          "Amazon.CDK": "1.201.0",
          "Amazon.JSII.Runtime": "[1.74.0, 2.0.0)",
          "Constructs": "[3.3.69, 4.0.0)"
        }
      },
      "Amazon.CDK.AWS.SecretsManager": {
        "type": "Transitive",
        "resolved": "1.201.0",
        "contentHash": "RKXfludsifNtysiAMo9duW9oDPGzksl4qcbgIce6dDhLqLk7jmLPTvR6KEsCrYyykINTJk7udLCzrDqQJt9ZkQ==",
        "dependencies": {
          "Amazon.CDK": "1.201.0",
          "Amazon.CDK.AWS.EC2": "1.201.0",
          "Amazon.CDK.AWS.IAM": "1.201.0",
          "Amazon.CDK.AWS.KMS": "1.201.0",
          "Amazon.CDK.AWS.Lambda": "1.201.0",
          "Amazon.CDK.AWS.SAM": "1.201.0",
          "Amazon.CDK.CXAPI": "1.201.0",
          "Amazon.JSII.Runtime": "[1.74.0, 2.0.0)",
          "Constructs": "[3.3.69, 4.0.0)"
        }
      },
      "Amazon.CDK.AWS.Signer": {
        "type": "Transitive",
        "resolved": "1.201.0",
        "contentHash": "PY5jyue5Ga3Bqv18FcGHHV5vjZ2TyAKkzAKHrtgfhD0dPcxqFQEr4D0oRtDgVggM4Xb2s6xt4mdNJ6Ys36/BIQ==",
        "dependencies": {
          "Amazon.CDK": "1.201.0",
          "Amazon.JSII.Runtime": "[1.74.0, 2.0.0)",
          "Constructs": "[3.3.69, 4.0.0)"
        }
      },
      "Amazon.CDK.AWS.SNS": {
        "type": "Transitive",
        "resolved": "1.201.0",
        "contentHash": "Ysm0zA+ub1S0ZbBA5M7pUmduMA9jYqWPILNQCVE8ccL/aLbS6CwA6aoWuiEaA7z/abeFL1LJjD8Qem6lUnrMfw==",
        "dependencies": {
          "Amazon.CDK": "1.201.0",
          "Amazon.CDK.AWS.CloudWatch": "1.201.0",
          "Amazon.CDK.AWS.CodeStarNotifications": "1.201.0",
          "Amazon.CDK.AWS.Events": "1.201.0",
          "Amazon.CDK.AWS.IAM": "1.201.0",
          "Amazon.CDK.AWS.KMS": "1.201.0",
          "Amazon.CDK.AWS.SQS": "1.201.0",
          "Amazon.JSII.Runtime": "[1.74.0, 2.0.0)",
          "Constructs": "[3.3.69, 4.0.0)"
        }
      },
      "Amazon.CDK.AWS.SQS": {
        "type": "Transitive",
        "resolved": "1.201.0",
        "contentHash": "hyMrKK1jfSmNWL1bt+mUDGuvDx5lBDKJZWmJ/mhGXK0SSE4PTD2o9pY+TbLAXBsWdBWf/fQ6E9yQBiavwvirHQ==",
        "dependencies": {
          "Amazon.CDK": "1.201.0",
          "Amazon.CDK.AWS.CloudWatch": "1.201.0",
          "Amazon.CDK.AWS.IAM": "1.201.0",
          "Amazon.CDK.AWS.KMS": "1.201.0",
          "Amazon.JSII.Runtime": "[1.74.0, 2.0.0)",
          "Constructs": "[3.3.69, 4.0.0)"
        }
      },
      "Amazon.CDK.AWS.SSM": {
        "type": "Transitive",
        "resolved": "1.201.0",
        "contentHash": "wrk0KACT8u5jggXDUTkjZfVy3PllNd4N4R/vbpe2/CZpy+4GFxSoai6mTR6zn9pZe/WdMArDplhQuUlPCBw37Q==",
        "dependencies": {
          "Amazon.CDK": "1.201.0",
          "Amazon.CDK.AWS.IAM": "1.201.0",
          "Amazon.CDK.AWS.KMS": "1.201.0",
          "Amazon.CDK.CloudAssembly.Schema": "1.201.0",
          "Amazon.JSII.Runtime": "[1.74.0, 2.0.0)",
          "Constructs": "[3.3.69, 4.0.0)"
        }
      },
      "Amazon.CDK.CloudAssembly.Schema": {
        "type": "Transitive",
        "resolved": "1.201.0",
        "contentHash": "TltFJYhiJx1G5g6KVYTuerVWOTH0gkEZAxb7iMrH8VwmcEdhQrzhmqdUMcuWZef5Y2ikOub1AS0AkqxniKh6bg==",
        "dependencies": {
          "Amazon.JSII.Runtime": "[1.74.0, 2.0.0)"
        }
      },
      "Amazon.CDK.CXAPI": {
        "type": "Transitive",
        "resolved": "1.201.0",
        "contentHash": "0f9VNq1gs78cwLwOqUslxBX/VN+AnhMiDT0Gth/TbD1sf46egq0ZYZ1MBHrKc1b1zmA1atyOUnf62/p0M7GH5Q==",
        "dependencies": {
          "Amazon.CDK.CloudAssembly.Schema": "1.201.0",
          "Amazon.JSII.Runtime": "[1.74.0, 2.0.0)"
        }
      },
      "Amazon.CDK.ECR.Assets": {
        "type": "Transitive",
        "resolved": "1.201.0",
        "contentHash": "zJmUO7EVfITqaxf7lINU+ZsKwhjABtYyNp/V2Fn7AjL7Mq6h/L97OlFiuor6z5Gk7NDsLcd0Qb92XE9GW8VpcA==",
        "dependencies": {
          "Amazon.CDK": "1.201.0",
          "Amazon.CDK.AWS.ECR": "1.201.0",
          "Amazon.CDK.AWS.IAM": "1.201.0",
          "Amazon.CDK.AWS.S3": "1.201.0",
          "Amazon.CDK.Assets": "1.201.0",
          "Amazon.CDK.CXAPI": "1.201.0",
          "Amazon.JSII.Runtime": "[1.74.0, 2.0.0)",
          "Constructs": "[3.3.69, 4.0.0)"
        }
      },
      "Amazon.CDK.RegionInfo": {
        "type": "Transitive",
        "resolved": "1.201.0",
        "contentHash": "/qkDpw6SofkOw3MshEig312juRF4c64pI1q3MpfGwUNTJ1+YjyFTxcAxBD3WRpiZY9kREWheK6NGMwxqC23EwA==",
        "dependencies": {
          "Amazon.JSII.Runtime": "[1.74.0, 2.0.0)"
        }
      },
      "Amazon.JSII.Runtime": {
        "type": "Transitive",
        "resolved": "1.74.0",
        "contentHash": "UmJFsvwAdDbvfuXFKnYGlqcM/D1t+9nIPmi9UjG5xJgIecrI/fPFc4+7CbFkq8ncR7RZgWnqcJnLKFOa2KZXow==",
        "dependencies": {
          "Microsoft.Extensions.DependencyInjection": "7.0.0",
          "Microsoft.Extensions.Logging": "5.0.0",
          "Microsoft.Extensions.Logging.Console": "5.0.0",
          "Newtonsoft.Json": "13.0.2"
        }
      },
      "Constructs": {
        "type": "Transitive",
        "resolved": "3.3.69",
        "contentHash": "bokQf6+jwS1bU4HA+GgtvYunR+iaQnOrqJ/ufXrkT8OdsT51/6MAyah+TUcUbq/jj4XZ6b92gZYN74v+mPsImA==",
        "dependencies": {
          "Amazon.JSII.Runtime": "[1.26.0, 2.0.0)"
        }
      },
      "Microsoft.Extensions.Configuration": {
        "type": "Transitive",
        "resolved": "5.0.0",
        "contentHash": "LN322qEKHjuVEhhXueTUe7RNePooZmS8aGid5aK2woX3NPjSnONFyKUc6+JknOS6ce6h2tCLfKPTBXE3mN/6Ag==",
        "dependencies": {
          "Microsoft.Extensions.Configuration.Abstractions": "5.0.0",
          "Microsoft.Extensions.Primitives": "5.0.0"
        }
      },
      "Microsoft.Extensions.Configuration.Abstractions": {
        "type": "Transitive",
        "resolved": "5.0.0",
        "contentHash": "ETjSBHMp3OAZ4HxGQYpwyGsD8Sw5FegQXphi0rpoGMT74S4+I2mm7XJEswwn59XAaKOzC15oDSOWEE8SzDCd6Q==",
        "dependencies": {
          "Microsoft.Extensions.Primitives": "5.0.0"
        }
      },
      "Microsoft.Extensions.Configuration.Binder": {
        "type": "Transitive",
        "resolved": "5.0.0",
        "contentHash": "Of1Irt1+NzWO+yEYkuDh5TpT4On7LKl98Q9iLqCdOZps6XXEWDj3AKtmyvzJPVXZe4apmkJJIiDL7rR1yC+hjQ==",
        "dependencies": {
          "Microsoft.Extensions.Configuration.Abstractions": "5.0.0"
        }
      },
      "Microsoft.Extensions.DependencyInjection": {
        "type": "Transitive",
        "resolved": "7.0.0",
        "contentHash": "elNeOmkeX3eDVG6pYVeV82p29hr+UKDaBhrZyWvWLw/EVZSYEkZlQdkp0V39k/Xehs2Qa0mvoCvkVj3eQxNQ1Q==",
        "dependencies": {
          "Microsoft.Extensions.DependencyInjection.Abstractions": "7.0.0"
        }
      },
      "Microsoft.Extensions.DependencyInjection.Abstractions": {
        "type": "Transitive",
        "resolved": "7.0.0",
        "contentHash": "h3j/QfmFN4S0w4C2A6X7arXij/M/OVw3uQHSOFxnND4DyAzO1F9eMX7Eti7lU/OkSthEE0WzRsfT/Dmx86jzCw=="
      },
      "Microsoft.Extensions.Logging": {
        "type": "Transitive",
        "resolved": "5.0.0",
        "contentHash": "MgOwK6tPzB6YNH21wssJcw/2MKwee8b2gI7SllYfn6rvTpIrVvVS5HAjSU2vqSku1fwqRvWP0MdIi14qjd93Aw==",
        "dependencies": {
          "Microsoft.Extensions.DependencyInjection": "5.0.0",
          "Microsoft.Extensions.DependencyInjection.Abstractions": "5.0.0",
          "Microsoft.Extensions.Logging.Abstractions": "5.0.0",
          "Microsoft.Extensions.Options": "5.0.0"
        }
      },
      "Microsoft.Extensions.Logging.Abstractions": {
        "type": "Transitive",
        "resolved": "5.0.0",
        "contentHash": "NxP6ahFcBnnSfwNBi2KH2Oz8Xl5Sm2krjId/jRR3I7teFphwiUoUeZPwTNA21EX+5PtjqmyAvKaOeBXcJjcH/w=="
      },
      "Microsoft.Extensions.Logging.Configuration": {
        "type": "Transitive",
        "resolved": "5.0.0",
        "contentHash": "N3/d0HeMRnBekadbZlmbp+In8EvNNkQHSdbtRzjrGVckdZWpYs5GNrAfaYqVplDFW0WUedSaFJ3khB50BWYGsw==",
        "dependencies": {
          "Microsoft.Extensions.Configuration": "5.0.0",
          "Microsoft.Extensions.Configuration.Abstractions": "5.0.0",
          "Microsoft.Extensions.Configuration.Binder": "5.0.0",
          "Microsoft.Extensions.DependencyInjection.Abstractions": "5.0.0",
          "Microsoft.Extensions.Logging": "5.0.0",
          "Microsoft.Extensions.Logging.Abstractions": "5.0.0",
          "Microsoft.Extensions.Options": "5.0.0",
          "Microsoft.Extensions.Options.ConfigurationExtensions": "5.0.0"
        }
      },
      "Microsoft.Extensions.Logging.Console": {
        "type": "Transitive",
        "resolved": "5.0.0",
        "contentHash": "jH0wbWhfvXjOVmCkbra4vbiovDtTUIWLQjCeJ7Xun3h4AHvwfzm7V7wlsXKs3tNnPrsCxZ9oaV0vUAgGY1JxOA==",
        "dependencies": {
          "Microsoft.Extensions.Configuration.Abstractions": "5.0.0",
          "Microsoft.Extensions.DependencyInjection.Abstractions": "5.0.0",
          "Microsoft.Extensions.Logging": "5.0.0",
          "Microsoft.Extensions.Logging.Abstractions": "5.0.0",
          "Microsoft.Extensions.Logging.Configuration": "5.0.0",
          "Microsoft.Extensions.Options": "5.0.0",
          "Microsoft.Extensions.Options.ConfigurationExtensions": "5.0.0"
        }
      },
      "Microsoft.Extensions.Options": {
        "type": "Transitive",
        "resolved": "5.0.0",
        "contentHash": "CBvR92TCJ5uBIdd9/HzDSrxYak+0W/3+yxrNg8Qm6Bmrkh5L+nu6m3WeazQehcZ5q1/6dDA7J5YdQjim0165zg==",
        "dependencies": {
          "Microsoft.Extensions.DependencyInjection.Abstractions": "5.0.0",
          "Microsoft.Extensions.Primitives": "5.0.0"
        }
      },
      "Microsoft.Extensions.Options.ConfigurationExtensions": {
        "type": "Transitive",
        "resolved": "5.0.0",
        "contentHash": "280RxNJqOeQqq47aJLy5D9LN61CAWeuRA83gPToQ8B9jl9SNdQ5EXjlfvF66zQI5AXMl+C/3hGnbtIEN+X3mqA==",
        "dependencies": {
          "Microsoft.Extensions.Configuration.Abstractions": "5.0.0",
          "Microsoft.Extensions.Configuration.Binder": "5.0.0",
          "Microsoft.Extensions.DependencyInjection.Abstractions": "5.0.0",
          "Microsoft.Extensions.Options": "5.0.0",
          "Microsoft.Extensions.Primitives": "5.0.0"
        }
      },
      "Microsoft.Extensions.Primitives": {
        "type": "Transitive",
        "resolved": "5.0.0",
        "contentHash": "cI/VWn9G1fghXrNDagX9nYaaB/nokkZn0HYAawGaELQrl8InSezfe9OnfPZLcJq3esXxygh3hkq2c3qoV3SDyQ=="
      },
      "Newtonsoft.Json": {
        "type": "Transitive",
        "resolved": "13.0.2",
        "contentHash": "R2pZ3B0UjeyHShm9vG+Tu0EBb2lC8b0dFzV9gVn50ofHXh9Smjk6kTn7A/FdAsC8B5cKib1OnGYOXxRBz5XQDg=="
      },
      "alloverit": {
        "type": "Project",
        "dependencies": {
          "AllOverIt.Assertion": "[7.0.0-rc.5, )"
        }
      },
      "alloverit.assertion": {
        "type": "Project"
      },
      "alloverit.aws.cdk.appsync": {
        "type": "Project",
        "dependencies": {
          "AllOverIt": "[7.0.0-rc.5, )",
          "Amazon.CDK.AWS.AppSync": "[1.201.0, )"
        }
      }
    }
  }
}