{
  "version": 1,
  "dependencies": {
    ".NETCoreApp,Version=v5.0": {
      "Amazon.CDK": {
        "type": "Transitive",
        "resolved": "1.138.2",
        "contentHash": "5lS2fICCEZxOGA58lpiRjphgsdMPdYZ6PbMpcoYwKFDz0odGxfdoMS2K7vGCGVBqSZkS1ExVylop9IPIiU3JJQ==",
        "dependencies": {
          "Amazon.CDK.CXAPI": "1.138.2",
          "Amazon.CDK.CloudAssembly.Schema": "1.138.2",
          "Amazon.CDK.RegionInfo": "1.138.2",
          "Amazon.JSII.Runtime": "[1.50.0, 2.0.0)",
          "Constructs": "[3.3.69, 4.0.0)"
        }
      },
      "Amazon.CDK.Assets": {
        "type": "Transitive",
        "resolved": "1.138.2",
        "contentHash": "9fI6AtWXFMTEsivpU9BLeHykc9eCoDWfK3fiLbsdPlUol/sFU1fJ5lnGwUwQBrk7a8NXpYc5YU5+0vlAyKsGGg==",
        "dependencies": {
          "Amazon.CDK": "1.138.2",
          "Amazon.CDK.CXAPI": "1.138.2",
          "Amazon.JSII.Runtime": "[1.50.0, 2.0.0)",
          "Constructs": "[3.3.69, 4.0.0)"
        }
      },
      "Amazon.CDK.AWS.ACMPCA": {
        "type": "Transitive",
        "resolved": "1.138.2",
        "contentHash": "lz0HrJ0slw2xan4UxrFkdb0SVqtfLjEErY3D4Eke7L6l8uOXzHWctxyIvoxpRlpNe9Ywmrnx8fyD/NgBYfuReg==",
        "dependencies": {
          "Amazon.CDK": "1.138.2",
          "Amazon.JSII.Runtime": "[1.50.0, 2.0.0)",
          "Constructs": "[3.3.69, 4.0.0)"
        }
      },
      "Amazon.CDK.AWS.ApplicationAutoScaling": {
        "type": "Transitive",
        "resolved": "1.138.2",
        "contentHash": "7c2RYBa1UDCmC47p/iLqj7Fba7RW6SyOrr2gk8qNEN+KZJZOAOgSkukLxYwlkEpjPjE7P+TSBpkEQeYfdBhlYg==",
        "dependencies": {
          "Amazon.CDK": "1.138.2",
          "Amazon.CDK.AWS.AutoScaling.Common": "1.138.2",
          "Amazon.CDK.AWS.CloudWatch": "1.138.2",
          "Amazon.CDK.AWS.IAM": "1.138.2",
          "Amazon.JSII.Runtime": "[1.50.0, 2.0.0)",
          "Constructs": "[3.3.69, 4.0.0)"
        }
      },
      "Amazon.CDK.AWS.AppSync": {
        "type": "Transitive",
        "resolved": "1.138.2",
        "contentHash": "cL91wGKDW4kY2/hA3E8oXkooM1bWQGqulzOHLx1B5Pjgl9X0bGWLIiLE6PZ9tEc7PDVLjypzukxbLubavWEsYg==",
        "dependencies": {
          "Amazon.CDK": "1.138.2",
          "Amazon.CDK.AWS.Cognito": "1.138.2",
          "Amazon.CDK.AWS.DynamoDB": "1.138.2",
          "Amazon.CDK.AWS.EC2": "1.138.2",
          "Amazon.CDK.AWS.Elasticsearch": "1.138.2",
          "Amazon.CDK.AWS.IAM": "1.138.2",
          "Amazon.CDK.AWS.Lambda": "1.138.2",
          "Amazon.CDK.AWS.RDS": "1.138.2",
          "Amazon.CDK.AWS.S3.Assets": "1.138.2",
          "Amazon.CDK.AWS.SecretsManager": "1.138.2",
          "Amazon.JSII.Runtime": "[1.50.0, 2.0.0)",
          "Constructs": "[3.3.69, 4.0.0)"
        }
      },
      "Amazon.CDK.AWS.AutoScaling.Common": {
        "type": "Transitive",
        "resolved": "1.138.2",
        "contentHash": "RoiinqMux5z9Ilw+jkLtDr5qT/tKFWWUPnObV9jMDp0+mhwdxuW2BNTtbDwYfkCgbegwWXW+wI91qEd/BFwKhA==",
        "dependencies": {
          "Amazon.CDK": "1.138.2",
          "Amazon.CDK.AWS.IAM": "1.138.2",
          "Amazon.JSII.Runtime": "[1.50.0, 2.0.0)",
          "Constructs": "[3.3.69, 4.0.0)"
        }
      },
      "Amazon.CDK.AWS.CertificateManager": {
        "type": "Transitive",
        "resolved": "1.138.2",
        "contentHash": "eOnhyxT9V5oyOXz8GL4mRnsMyBkaEwf7L2ko80e+7rXXEmljxEqPKCfcsZtUckVavK410vUickd6R94JtSM43w==",
        "dependencies": {
          "Amazon.CDK": "1.138.2",
          "Amazon.CDK.AWS.ACMPCA": "1.138.2",
          "Amazon.CDK.AWS.CloudWatch": "1.138.2",
          "Amazon.CDK.AWS.IAM": "1.138.2",
          "Amazon.CDK.AWS.Lambda": "1.138.2",
          "Amazon.CDK.AWS.Route53": "1.138.2",
          "Amazon.JSII.Runtime": "[1.50.0, 2.0.0)",
          "Constructs": "[3.3.69, 4.0.0)"
        }
      },
      "Amazon.CDK.AWS.CloudFormation": {
        "type": "Transitive",
        "resolved": "1.138.2",
        "contentHash": "P2uA0laTPc+qghQ0Rm3THy+Qev95p2WXEbbk8TOUKRL6ZmCcYn9hg5bkaNvlJg+XzdMsAJhxsXcUOkNbnveEOg==",
        "dependencies": {
          "Amazon.CDK": "1.138.2",
          "Amazon.CDK.AWS.IAM": "1.138.2",
          "Amazon.CDK.AWS.Lambda": "1.138.2",
          "Amazon.CDK.AWS.S3": "1.138.2",
          "Amazon.CDK.AWS.SNS": "1.138.2",
          "Amazon.CDK.CXAPI": "1.138.2",
          "Amazon.JSII.Runtime": "[1.50.0, 2.0.0)",
          "Constructs": "[3.3.69, 4.0.0)"
        }
      },
      "Amazon.CDK.AWS.CloudWatch": {
        "type": "Transitive",
        "resolved": "1.138.2",
        "contentHash": "VJpoCkOQnD1ct5xZP9PzzQNmQv4Z863y5BIQCAvlRPlEHxs4yE0Mh6Utm6hnaoZbVRjYni64q6utyz00ffvzSA==",
        "dependencies": {
          "Amazon.CDK": "1.138.2",
          "Amazon.CDK.AWS.IAM": "1.138.2",
          "Amazon.JSII.Runtime": "[1.50.0, 2.0.0)",
          "Constructs": "[3.3.69, 4.0.0)"
        }
      },
      "Amazon.CDK.AWS.CodeGuruProfiler": {
        "type": "Transitive",
        "resolved": "1.138.2",
        "contentHash": "bq2wkq62K5XKxXLsx3W8yNFkJ2h+ufjyqwc84Pa9EwpHd3+XxmnJeQoFoC+CZtFPD9Wm5dyAkVUMP/MLae6/uw==",
        "dependencies": {
          "Amazon.CDK": "1.138.2",
          "Amazon.CDK.AWS.IAM": "1.138.2",
          "Amazon.JSII.Runtime": "[1.50.0, 2.0.0)",
          "Constructs": "[3.3.69, 4.0.0)"
        }
      },
      "Amazon.CDK.AWS.CodeStarNotifications": {
        "type": "Transitive",
        "resolved": "1.138.2",
        "contentHash": "2PtLp6S9kwuUAh4mAIXjTDCaImKLYS1JI/g0qAI6oDqwRSoqpMdDH7Cq/aK80SCR/OVoXQNp2ovkXu0PQ6xRxA==",
        "dependencies": {
          "Amazon.CDK": "1.138.2",
          "Amazon.JSII.Runtime": "[1.50.0, 2.0.0)",
          "Constructs": "[3.3.69, 4.0.0)"
        }
      },
      "Amazon.CDK.AWS.Cognito": {
        "type": "Transitive",
        "resolved": "1.138.2",
        "contentHash": "bN1PGwwGqN694ldaf/p2ZmCbkL62dOpbMS4ok/fWzd55a6910gOC1n/7EQDeoYWLEaYLyh5nTRbaEt1GG3S8gQ==",
        "dependencies": {
          "Amazon.CDK": "1.138.2",
          "Amazon.CDK.AWS.CertificateManager": "1.138.2",
          "Amazon.CDK.AWS.CustomResources": "1.138.2",
          "Amazon.CDK.AWS.IAM": "1.138.2",
          "Amazon.CDK.AWS.KMS": "1.138.2",
          "Amazon.CDK.AWS.Lambda": "1.138.2",
          "Amazon.JSII.Runtime": "[1.50.0, 2.0.0)",
          "Constructs": "[3.3.69, 4.0.0)"
        }
      },
      "Amazon.CDK.AWS.CustomResources": {
        "type": "Transitive",
        "resolved": "1.138.2",
        "contentHash": "eOPyBkrJS2RW8Qpl/dEy3XOocebPUj7c6cr/Cv197uNAre0yROP3b2l4pOXkXI7rbuoHC2cDaF3XROXPRAWygQ==",
        "dependencies": {
          "Amazon.CDK": "1.138.2",
          "Amazon.CDK.AWS.CloudFormation": "1.138.2",
          "Amazon.CDK.AWS.EC2": "1.138.2",
          "Amazon.CDK.AWS.IAM": "1.138.2",
          "Amazon.CDK.AWS.Lambda": "1.138.2",
          "Amazon.CDK.AWS.Logs": "1.138.2",
          "Amazon.CDK.AWS.SNS": "1.138.2",
          "Amazon.JSII.Runtime": "[1.50.0, 2.0.0)",
          "Constructs": "[3.3.69, 4.0.0)"
        }
      },
      "Amazon.CDK.AWS.DynamoDB": {
        "type": "Transitive",
        "resolved": "1.138.2",
        "contentHash": "2V/DAF5+4SHjt3YYqw8M6qngEwvG8cDLM5hpHlq9JLT+aK5Kz9MFi/PJgTecLrPPzXFRYocya0/CQ7uyuGrjZQ==",
        "dependencies": {
          "Amazon.CDK": "1.138.2",
          "Amazon.CDK.AWS.ApplicationAutoScaling": "1.138.2",
          "Amazon.CDK.AWS.CloudWatch": "1.138.2",
          "Amazon.CDK.AWS.CustomResources": "1.138.2",
          "Amazon.CDK.AWS.IAM": "1.138.2",
          "Amazon.CDK.AWS.KMS": "1.138.2",
          "Amazon.CDK.AWS.Kinesis": "1.138.2",
          "Amazon.CDK.AWS.Lambda": "1.138.2",
          "Amazon.JSII.Runtime": "[1.50.0, 2.0.0)",
          "Constructs": "[3.3.69, 4.0.0)"
        }
      },
      "Amazon.CDK.AWS.EC2": {
        "type": "Transitive",
        "resolved": "1.138.2",
        "contentHash": "hsVmlxUR8ogxY+BFU8c2eEicmteaRZNfRrxFg9RZy/b6yPbKhj66+4PsacfYfNGhOVcHviGGT4hQN4A/BXEoSA==",
        "dependencies": {
          "Amazon.CDK": "1.138.2",
          "Amazon.CDK.AWS.CloudWatch": "1.138.2",
          "Amazon.CDK.AWS.IAM": "1.138.2",
          "Amazon.CDK.AWS.KMS": "1.138.2",
          "Amazon.CDK.AWS.Logs": "1.138.2",
          "Amazon.CDK.AWS.S3": "1.138.2",
          "Amazon.CDK.AWS.S3.Assets": "1.138.2",
          "Amazon.CDK.AWS.SSM": "1.138.2",
          "Amazon.CDK.CXAPI": "1.138.2",
          "Amazon.CDK.CloudAssembly.Schema": "1.138.2",
          "Amazon.CDK.RegionInfo": "1.138.2",
          "Amazon.JSII.Runtime": "[1.50.0, 2.0.0)",
          "Constructs": "[3.3.69, 4.0.0)"
        }
      },
      "Amazon.CDK.AWS.ECR": {
        "type": "Transitive",
        "resolved": "1.138.2",
        "contentHash": "pSkS/nkCvy3L3zsFsHQ+t5U6wf21j85LP3E07rlZNybTMrtd+ozZWj4BSJW/os5zFPLrBHx3/7uNlSnlOuxKvw==",
        "dependencies": {
          "Amazon.CDK": "1.138.2",
          "Amazon.CDK.AWS.Events": "1.138.2",
          "Amazon.CDK.AWS.IAM": "1.138.2",
          "Amazon.JSII.Runtime": "[1.50.0, 2.0.0)",
          "Constructs": "[3.3.69, 4.0.0)"
        }
      },
      "Amazon.CDK.AWS.EFS": {
        "type": "Transitive",
        "resolved": "1.138.2",
        "contentHash": "TfGTBpZsI5zLfbh37nlfQ0DWD4BqQ7sMwhrNFD/knC0btg61739L+muajUhKn5/cfqHUVTKgC+LrwO+x8Hj7Ng==",
        "dependencies": {
          "Amazon.CDK": "1.138.2",
          "Amazon.CDK.AWS.EC2": "1.138.2",
          "Amazon.CDK.AWS.IAM": "1.138.2",
          "Amazon.CDK.AWS.KMS": "1.138.2",
          "Amazon.CDK.CXAPI": "1.138.2",
          "Amazon.CDK.CloudAssembly.Schema": "1.138.2",
          "Amazon.JSII.Runtime": "[1.50.0, 2.0.0)",
          "Constructs": "[3.3.69, 4.0.0)"
        }
      },
      "Amazon.CDK.AWS.Elasticsearch": {
        "type": "Transitive",
        "resolved": "1.138.2",
        "contentHash": "tVpZInTIyXgDScexf4BTIOM6ssSgID4dPkA+jUSXzUWMAwzexx0BIlqUdwTIp/Clamr31suykeCcBuhfs+vboA==",
        "dependencies": {
          "Amazon.CDK": "1.138.2",
          "Amazon.CDK.AWS.CertificateManager": "1.138.2",
          "Amazon.CDK.AWS.CloudWatch": "1.138.2",
          "Amazon.CDK.AWS.CustomResources": "1.138.2",
          "Amazon.CDK.AWS.EC2": "1.138.2",
          "Amazon.CDK.AWS.IAM": "1.138.2",
          "Amazon.CDK.AWS.KMS": "1.138.2",
          "Amazon.CDK.AWS.Logs": "1.138.2",
          "Amazon.CDK.AWS.Route53": "1.138.2",
          "Amazon.CDK.AWS.SecretsManager": "1.138.2",
          "Amazon.JSII.Runtime": "[1.50.0, 2.0.0)",
          "Constructs": "[3.3.69, 4.0.0)"
        }
      },
      "Amazon.CDK.AWS.Events": {
        "type": "Transitive",
        "resolved": "1.138.2",
        "contentHash": "/BV7M5K/Z2qUOcE7xSGNtM9hFEYqNpjOLYabrOpgkreN/u98U4Ib74PA/ZL1UeAfFri8O3OTsG1HNyEXAaMF2g==",
        "dependencies": {
          "Amazon.CDK": "1.138.2",
          "Amazon.CDK.AWS.IAM": "1.138.2",
          "Amazon.JSII.Runtime": "[1.50.0, 2.0.0)",
          "Constructs": "[3.3.69, 4.0.0)"
        }
      },
      "Amazon.CDK.AWS.IAM": {
        "type": "Transitive",
        "resolved": "1.138.2",
        "contentHash": "DFSGdCLN37gADplChQ8fVF2cqlqyq2qerBCRkvKDc+7MYl7OxBPc0GeHUFFS+8HCsVVpC8GxOvQjVDRjI+fkIw==",
        "dependencies": {
          "Amazon.CDK": "1.138.2",
          "Amazon.CDK.RegionInfo": "1.138.2",
          "Amazon.JSII.Runtime": "[1.50.0, 2.0.0)",
          "Constructs": "[3.3.69, 4.0.0)"
        }
      },
      "Amazon.CDK.AWS.Kinesis": {
        "type": "Transitive",
        "resolved": "1.138.2",
        "contentHash": "fpWU+m6CQuRTZxllVncotPNpLn9ldjHJWi6K6fCRbWgUDQoTPMFKRRkiiI+Jx9+OsTmiuK6tlczCGY04NAWLXw==",
        "dependencies": {
          "Amazon.CDK": "1.138.2",
          "Amazon.CDK.AWS.CloudWatch": "1.138.2",
          "Amazon.CDK.AWS.IAM": "1.138.2",
          "Amazon.CDK.AWS.KMS": "1.138.2",
          "Amazon.CDK.AWS.Logs": "1.138.2",
          "Amazon.JSII.Runtime": "[1.50.0, 2.0.0)",
          "Constructs": "[3.3.69, 4.0.0)"
        }
      },
      "Amazon.CDK.AWS.KMS": {
        "type": "Transitive",
        "resolved": "1.138.2",
        "contentHash": "r/SQUCldMC+qzIjlYWisdC7lJeAveGHU1PRBoxAemKZB+75zvDrCf4XUiATpXugtI0R7bLmvSscktxvqOVCfkQ==",
        "dependencies": {
          "Amazon.CDK": "1.138.2",
          "Amazon.CDK.AWS.IAM": "1.138.2",
          "Amazon.CDK.CXAPI": "1.138.2",
          "Amazon.CDK.CloudAssembly.Schema": "1.138.2",
          "Amazon.JSII.Runtime": "[1.50.0, 2.0.0)",
          "Constructs": "[3.3.69, 4.0.0)"
        }
      },
      "Amazon.CDK.AWS.Lambda": {
        "type": "Transitive",
        "resolved": "1.138.2",
        "contentHash": "nN3N9vUL3EWeINNG9sfrw5MQCpQuR5hd4RDcGvblA7AshxOln2VI8TykKA9SmVLFKv6S9/g6aBQQkcg6qPPegw==",
        "dependencies": {
          "Amazon.CDK": "1.138.2",
          "Amazon.CDK.AWS.ApplicationAutoScaling": "1.138.2",
          "Amazon.CDK.AWS.CloudWatch": "1.138.2",
          "Amazon.CDK.AWS.CodeGuruProfiler": "1.138.2",
          "Amazon.CDK.AWS.EC2": "1.138.2",
          "Amazon.CDK.AWS.ECR": "1.138.2",
          "Amazon.CDK.AWS.EFS": "1.138.2",
          "Amazon.CDK.AWS.Events": "1.138.2",
          "Amazon.CDK.AWS.IAM": "1.138.2",
          "Amazon.CDK.AWS.KMS": "1.138.2",
          "Amazon.CDK.AWS.Logs": "1.138.2",
          "Amazon.CDK.AWS.S3": "1.138.2",
          "Amazon.CDK.AWS.S3.Assets": "1.138.2",
          "Amazon.CDK.AWS.SQS": "1.138.2",
          "Amazon.CDK.AWS.Signer": "1.138.2",
          "Amazon.CDK.CXAPI": "1.138.2",
          "Amazon.CDK.ECR.Assets": "1.138.2",
          "Amazon.CDK.RegionInfo": "1.138.2",
          "Amazon.JSII.Runtime": "[1.50.0, 2.0.0)",
          "Constructs": "[3.3.69, 4.0.0)"
        }
      },
      "Amazon.CDK.AWS.Logs": {
        "type": "Transitive",
        "resolved": "1.138.2",
        "contentHash": "rcApFWOKkP3DwRE/arLPgOaHSjZJWYPpaGYRZymfvuVhfpX9a2namE7J2hQJniMqCcb7hspyJznhqFRnox9eyQ==",
        "dependencies": {
          "Amazon.CDK": "1.138.2",
          "Amazon.CDK.AWS.CloudWatch": "1.138.2",
          "Amazon.CDK.AWS.IAM": "1.138.2",
          "Amazon.CDK.AWS.KMS": "1.138.2",
          "Amazon.CDK.AWS.S3.Assets": "1.138.2",
          "Amazon.CDK.CXAPI": "1.138.2",
          "Amazon.JSII.Runtime": "[1.50.0, 2.0.0)",
          "Constructs": "[3.3.69, 4.0.0)"
        }
      },
      "Amazon.CDK.AWS.RDS": {
        "type": "Transitive",
        "resolved": "1.138.2",
        "contentHash": "YLlVFbz7JHqNJoUw/gVo8AC+fO0b8TLd8Vl5ii864Zph8DrLU753ISLeOvmSAVV+chrP/fti8j9pqHmyLU2C1w==",
        "dependencies": {
          "Amazon.CDK": "1.138.2",
          "Amazon.CDK.AWS.CloudWatch": "1.138.2",
          "Amazon.CDK.AWS.EC2": "1.138.2",
          "Amazon.CDK.AWS.Events": "1.138.2",
          "Amazon.CDK.AWS.IAM": "1.138.2",
          "Amazon.CDK.AWS.KMS": "1.138.2",
          "Amazon.CDK.AWS.Logs": "1.138.2",
          "Amazon.CDK.AWS.S3": "1.138.2",
          "Amazon.CDK.AWS.SecretsManager": "1.138.2",
          "Amazon.CDK.CXAPI": "1.138.2",
          "Amazon.JSII.Runtime": "[1.50.0, 2.0.0)",
          "Constructs": "[3.3.69, 4.0.0)"
        }
      },
      "Amazon.CDK.AWS.Route53": {
        "type": "Transitive",
        "resolved": "1.138.2",
        "contentHash": "Wg7o+abpqAUjkMcsTiDKJegMXeOfKAWk6UmoVw2D3fU8laPpSS3n24+Iq25TUpE0SeTztRRWi/KkF+/pN47huw==",
        "dependencies": {
          "Amazon.CDK": "1.138.2",
          "Amazon.CDK.AWS.CustomResources": "1.138.2",
          "Amazon.CDK.AWS.EC2": "1.138.2",
          "Amazon.CDK.AWS.IAM": "1.138.2",
          "Amazon.CDK.AWS.Logs": "1.138.2",
          "Amazon.CDK.CloudAssembly.Schema": "1.138.2",
          "Amazon.JSII.Runtime": "[1.50.0, 2.0.0)",
          "Constructs": "[3.3.69, 4.0.0)"
        }
      },
      "Amazon.CDK.AWS.S3": {
        "type": "Transitive",
        "resolved": "1.138.2",
        "contentHash": "VXQXwL1Hp2mdAVFctqOeW9MVeQarCp+XnA8ORNmoCxxG4Hh3a98dKY7/+Dp+pxOJHJWMwb+oIHHaghHd2pGD0g==",
        "dependencies": {
          "Amazon.CDK": "1.138.2",
          "Amazon.CDK.AWS.Events": "1.138.2",
          "Amazon.CDK.AWS.IAM": "1.138.2",
          "Amazon.CDK.AWS.KMS": "1.138.2",
          "Amazon.CDK.CXAPI": "1.138.2",
          "Amazon.JSII.Runtime": "[1.50.0, 2.0.0)",
          "Constructs": "[3.3.69, 4.0.0)"
        }
      },
      "Amazon.CDK.AWS.S3.Assets": {
        "type": "Transitive",
        "resolved": "1.138.2",
        "contentHash": "YtKG/CTt0H8Mx17b3DgtHrpbb6xqdyMJoNJrnsW0EcjfdFa6c7p1PBp48jq3i+Y2pGgdN5jmpkB0E1wDJrgDJg==",
        "dependencies": {
          "Amazon.CDK": "1.138.2",
          "Amazon.CDK.AWS.IAM": "1.138.2",
          "Amazon.CDK.AWS.KMS": "1.138.2",
          "Amazon.CDK.AWS.S3": "1.138.2",
          "Amazon.CDK.Assets": "1.138.2",
          "Amazon.CDK.CXAPI": "1.138.2",
          "Amazon.JSII.Runtime": "[1.50.0, 2.0.0)",
          "Constructs": "[3.3.69, 4.0.0)"
        }
      },
      "Amazon.CDK.AWS.SAM": {
        "type": "Transitive",
        "resolved": "1.138.2",
        "contentHash": "ldzFluHUhYcqwffG4Ou11dYnzGseVBO8vkjfRQMZ4i/gNij5YfQtZuixR4aU5Rg3x35vJIWV7jQIPzA2ghQqtw==",
        "dependencies": {
          "Amazon.CDK": "1.138.2",
          "Amazon.JSII.Runtime": "[1.50.0, 2.0.0)",
          "Constructs": "[3.3.69, 4.0.0)"
        }
      },
      "Amazon.CDK.AWS.SecretsManager": {
        "type": "Transitive",
        "resolved": "1.138.2",
        "contentHash": "2+UwyibGnCZv+1lBQv7VIYZ+xwPWjJjBJINgAm1flQ+JdwW0eJSpK1jdmlY4QgdvIa2O1GcGF2JF8/ui/V9tZg==",
        "dependencies": {
          "Amazon.CDK": "1.138.2",
          "Amazon.CDK.AWS.EC2": "1.138.2",
          "Amazon.CDK.AWS.IAM": "1.138.2",
          "Amazon.CDK.AWS.KMS": "1.138.2",
          "Amazon.CDK.AWS.Lambda": "1.138.2",
          "Amazon.CDK.AWS.SAM": "1.138.2",
          "Amazon.CDK.CXAPI": "1.138.2",
          "Amazon.JSII.Runtime": "[1.50.0, 2.0.0)",
          "Constructs": "[3.3.69, 4.0.0)"
        }
      },
      "Amazon.CDK.AWS.Signer": {
        "type": "Transitive",
        "resolved": "1.138.2",
        "contentHash": "lgtUEe6LH7LMOrSI+9tzmUJ7F0qodxcw+S28/ulFtCin93thDMXK01/Owp68cJprjvHjsXoCR1FQRtW7UlPewA==",
        "dependencies": {
          "Amazon.CDK": "1.138.2",
          "Amazon.JSII.Runtime": "[1.50.0, 2.0.0)",
          "Constructs": "[3.3.69, 4.0.0)"
        }
      },
      "Amazon.CDK.AWS.SNS": {
        "type": "Transitive",
        "resolved": "1.138.2",
        "contentHash": "TfRkJ2NJHlfFQn2jre2hnglsSGJvqNByXPImgzkc66VPKwr/6hinnzoFKiJEePlBokyWnIXYwuFcMexe8J99Pw==",
        "dependencies": {
          "Amazon.CDK": "1.138.2",
          "Amazon.CDK.AWS.CloudWatch": "1.138.2",
          "Amazon.CDK.AWS.CodeStarNotifications": "1.138.2",
          "Amazon.CDK.AWS.Events": "1.138.2",
          "Amazon.CDK.AWS.IAM": "1.138.2",
          "Amazon.CDK.AWS.KMS": "1.138.2",
          "Amazon.CDK.AWS.SQS": "1.138.2",
          "Amazon.JSII.Runtime": "[1.50.0, 2.0.0)",
          "Constructs": "[3.3.69, 4.0.0)"
        }
      },
      "Amazon.CDK.AWS.SQS": {
        "type": "Transitive",
        "resolved": "1.138.2",
        "contentHash": "v5iC21oJuZv9Vz95KJSiaIG2LpA+tAS0p7xiwFcNRevMXNAfov18AasJhomofGfFGkGNG8pNoPXqepGvszY0Yg==",
        "dependencies": {
          "Amazon.CDK": "1.138.2",
          "Amazon.CDK.AWS.CloudWatch": "1.138.2",
          "Amazon.CDK.AWS.IAM": "1.138.2",
          "Amazon.CDK.AWS.KMS": "1.138.2",
          "Amazon.JSII.Runtime": "[1.50.0, 2.0.0)",
          "Constructs": "[3.3.69, 4.0.0)"
        }
      },
      "Amazon.CDK.AWS.SSM": {
        "type": "Transitive",
        "resolved": "1.138.2",
        "contentHash": "Mj9pmnxp0ayX2PKd/zgKDsvfOynlnPlULT/Ohd0rDVhUH3n0UapSRge/uCyiJqAJLL38DjnjRhL6ZjwjacNrXg==",
        "dependencies": {
          "Amazon.CDK": "1.138.2",
          "Amazon.CDK.AWS.IAM": "1.138.2",
          "Amazon.CDK.AWS.KMS": "1.138.2",
          "Amazon.CDK.CloudAssembly.Schema": "1.138.2",
          "Amazon.JSII.Runtime": "[1.50.0, 2.0.0)",
          "Constructs": "[3.3.69, 4.0.0)"
        }
      },
      "Amazon.CDK.CloudAssembly.Schema": {
        "type": "Transitive",
        "resolved": "1.138.2",
        "contentHash": "ToUdDT9GHfVf1IIgH39mKE3LrrUjqLWhu/ry2r+f42M4tLJ81B+N81UV1o8kCPfqH3sZlHKLPw/T/pEGQMtrow==",
        "dependencies": {
          "Amazon.JSII.Runtime": "[1.50.0, 2.0.0)"
        }
      },
      "Amazon.CDK.CXAPI": {
        "type": "Transitive",
        "resolved": "1.138.2",
        "contentHash": "xON0QMu1GBX9DsNfXiqaisjMxB6Gt58w0lR0YQMDcHLwo06uT4f0L6pKyEewNAaoHi7FZMDlHERMLJFSYHNtqA==",
        "dependencies": {
          "Amazon.CDK.CloudAssembly.Schema": "1.138.2",
          "Amazon.JSII.Runtime": "[1.50.0, 2.0.0)"
        }
      },
      "Amazon.CDK.ECR.Assets": {
        "type": "Transitive",
        "resolved": "1.138.2",
        "contentHash": "FEvDTQbi4Hu0YgZ3FXBiFEOfFvZez7u5lSnTW8Dh+NmH4/DJIrGoFMrNyQVLWLw2WRPRJij51doR8g+xX0qOMw==",
        "dependencies": {
          "Amazon.CDK": "1.138.2",
          "Amazon.CDK.AWS.ECR": "1.138.2",
          "Amazon.CDK.AWS.IAM": "1.138.2",
          "Amazon.CDK.AWS.S3": "1.138.2",
          "Amazon.CDK.Assets": "1.138.2",
          "Amazon.CDK.CXAPI": "1.138.2",
          "Amazon.JSII.Runtime": "[1.50.0, 2.0.0)",
          "Constructs": "[3.3.69, 4.0.0)"
        }
      },
      "Amazon.CDK.RegionInfo": {
        "type": "Transitive",
        "resolved": "1.138.2",
        "contentHash": "xIZBiozPL7LT5u0lJIxK7yQg+wIuv0hUuakqDMBwnqYwsxdalkQUKZ8ZAQeL0JUc8FWNrtokFwy6ZDoVtSVp0w==",
        "dependencies": {
          "Amazon.JSII.Runtime": "[1.50.0, 2.0.0)"
        }
      },
      "Amazon.JSII.Runtime": {
        "type": "Transitive",
        "resolved": "1.50.0",
        "contentHash": "vziS0y13SuP8iCOtiyrvBepZtIea2bFVv3M9Kl5otfS1lW7di+PfTZKYj6VVxVhqE/00WfbqGhZclS7edPk5lg==",
        "dependencies": {
          "Microsoft.Extensions.DependencyInjection": "6.0.0",
          "Microsoft.Extensions.Logging": "5.0.0",
          "Microsoft.Extensions.Logging.Console": "5.0.0",
          "Newtonsoft.Json": "13.0.1"
        }
      },
      "Constructs": {
        "type": "Transitive",
        "resolved": "3.3.69",
        "contentHash": "bokQf6+jwS1bU4HA+GgtvYunR+iaQnOrqJ/ufXrkT8OdsT51/6MAyah+TUcUbq/jj4XZ6b92gZYN74v+mPsImA==",
        "dependencies": {
          "Amazon.JSII.Runtime": "[1.26.0, 2.0.0)"
        }
      },
      "Microsoft.Extensions.Configuration": {
        "type": "Transitive",
        "resolved": "5.0.0",
        "contentHash": "LN322qEKHjuVEhhXueTUe7RNePooZmS8aGid5aK2woX3NPjSnONFyKUc6+JknOS6ce6h2tCLfKPTBXE3mN/6Ag==",
        "dependencies": {
          "Microsoft.Extensions.Configuration.Abstractions": "5.0.0",
          "Microsoft.Extensions.Primitives": "5.0.0"
        }
      },
      "Microsoft.Extensions.Configuration.Abstractions": {
        "type": "Transitive",
        "resolved": "5.0.0",
        "contentHash": "ETjSBHMp3OAZ4HxGQYpwyGsD8Sw5FegQXphi0rpoGMT74S4+I2mm7XJEswwn59XAaKOzC15oDSOWEE8SzDCd6Q==",
        "dependencies": {
          "Microsoft.Extensions.Primitives": "5.0.0"
        }
      },
      "Microsoft.Extensions.Configuration.Binder": {
        "type": "Transitive",
        "resolved": "5.0.0",
        "contentHash": "Of1Irt1+NzWO+yEYkuDh5TpT4On7LKl98Q9iLqCdOZps6XXEWDj3AKtmyvzJPVXZe4apmkJJIiDL7rR1yC+hjQ==",
        "dependencies": {
          "Microsoft.Extensions.Configuration.Abstractions": "5.0.0"
        }
      },
      "Microsoft.Extensions.DependencyInjection": {
        "type": "Transitive",
        "resolved": "6.0.0",
        "contentHash": "k6PWQMuoBDGGHOQTtyois2u4AwyVcIwL2LaSLlTZQm2CYcJ1pxbt6jfAnpWmzENA/wfrYRI/X9DTLoUkE4AsLw==",
        "dependencies": {
          "Microsoft.Extensions.DependencyInjection.Abstractions": "6.0.0",
          "System.Runtime.CompilerServices.Unsafe": "6.0.0"
        }
      },
      "Microsoft.Extensions.DependencyInjection.Abstractions": {
        "type": "Transitive",
        "resolved": "6.0.0",
        "contentHash": "xlzi2IYREJH3/m6+lUrQlujzX8wDitm4QGnUu6kUXTQAWPuZY8i+ticFJbzfqaetLA6KR/rO6Ew/HuYD+bxifg=="
      },
      "Microsoft.Extensions.Logging": {
        "type": "Transitive",
        "resolved": "5.0.0",
        "contentHash": "MgOwK6tPzB6YNH21wssJcw/2MKwee8b2gI7SllYfn6rvTpIrVvVS5HAjSU2vqSku1fwqRvWP0MdIi14qjd93Aw==",
        "dependencies": {
          "Microsoft.Extensions.DependencyInjection": "5.0.0",
          "Microsoft.Extensions.DependencyInjection.Abstractions": "5.0.0",
          "Microsoft.Extensions.Logging.Abstractions": "5.0.0",
          "Microsoft.Extensions.Options": "5.0.0"
        }
      },
      "Microsoft.Extensions.Logging.Abstractions": {
        "type": "Transitive",
        "resolved": "5.0.0",
        "contentHash": "NxP6ahFcBnnSfwNBi2KH2Oz8Xl5Sm2krjId/jRR3I7teFphwiUoUeZPwTNA21EX+5PtjqmyAvKaOeBXcJjcH/w=="
      },
      "Microsoft.Extensions.Logging.Configuration": {
        "type": "Transitive",
        "resolved": "5.0.0",
        "contentHash": "N3/d0HeMRnBekadbZlmbp+In8EvNNkQHSdbtRzjrGVckdZWpYs5GNrAfaYqVplDFW0WUedSaFJ3khB50BWYGsw==",
        "dependencies": {
          "Microsoft.Extensions.Configuration": "5.0.0",
          "Microsoft.Extensions.Configuration.Abstractions": "5.0.0",
          "Microsoft.Extensions.Configuration.Binder": "5.0.0",
          "Microsoft.Extensions.DependencyInjection.Abstractions": "5.0.0",
          "Microsoft.Extensions.Logging": "5.0.0",
          "Microsoft.Extensions.Logging.Abstractions": "5.0.0",
          "Microsoft.Extensions.Options": "5.0.0",
          "Microsoft.Extensions.Options.ConfigurationExtensions": "5.0.0"
        }
      },
      "Microsoft.Extensions.Logging.Console": {
        "type": "Transitive",
        "resolved": "5.0.0",
        "contentHash": "jH0wbWhfvXjOVmCkbra4vbiovDtTUIWLQjCeJ7Xun3h4AHvwfzm7V7wlsXKs3tNnPrsCxZ9oaV0vUAgGY1JxOA==",
        "dependencies": {
          "Microsoft.Extensions.Configuration.Abstractions": "5.0.0",
          "Microsoft.Extensions.DependencyInjection.Abstractions": "5.0.0",
          "Microsoft.Extensions.Logging": "5.0.0",
          "Microsoft.Extensions.Logging.Abstractions": "5.0.0",
          "Microsoft.Extensions.Logging.Configuration": "5.0.0",
          "Microsoft.Extensions.Options": "5.0.0",
          "Microsoft.Extensions.Options.ConfigurationExtensions": "5.0.0"
        }
      },
      "Microsoft.Extensions.Options": {
        "type": "Transitive",
        "resolved": "5.0.0",
        "contentHash": "CBvR92TCJ5uBIdd9/HzDSrxYak+0W/3+yxrNg8Qm6Bmrkh5L+nu6m3WeazQehcZ5q1/6dDA7J5YdQjim0165zg==",
        "dependencies": {
          "Microsoft.Extensions.DependencyInjection.Abstractions": "5.0.0",
          "Microsoft.Extensions.Primitives": "5.0.0"
        }
      },
      "Microsoft.Extensions.Options.ConfigurationExtensions": {
        "type": "Transitive",
        "resolved": "5.0.0",
        "contentHash": "280RxNJqOeQqq47aJLy5D9LN61CAWeuRA83gPToQ8B9jl9SNdQ5EXjlfvF66zQI5AXMl+C/3hGnbtIEN+X3mqA==",
        "dependencies": {
          "Microsoft.Extensions.Configuration.Abstractions": "5.0.0",
          "Microsoft.Extensions.Configuration.Binder": "5.0.0",
          "Microsoft.Extensions.DependencyInjection.Abstractions": "5.0.0",
          "Microsoft.Extensions.Options": "5.0.0",
          "Microsoft.Extensions.Primitives": "5.0.0"
        }
      },
      "Microsoft.Extensions.Primitives": {
        "type": "Transitive",
        "resolved": "5.0.0",
        "contentHash": "cI/VWn9G1fghXrNDagX9nYaaB/nokkZn0HYAawGaELQrl8InSezfe9OnfPZLcJq3esXxygh3hkq2c3qoV3SDyQ=="
      },
      "Newtonsoft.Json": {
        "type": "Transitive",
        "resolved": "13.0.1",
        "contentHash": "ppPFpBcvxdsfUonNcvITKqLl3bqxWbDCZIzDWHzjpdAHRFfZe0Dw9HmA0+za13IdyrgJwpkDTDA9fHaxOrt20A=="
      },
      "System.Runtime.CompilerServices.Unsafe": {
        "type": "Transitive",
        "resolved": "6.0.0",
        "contentHash": "/iUeP3tq1S0XdNNoMz5C9twLSrM/TH+qElHkXWaPvuNOt+99G75NrV0OS2EqHx5wMN7popYjpc8oTjC1y16DLg=="
      },
      "alloverit": {
        "type": "Project"
      },
      "alloverit.aws.cdk.appsync": {
        "type": "Project",
        "dependencies": {
          "AllOverIt": "2.3.0",
          "Amazon.CDK.AWS.AppSync": "1.138.2"
        }
      }
    }
  }
}