{
  "version": 1,
  "dependencies": {
    ".NETCoreApp,Version=v5.0": {
      "Amazon.CDK.AWS.AppSync": {
        "type": "Direct",
        "requested": "[1.120.0, )",
        "resolved": "1.120.0",
        "contentHash": "Tlf/6l+0c883lu8dVz9YVjCPavoNYSTEdLEOBFDikVz+mGZaHVKQWlqrFCFHjVEV0Z9so+6Cb14Jt1I3HIFN6Q==",
        "dependencies": {
          "Amazon.CDK": "1.120.0",
          "Amazon.CDK.AWS.Cognito": "1.120.0",
          "Amazon.CDK.AWS.DynamoDB": "1.120.0",
          "Amazon.CDK.AWS.EC2": "1.120.0",
          "Amazon.CDK.AWS.Elasticsearch": "1.120.0",
          "Amazon.CDK.AWS.IAM": "1.120.0",
          "Amazon.CDK.AWS.Lambda": "1.120.0",
          "Amazon.CDK.AWS.RDS": "1.120.0",
          "Amazon.CDK.AWS.S3.Assets": "1.120.0",
          "Amazon.CDK.AWS.SecretsManager": "1.120.0",
          "Amazon.JSII.Runtime": "[1.31.0, 2.0.0)",
          "Constructs": "[3.3.69, 4.0.0)"
        }
      },
      "Amazon.CDK": {
        "type": "Transitive",
        "resolved": "1.120.0",
        "contentHash": "bkXq3B5JbXlD13/bz9a3BP3tg1qs8m3cimjlyOAcMceKX5S5iZpKT9ZNldBnQawbTXL2nrj08/crSrscLDReOw==",
        "dependencies": {
          "Amazon.CDK.CXAPI": "1.120.0",
          "Amazon.CDK.CloudAssembly.Schema": "1.120.0",
          "Amazon.CDK.RegionInfo": "1.120.0",
          "Amazon.JSII.Runtime": "[1.31.0, 2.0.0)",
          "Constructs": "[3.3.69, 4.0.0)"
        }
      },
      "Amazon.CDK.Assets": {
        "type": "Transitive",
        "resolved": "1.120.0",
        "contentHash": "0sVVqKWkiQZLDMSdju7gMiwQxrz2CikRfN0zH2FljZxpTL6Z/XsEie5XCv7zFJSsMrrt+5DUeFKqfZNTn8yNuw==",
        "dependencies": {
          "Amazon.CDK": "1.120.0",
          "Amazon.CDK.CXAPI": "1.120.0",
          "Amazon.JSII.Runtime": "[1.31.0, 2.0.0)",
          "Constructs": "[3.3.69, 4.0.0)"
        }
      },
      "Amazon.CDK.AWS.ApplicationAutoScaling": {
        "type": "Transitive",
        "resolved": "1.120.0",
        "contentHash": "5VRfRahHPzQcwr4/5q92ucCNoG4Up6Po6obKfi3NQNcgJOXZqucJCPVeQhHYVdA/CxF3CuJp2uMNW9ENBmrw2A==",
        "dependencies": {
          "Amazon.CDK": "1.120.0",
          "Amazon.CDK.AWS.AutoScaling.Common": "1.120.0",
          "Amazon.CDK.AWS.CloudWatch": "1.120.0",
          "Amazon.CDK.AWS.IAM": "1.120.0",
          "Amazon.JSII.Runtime": "[1.31.0, 2.0.0)",
          "Constructs": "[3.3.69, 4.0.0)"
        }
      },
      "Amazon.CDK.AWS.AutoScaling.Common": {
        "type": "Transitive",
        "resolved": "1.120.0",
        "contentHash": "un6lLL5Fxt1YQzEXKjGd1FZ5cgV7peBCXW5SS26kMmjra9dLXWjBSS0i+b/cyyxdEbuejAXNoAOKh9uDFRrGog==",
        "dependencies": {
          "Amazon.CDK": "1.120.0",
          "Amazon.CDK.AWS.IAM": "1.120.0",
          "Amazon.JSII.Runtime": "[1.31.0, 2.0.0)",
          "Constructs": "[3.3.69, 4.0.0)"
        }
      },
      "Amazon.CDK.AWS.CertificateManager": {
        "type": "Transitive",
        "resolved": "1.120.0",
        "contentHash": "2aEEPYi+/d4uQWFp2n+MrSpMkYch22dXqKH67iZLV9VeZfsTsXyAgqUc1lhwRRW6EO7kZEFFVuokEkRn/0fd6g==",
        "dependencies": {
          "Amazon.CDK": "1.120.0",
          "Amazon.CDK.AWS.CloudWatch": "1.120.0",
          "Amazon.CDK.AWS.IAM": "1.120.0",
          "Amazon.CDK.AWS.Lambda": "1.120.0",
          "Amazon.CDK.AWS.Route53": "1.120.0",
          "Amazon.JSII.Runtime": "[1.31.0, 2.0.0)",
          "Constructs": "[3.3.69, 4.0.0)"
        }
      },
      "Amazon.CDK.AWS.CloudFormation": {
        "type": "Transitive",
        "resolved": "1.120.0",
        "contentHash": "Lxf7Q1fTHIaV+HylSdbxAHSUQJaPbdYwClK3qR1wOFWSUrCnXj34kvoOQJI7NCI1isn5GI3xn0+e8js1/SQL/Q==",
        "dependencies": {
          "Amazon.CDK": "1.120.0",
          "Amazon.CDK.AWS.IAM": "1.120.0",
          "Amazon.CDK.AWS.Lambda": "1.120.0",
          "Amazon.CDK.AWS.S3": "1.120.0",
          "Amazon.CDK.AWS.SNS": "1.120.0",
          "Amazon.CDK.CXAPI": "1.120.0",
          "Amazon.JSII.Runtime": "[1.31.0, 2.0.0)",
          "Constructs": "[3.3.69, 4.0.0)"
        }
      },
      "Amazon.CDK.AWS.CloudWatch": {
        "type": "Transitive",
        "resolved": "1.120.0",
        "contentHash": "r3ewDR2FksXRNrqIpsX/DQhrVjIHZ9BTT52kHg52DEY1nMdXdwSIJ0HUgCrSW97ON/5YQOFYlcxutsGqifiKIg==",
        "dependencies": {
          "Amazon.CDK": "1.120.0",
          "Amazon.CDK.AWS.IAM": "1.120.0",
          "Amazon.JSII.Runtime": "[1.31.0, 2.0.0)",
          "Constructs": "[3.3.69, 4.0.0)"
        }
      },
      "Amazon.CDK.AWS.CodeGuruProfiler": {
        "type": "Transitive",
        "resolved": "1.120.0",
        "contentHash": "yhaouCLi0/1h1ZpcfOhna9xShB8ZHbpKIG5tbwYlo8zFyQcRjTwZF3koeQG3xE+E/h06mRLSZlr9wKVSaAgRSw==",
        "dependencies": {
          "Amazon.CDK": "1.120.0",
          "Amazon.CDK.AWS.IAM": "1.120.0",
          "Amazon.JSII.Runtime": "[1.31.0, 2.0.0)",
          "Constructs": "[3.3.69, 4.0.0)"
        }
      },
      "Amazon.CDK.AWS.CodeStarNotifications": {
        "type": "Transitive",
        "resolved": "1.120.0",
        "contentHash": "5JOsHJa0/BjR7GMsLsGaGqSr14rfANfjpb+7cqGr4AOQ/ceCDOilr0d8bu87CGv3aW2dG6MktHUuIkR9f86+OA==",
        "dependencies": {
          "Amazon.CDK": "1.120.0",
          "Amazon.JSII.Runtime": "[1.31.0, 2.0.0)",
          "Constructs": "[3.3.69, 4.0.0)"
        }
      },
      "Amazon.CDK.AWS.Cognito": {
        "type": "Transitive",
        "resolved": "1.120.0",
        "contentHash": "7Y32DUyTtbneUBiZd4GsoM6R6kqePzKEDfOksLW4rmatwD/8Suu+TqTZSWqUtfwGMZMlDpVYNYjcrO272sr4Ug==",
        "dependencies": {
          "Amazon.CDK": "1.120.0",
          "Amazon.CDK.AWS.CertificateManager": "1.120.0",
          "Amazon.CDK.AWS.CustomResources": "1.120.0",
          "Amazon.CDK.AWS.IAM": "1.120.0",
          "Amazon.CDK.AWS.Lambda": "1.120.0",
          "Amazon.JSII.Runtime": "[1.31.0, 2.0.0)",
          "Constructs": "[3.3.69, 4.0.0)"
        }
      },
      "Amazon.CDK.AWS.CustomResources": {
        "type": "Transitive",
        "resolved": "1.120.0",
        "contentHash": "+FK7IzLQX8RriS9iexUYa7Fq2G2dm7VWs2CDgmB5Nle96YtC73nLg86LZ2ubDCQQ7tWPdCYrpFeGq7MLYNL+TA==",
        "dependencies": {
          "Amazon.CDK": "1.120.0",
          "Amazon.CDK.AWS.CloudFormation": "1.120.0",
          "Amazon.CDK.AWS.EC2": "1.120.0",
          "Amazon.CDK.AWS.IAM": "1.120.0",
          "Amazon.CDK.AWS.Lambda": "1.120.0",
          "Amazon.CDK.AWS.Logs": "1.120.0",
          "Amazon.CDK.AWS.SNS": "1.120.0",
          "Amazon.JSII.Runtime": "[1.31.0, 2.0.0)",
          "Constructs": "[3.3.69, 4.0.0)"
        }
      },
      "Amazon.CDK.AWS.DynamoDB": {
        "type": "Transitive",
        "resolved": "1.120.0",
        "contentHash": "zqBfErWCbM5OJ81NNdGiN1rYS2YbKpwl2XRZPkDEJ8YsH/JU2jmLzvR5v/30LWaWWajx6oQGUlFQs4fpOkzxsg==",
        "dependencies": {
          "Amazon.CDK": "1.120.0",
          "Amazon.CDK.AWS.ApplicationAutoScaling": "1.120.0",
          "Amazon.CDK.AWS.CloudWatch": "1.120.0",
          "Amazon.CDK.AWS.CustomResources": "1.120.0",
          "Amazon.CDK.AWS.IAM": "1.120.0",
          "Amazon.CDK.AWS.KMS": "1.120.0",
          "Amazon.CDK.AWS.Kinesis": "1.120.0",
          "Amazon.CDK.AWS.Lambda": "1.120.0",
          "Amazon.JSII.Runtime": "[1.31.0, 2.0.0)",
          "Constructs": "[3.3.69, 4.0.0)"
        }
      },
      "Amazon.CDK.AWS.EC2": {
        "type": "Transitive",
        "resolved": "1.120.0",
        "contentHash": "g5ZboMhe036GuZUlaLKkiJKODWIUORletSUwKmBl698GwfVC2453TPEQ29V/zZqktVa7g7obhN5Ox+ECQ4OVOg==",
        "dependencies": {
          "Amazon.CDK": "1.120.0",
          "Amazon.CDK.AWS.CloudWatch": "1.120.0",
          "Amazon.CDK.AWS.IAM": "1.120.0",
          "Amazon.CDK.AWS.KMS": "1.120.0",
          "Amazon.CDK.AWS.Logs": "1.120.0",
          "Amazon.CDK.AWS.S3": "1.120.0",
          "Amazon.CDK.AWS.S3.Assets": "1.120.0",
          "Amazon.CDK.AWS.SSM": "1.120.0",
          "Amazon.CDK.CXAPI": "1.120.0",
          "Amazon.CDK.CloudAssembly.Schema": "1.120.0",
          "Amazon.CDK.RegionInfo": "1.120.0",
          "Amazon.JSII.Runtime": "[1.31.0, 2.0.0)",
          "Constructs": "[3.3.69, 4.0.0)"
        }
      },
      "Amazon.CDK.AWS.ECR": {
        "type": "Transitive",
        "resolved": "1.120.0",
        "contentHash": "eat90FDKA5jiAUhvqxMAtmL0wLubIqpq1va1n57XDT2HxQZFhg9PxUaefA1/RDi3dClA198NItVgwf61HOn2/w==",
        "dependencies": {
          "Amazon.CDK": "1.120.0",
          "Amazon.CDK.AWS.Events": "1.120.0",
          "Amazon.CDK.AWS.IAM": "1.120.0",
          "Amazon.JSII.Runtime": "[1.31.0, 2.0.0)",
          "Constructs": "[3.3.69, 4.0.0)"
        }
      },
      "Amazon.CDK.AWS.EFS": {
        "type": "Transitive",
        "resolved": "1.120.0",
        "contentHash": "Dq1ciqDb3zjRd1OF4fu08IWOlrI6nGWtr2dTZ8WJZsjNn5S6lnt7G0Gl0Am428cMNDQtLZXvSWcMRb4I0BAFyQ==",
        "dependencies": {
          "Amazon.CDK": "1.120.0",
          "Amazon.CDK.AWS.EC2": "1.120.0",
          "Amazon.CDK.AWS.IAM": "1.120.0",
          "Amazon.CDK.AWS.KMS": "1.120.0",
          "Amazon.CDK.CXAPI": "1.120.0",
          "Amazon.CDK.CloudAssembly.Schema": "1.120.0",
          "Amazon.JSII.Runtime": "[1.31.0, 2.0.0)",
          "Constructs": "[3.3.69, 4.0.0)"
        }
      },
      "Amazon.CDK.AWS.Elasticsearch": {
        "type": "Transitive",
        "resolved": "1.120.0",
        "contentHash": "5LBTgffB5fdy4BVv0MgOBjH5mUmUDcwQRNBYUUwu9gMGtOkBgs2NFj7bXS5GOBHS9sxk46n7z53zQU19TKxsRg==",
        "dependencies": {
          "Amazon.CDK": "1.120.0",
          "Amazon.CDK.AWS.CertificateManager": "1.120.0",
          "Amazon.CDK.AWS.CloudWatch": "1.120.0",
          "Amazon.CDK.AWS.CustomResources": "1.120.0",
          "Amazon.CDK.AWS.EC2": "1.120.0",
          "Amazon.CDK.AWS.IAM": "1.120.0",
          "Amazon.CDK.AWS.KMS": "1.120.0",
          "Amazon.CDK.AWS.Logs": "1.120.0",
          "Amazon.CDK.AWS.Route53": "1.120.0",
          "Amazon.CDK.AWS.SecretsManager": "1.120.0",
          "Amazon.JSII.Runtime": "[1.31.0, 2.0.0)",
          "Constructs": "[3.3.69, 4.0.0)"
        }
      },
      "Amazon.CDK.AWS.Events": {
        "type": "Transitive",
        "resolved": "1.120.0",
        "contentHash": "6uAeIt3tvqudz2s76NCNVM+UxvQNWSOwTMiglTYKD3UXRI+kyQR4fVod1lqyignPi2nq8qfQ8NKZYm//EhtRQQ==",
        "dependencies": {
          "Amazon.CDK": "1.120.0",
          "Amazon.CDK.AWS.IAM": "1.120.0",
          "Amazon.JSII.Runtime": "[1.31.0, 2.0.0)",
          "Constructs": "[3.3.69, 4.0.0)"
        }
      },
      "Amazon.CDK.AWS.IAM": {
        "type": "Transitive",
        "resolved": "1.120.0",
        "contentHash": "xRHbbiDL9nvHGSdYtmMJg5HpMm/U9tgRq0gM5tren0+vHI4SgBAnH4JwixIbv+mJ7/B5qtDJPj593kmrylTkdA==",
        "dependencies": {
          "Amazon.CDK": "1.120.0",
          "Amazon.CDK.RegionInfo": "1.120.0",
          "Amazon.JSII.Runtime": "[1.31.0, 2.0.0)",
          "Constructs": "[3.3.69, 4.0.0)"
        }
      },
      "Amazon.CDK.AWS.Kinesis": {
        "type": "Transitive",
        "resolved": "1.120.0",
        "contentHash": "8YFRD+IbOotdLUHuWAELlXunSCNUJ6XehhgzgEjQxl/cOkS5TdhK+3uAzWMuUzE20GsLFUOzQb/cK7jBMH4ngg==",
        "dependencies": {
          "Amazon.CDK": "1.120.0",
          "Amazon.CDK.AWS.CloudWatch": "1.120.0",
          "Amazon.CDK.AWS.IAM": "1.120.0",
          "Amazon.CDK.AWS.KMS": "1.120.0",
          "Amazon.CDK.AWS.Logs": "1.120.0",
          "Amazon.JSII.Runtime": "[1.31.0, 2.0.0)",
          "Constructs": "[3.3.69, 4.0.0)"
        }
      },
      "Amazon.CDK.AWS.KMS": {
        "type": "Transitive",
        "resolved": "1.120.0",
        "contentHash": "ocnh7vmCG+r5S8x+4wzIwUk1ODJkD3/kA0yZMRstz+sn6Y1rwF3WsylALRMYUgpYQyZRiuUVssblY3Dfj8YszA==",
        "dependencies": {
          "Amazon.CDK": "1.120.0",
          "Amazon.CDK.AWS.IAM": "1.120.0",
          "Amazon.CDK.CXAPI": "1.120.0",
          "Amazon.JSII.Runtime": "[1.31.0, 2.0.0)",
          "Constructs": "[3.3.69, 4.0.0)"
        }
      },
      "Amazon.CDK.AWS.Lambda": {
        "type": "Transitive",
        "resolved": "1.120.0",
        "contentHash": "g0fG9hHVFqGw4uyVujlNg6m9RNUSkpPdBzYNIvYlqIDUjbFyiydEEWf6o1RT1Q+fVW4KSsEBYJ0FTEtHf03ROg==",
        "dependencies": {
          "Amazon.CDK": "1.120.0",
          "Amazon.CDK.AWS.ApplicationAutoScaling": "1.120.0",
          "Amazon.CDK.AWS.CloudWatch": "1.120.0",
          "Amazon.CDK.AWS.CodeGuruProfiler": "1.120.0",
          "Amazon.CDK.AWS.EC2": "1.120.0",
          "Amazon.CDK.AWS.ECR": "1.120.0",
          "Amazon.CDK.AWS.EFS": "1.120.0",
          "Amazon.CDK.AWS.Events": "1.120.0",
          "Amazon.CDK.AWS.IAM": "1.120.0",
          "Amazon.CDK.AWS.KMS": "1.120.0",
          "Amazon.CDK.AWS.Logs": "1.120.0",
          "Amazon.CDK.AWS.S3": "1.120.0",
          "Amazon.CDK.AWS.S3.Assets": "1.120.0",
          "Amazon.CDK.AWS.SQS": "1.120.0",
          "Amazon.CDK.AWS.Signer": "1.120.0",
          "Amazon.CDK.CXAPI": "1.120.0",
          "Amazon.CDK.ECR.Assets": "1.120.0",
          "Amazon.CDK.RegionInfo": "1.120.0",
          "Amazon.JSII.Runtime": "[1.31.0, 2.0.0)",
          "Constructs": "[3.3.69, 4.0.0)"
        }
      },
      "Amazon.CDK.AWS.Logs": {
        "type": "Transitive",
        "resolved": "1.120.0",
        "contentHash": "7bZGTUvoApgLrlClvSho1aItr131Gtv2yytk4GwSITJQFzOwUitdd6kgmBpjYmKQBRl0USurnOCDhu/D7on04g==",
        "dependencies": {
          "Amazon.CDK": "1.120.0",
          "Amazon.CDK.AWS.CloudWatch": "1.120.0",
          "Amazon.CDK.AWS.IAM": "1.120.0",
          "Amazon.CDK.AWS.KMS": "1.120.0",
          "Amazon.CDK.AWS.S3.Assets": "1.120.0",
          "Amazon.JSII.Runtime": "[1.31.0, 2.0.0)",
          "Constructs": "[3.3.69, 4.0.0)"
        }
      },
      "Amazon.CDK.AWS.RDS": {
        "type": "Transitive",
        "resolved": "1.120.0",
        "contentHash": "yzJnZB7j4odk7Vc5QgZw9nMWtJQuftvpaBE/6hKpa74fUCRg7GMNEbd0CE0g5B+/gbPbnMiocTtQNCIrvl4F7Q==",
        "dependencies": {
          "Amazon.CDK": "1.120.0",
          "Amazon.CDK.AWS.CloudWatch": "1.120.0",
          "Amazon.CDK.AWS.EC2": "1.120.0",
          "Amazon.CDK.AWS.Events": "1.120.0",
          "Amazon.CDK.AWS.IAM": "1.120.0",
          "Amazon.CDK.AWS.KMS": "1.120.0",
          "Amazon.CDK.AWS.Logs": "1.120.0",
          "Amazon.CDK.AWS.S3": "1.120.0",
          "Amazon.CDK.AWS.SecretsManager": "1.120.0",
          "Amazon.CDK.CXAPI": "1.120.0",
          "Amazon.JSII.Runtime": "[1.31.0, 2.0.0)",
          "Constructs": "[3.3.69, 4.0.0)"
        }
      },
      "Amazon.CDK.AWS.Route53": {
        "type": "Transitive",
        "resolved": "1.120.0",
        "contentHash": "iMtHe8ybVoUqvfuIwEM71hUknDWlc5GJ93i2bGfPoCfjhqfKANNFSWN/b+65znUUiJqQNHbsGZHMrQuUVvgY7g==",
        "dependencies": {
          "Amazon.CDK": "1.120.0",
          "Amazon.CDK.AWS.CustomResources": "1.120.0",
          "Amazon.CDK.AWS.EC2": "1.120.0",
          "Amazon.CDK.AWS.IAM": "1.120.0",
          "Amazon.CDK.AWS.Logs": "1.120.0",
          "Amazon.CDK.CloudAssembly.Schema": "1.120.0",
          "Amazon.JSII.Runtime": "[1.31.0, 2.0.0)",
          "Constructs": "[3.3.69, 4.0.0)"
        }
      },
      "Amazon.CDK.AWS.S3": {
        "type": "Transitive",
        "resolved": "1.120.0",
        "contentHash": "RojWI/JzQtFnyYwiRg08fs34Q+j63k7UVwTHTXGYlB6ecKmLtMMEoDpBdZWfSjO0waVKklvVI55iuMj0Jqyptw==",
        "dependencies": {
          "Amazon.CDK": "1.120.0",
          "Amazon.CDK.AWS.Events": "1.120.0",
          "Amazon.CDK.AWS.IAM": "1.120.0",
          "Amazon.CDK.AWS.KMS": "1.120.0",
          "Amazon.CDK.CXAPI": "1.120.0",
          "Amazon.JSII.Runtime": "[1.31.0, 2.0.0)",
          "Constructs": "[3.3.69, 4.0.0)"
        }
      },
      "Amazon.CDK.AWS.S3.Assets": {
        "type": "Transitive",
        "resolved": "1.120.0",
        "contentHash": "r3xdJjEJyE8by463C3P0AQTkVNI+fyRi1wHSOBSNf886WYDHc47DsnhJuxEax3eQFeDGNdgILrjZdlGpevbPHg==",
        "dependencies": {
          "Amazon.CDK": "1.120.0",
          "Amazon.CDK.AWS.IAM": "1.120.0",
          "Amazon.CDK.AWS.KMS": "1.120.0",
          "Amazon.CDK.AWS.S3": "1.120.0",
          "Amazon.CDK.Assets": "1.120.0",
          "Amazon.CDK.CXAPI": "1.120.0",
          "Amazon.JSII.Runtime": "[1.31.0, 2.0.0)",
          "Constructs": "[3.3.69, 4.0.0)"
        }
      },
      "Amazon.CDK.AWS.SAM": {
        "type": "Transitive",
        "resolved": "1.120.0",
        "contentHash": "LfmCNkBFep8orzsETV4zCxCxQFvF8faqNrZ8t+xDLVhNG5tqKysVXLF/MBprPPXkkzHdHhsiGsUB05bxyBeynA==",
        "dependencies": {
          "Amazon.CDK": "1.120.0",
          "Amazon.JSII.Runtime": "[1.31.0, 2.0.0)",
          "Constructs": "[3.3.69, 4.0.0)"
        }
      },
      "Amazon.CDK.AWS.SecretsManager": {
        "type": "Transitive",
        "resolved": "1.120.0",
        "contentHash": "8zDLzwhIwtjE4b+GIyOI3VkDrlRJfPEOM4VAJoMq7PzgoMpkX9fiNlymAxk/9vILIW/ncjeJvj3HVjVKUq40lw==",
        "dependencies": {
          "Amazon.CDK": "1.120.0",
          "Amazon.CDK.AWS.EC2": "1.120.0",
          "Amazon.CDK.AWS.IAM": "1.120.0",
          "Amazon.CDK.AWS.KMS": "1.120.0",
          "Amazon.CDK.AWS.Lambda": "1.120.0",
          "Amazon.CDK.AWS.SAM": "1.120.0",
          "Amazon.CDK.CXAPI": "1.120.0",
          "Amazon.JSII.Runtime": "[1.31.0, 2.0.0)",
          "Constructs": "[3.3.69, 4.0.0)"
        }
      },
      "Amazon.CDK.AWS.Signer": {
        "type": "Transitive",
        "resolved": "1.120.0",
        "contentHash": "Q0wx1M7ijRS2XhhptxEZ+8sCuTXuuLiPrGAZ4XCym/8i338ICVvdMDIQggU3xQB+vcaxeNejo985jh++BSne+w==",
        "dependencies": {
          "Amazon.CDK": "1.120.0",
          "Amazon.JSII.Runtime": "[1.31.0, 2.0.0)",
          "Constructs": "[3.3.69, 4.0.0)"
        }
      },
      "Amazon.CDK.AWS.SNS": {
        "type": "Transitive",
        "resolved": "1.120.0",
        "contentHash": "KKAFqDC2PTUpNQNx+QEsXEmJyXFS1K9Q8m9cWW1qIv0Nf2NI26oiFtAiIiOz3Mf/YcPmig4rlWjP2pI7CaGBEA==",
        "dependencies": {
          "Amazon.CDK": "1.120.0",
          "Amazon.CDK.AWS.CloudWatch": "1.120.0",
          "Amazon.CDK.AWS.CodeStarNotifications": "1.120.0",
          "Amazon.CDK.AWS.Events": "1.120.0",
          "Amazon.CDK.AWS.IAM": "1.120.0",
          "Amazon.CDK.AWS.KMS": "1.120.0",
          "Amazon.CDK.AWS.SQS": "1.120.0",
          "Amazon.JSII.Runtime": "[1.31.0, 2.0.0)",
          "Constructs": "[3.3.69, 4.0.0)"
        }
      },
      "Amazon.CDK.AWS.SQS": {
        "type": "Transitive",
        "resolved": "1.120.0",
        "contentHash": "h7xr6FgETgXgg+jBkqauPTOxyH2hOAG8l7rzdDFQz3FU0kuqPfbvGnpXzwM7hmokeWJ6EhA/YmwlG0m1oSLVWg==",
        "dependencies": {
          "Amazon.CDK": "1.120.0",
          "Amazon.CDK.AWS.CloudWatch": "1.120.0",
          "Amazon.CDK.AWS.IAM": "1.120.0",
          "Amazon.CDK.AWS.KMS": "1.120.0",
          "Amazon.JSII.Runtime": "[1.31.0, 2.0.0)",
          "Constructs": "[3.3.69, 4.0.0)"
        }
      },
      "Amazon.CDK.AWS.SSM": {
        "type": "Transitive",
        "resolved": "1.120.0",
        "contentHash": "MOtjdDkKvDjFYHaF7UIIYbKk4/vfjxJVHYikfQoG4oY/cJ4j0fLnGiBUnlcEwWoGeLgX/OOjdIkUkAevFPceCg==",
        "dependencies": {
          "Amazon.CDK": "1.120.0",
          "Amazon.CDK.AWS.IAM": "1.120.0",
          "Amazon.CDK.AWS.KMS": "1.120.0",
          "Amazon.CDK.CloudAssembly.Schema": "1.120.0",
          "Amazon.JSII.Runtime": "[1.31.0, 2.0.0)",
          "Constructs": "[3.3.69, 4.0.0)"
        }
      },
      "Amazon.CDK.CloudAssembly.Schema": {
        "type": "Transitive",
        "resolved": "1.120.0",
        "contentHash": "uxu9JvAFLxguQGD1HMPfwurlTVWhViHlEGEnnARtX/ctZNEYUDYopIrKJP3mnqNT80gfUp2zRz7rPo4sDYySnw==",
        "dependencies": {
          "Amazon.JSII.Runtime": "[1.31.0, 2.0.0)"
        }
      },
      "Amazon.CDK.CXAPI": {
        "type": "Transitive",
        "resolved": "1.120.0",
        "contentHash": "7Jr5W0TI6eKa5ziXVoEXfJuydx15n6WjhqDOlgBrj+wJ6j3agLBaMhIDE26+/YyxIsFtY5u6ijPn8/bAQvSaig==",
        "dependencies": {
          "Amazon.CDK.CloudAssembly.Schema": "1.120.0",
          "Amazon.JSII.Runtime": "[1.31.0, 2.0.0)"
        }
      },
      "Amazon.CDK.ECR.Assets": {
        "type": "Transitive",
        "resolved": "1.120.0",
        "contentHash": "MlW3WW4LiYTxUXTlsCIltVmXC+weGEgN5DL5gTzlLjUmj1ZMO97Kk+nLk4jjxYxkn/jr5fvh5flhyIMz1lr25A==",
        "dependencies": {
          "Amazon.CDK": "1.120.0",
          "Amazon.CDK.AWS.ECR": "1.120.0",
          "Amazon.CDK.AWS.IAM": "1.120.0",
          "Amazon.CDK.AWS.S3": "1.120.0",
          "Amazon.CDK.Assets": "1.120.0",
          "Amazon.CDK.CXAPI": "1.120.0",
          "Amazon.JSII.Runtime": "[1.31.0, 2.0.0)",
          "Constructs": "[3.3.69, 4.0.0)"
        }
      },
      "Amazon.CDK.RegionInfo": {
        "type": "Transitive",
        "resolved": "1.120.0",
        "contentHash": "zwkFs1lD7PHxJpW5roctkQTf6YwfsupHIXOMjTN+O39vRUKgJ1sKvaYxHA44OKBfkxlwfTijfgtgIY98Q8reoQ==",
        "dependencies": {
          "Amazon.JSII.Runtime": "[1.31.0, 2.0.0)"
        }
      },
      "Amazon.JSII.Runtime": {
        "type": "Transitive",
        "resolved": "1.31.0",
        "contentHash": "ebV2ZbrzIQzV/1eNTH/GiQVu7EbwNS2N+9dE3NPsMoLPIfedutOMJm+AacqzhKygyjWN04S9AZdgb6rCs7sWRw==",
        "dependencies": {
          "Microsoft.Extensions.DependencyInjection": "5.0.1",
          "Microsoft.Extensions.Logging": "5.0.0",
          "Microsoft.Extensions.Logging.Console": "5.0.0",
          "Newtonsoft.Json": "13.0.1"
        }
      },
      "Constructs": {
        "type": "Transitive",
        "resolved": "3.3.69",
        "contentHash": "bokQf6+jwS1bU4HA+GgtvYunR+iaQnOrqJ/ufXrkT8OdsT51/6MAyah+TUcUbq/jj4XZ6b92gZYN74v+mPsImA==",
        "dependencies": {
          "Amazon.JSII.Runtime": "[1.26.0, 2.0.0)"
        }
      },
      "Microsoft.Extensions.Configuration": {
        "type": "Transitive",
        "resolved": "5.0.0",
        "contentHash": "LN322qEKHjuVEhhXueTUe7RNePooZmS8aGid5aK2woX3NPjSnONFyKUc6+JknOS6ce6h2tCLfKPTBXE3mN/6Ag==",
        "dependencies": {
          "Microsoft.Extensions.Configuration.Abstractions": "5.0.0",
          "Microsoft.Extensions.Primitives": "5.0.0"
        }
      },
      "Microsoft.Extensions.Configuration.Abstractions": {
        "type": "Transitive",
        "resolved": "5.0.0",
        "contentHash": "ETjSBHMp3OAZ4HxGQYpwyGsD8Sw5FegQXphi0rpoGMT74S4+I2mm7XJEswwn59XAaKOzC15oDSOWEE8SzDCd6Q==",
        "dependencies": {
          "Microsoft.Extensions.Primitives": "5.0.0"
        }
      },
      "Microsoft.Extensions.Configuration.Binder": {
        "type": "Transitive",
        "resolved": "5.0.0",
        "contentHash": "Of1Irt1+NzWO+yEYkuDh5TpT4On7LKl98Q9iLqCdOZps6XXEWDj3AKtmyvzJPVXZe4apmkJJIiDL7rR1yC+hjQ==",
        "dependencies": {
          "Microsoft.Extensions.Configuration.Abstractions": "5.0.0"
        }
      },
      "Microsoft.Extensions.DependencyInjection": {
        "type": "Transitive",
        "resolved": "5.0.1",
        "contentHash": "//mDNrYeiJ0eh/awFhDFJQzkRVra/njU5Y4fyK7X29g5HScrzbUkKOKlyTtygthcGFt4zNC8G5CFCjb/oizomA==",
        "dependencies": {
          "Microsoft.Extensions.DependencyInjection.Abstractions": "5.0.0"
        }
      },
      "Microsoft.Extensions.DependencyInjection.Abstractions": {
        "type": "Transitive",
        "resolved": "5.0.0",
        "contentHash": "ORj7Zh81gC69TyvmcUm9tSzytcy8AVousi+IVRAI8nLieQjOFryRusSFh7+aLk16FN9pQNqJAiMd7BTKINK0kA=="
      },
      "Microsoft.Extensions.Logging": {
        "type": "Transitive",
        "resolved": "5.0.0",
        "contentHash": "MgOwK6tPzB6YNH21wssJcw/2MKwee8b2gI7SllYfn6rvTpIrVvVS5HAjSU2vqSku1fwqRvWP0MdIi14qjd93Aw==",
        "dependencies": {
          "Microsoft.Extensions.DependencyInjection": "5.0.0",
          "Microsoft.Extensions.DependencyInjection.Abstractions": "5.0.0",
          "Microsoft.Extensions.Logging.Abstractions": "5.0.0",
          "Microsoft.Extensions.Options": "5.0.0"
        }
      },
      "Microsoft.Extensions.Logging.Abstractions": {
        "type": "Transitive",
        "resolved": "5.0.0",
        "contentHash": "NxP6ahFcBnnSfwNBi2KH2Oz8Xl5Sm2krjId/jRR3I7teFphwiUoUeZPwTNA21EX+5PtjqmyAvKaOeBXcJjcH/w=="
      },
      "Microsoft.Extensions.Logging.Configuration": {
        "type": "Transitive",
        "resolved": "5.0.0",
        "contentHash": "N3/d0HeMRnBekadbZlmbp+In8EvNNkQHSdbtRzjrGVckdZWpYs5GNrAfaYqVplDFW0WUedSaFJ3khB50BWYGsw==",
        "dependencies": {
          "Microsoft.Extensions.Configuration": "5.0.0",
          "Microsoft.Extensions.Configuration.Abstractions": "5.0.0",
          "Microsoft.Extensions.Configuration.Binder": "5.0.0",
          "Microsoft.Extensions.DependencyInjection.Abstractions": "5.0.0",
          "Microsoft.Extensions.Logging": "5.0.0",
          "Microsoft.Extensions.Logging.Abstractions": "5.0.0",
          "Microsoft.Extensions.Options": "5.0.0",
          "Microsoft.Extensions.Options.ConfigurationExtensions": "5.0.0"
        }
      },
      "Microsoft.Extensions.Logging.Console": {
        "type": "Transitive",
        "resolved": "5.0.0",
        "contentHash": "jH0wbWhfvXjOVmCkbra4vbiovDtTUIWLQjCeJ7Xun3h4AHvwfzm7V7wlsXKs3tNnPrsCxZ9oaV0vUAgGY1JxOA==",
        "dependencies": {
          "Microsoft.Extensions.Configuration.Abstractions": "5.0.0",
          "Microsoft.Extensions.DependencyInjection.Abstractions": "5.0.0",
          "Microsoft.Extensions.Logging": "5.0.0",
          "Microsoft.Extensions.Logging.Abstractions": "5.0.0",
          "Microsoft.Extensions.Logging.Configuration": "5.0.0",
          "Microsoft.Extensions.Options": "5.0.0",
          "Microsoft.Extensions.Options.ConfigurationExtensions": "5.0.0"
        }
      },
      "Microsoft.Extensions.Options": {
        "type": "Transitive",
        "resolved": "5.0.0",
        "contentHash": "CBvR92TCJ5uBIdd9/HzDSrxYak+0W/3+yxrNg8Qm6Bmrkh5L+nu6m3WeazQehcZ5q1/6dDA7J5YdQjim0165zg==",
        "dependencies": {
          "Microsoft.Extensions.DependencyInjection.Abstractions": "5.0.0",
          "Microsoft.Extensions.Primitives": "5.0.0"
        }
      },
      "Microsoft.Extensions.Options.ConfigurationExtensions": {
        "type": "Transitive",
        "resolved": "5.0.0",
        "contentHash": "280RxNJqOeQqq47aJLy5D9LN61CAWeuRA83gPToQ8B9jl9SNdQ5EXjlfvF66zQI5AXMl+C/3hGnbtIEN+X3mqA==",
        "dependencies": {
          "Microsoft.Extensions.Configuration.Abstractions": "5.0.0",
          "Microsoft.Extensions.Configuration.Binder": "5.0.0",
          "Microsoft.Extensions.DependencyInjection.Abstractions": "5.0.0",
          "Microsoft.Extensions.Options": "5.0.0",
          "Microsoft.Extensions.Primitives": "5.0.0"
        }
      },
      "Microsoft.Extensions.Primitives": {
        "type": "Transitive",
        "resolved": "5.0.0",
        "contentHash": "cI/VWn9G1fghXrNDagX9nYaaB/nokkZn0HYAawGaELQrl8InSezfe9OnfPZLcJq3esXxygh3hkq2c3qoV3SDyQ=="
      },
      "Newtonsoft.Json": {
        "type": "Transitive",
        "resolved": "13.0.1",
        "contentHash": "ppPFpBcvxdsfUonNcvITKqLl3bqxWbDCZIzDWHzjpdAHRFfZe0Dw9HmA0+za13IdyrgJwpkDTDA9fHaxOrt20A=="
      },
      "alloverit": {
        "type": "Project"
      },
      "alloverit.aws.cdk.appsync": {
        "type": "Project",
        "dependencies": {
          "AllOverIt": "1.16.1",
          "Amazon.CDK.AWS.AppSync": "1.120.0"
        }
      }
    }
  }
}